
Microsoft Visual Studio Solution File, Format Version 12.00
# Visual Studio 15
VisualStudioVersion = 15.0.28307.852
MinimumVisualStudioVersion = 10.0.40219.1
Project("{FAE04EC0-301F-11D3-BF4B-00C04F79EFBC}") = "05-Layouts-StackPanel", "05-Layouts-StackPanel\05-Layouts-StackPanel.csproj", "{84DA8584-15B3-4EEE-8453-500F255ECFED}"
EndProject
Global
	GlobalSection(SolutionConfigurationPlatforms) = preSolution
		Debug|ARM = Debug|ARM
		Debug|ARM64 = Debug|ARM64
		Debug|x64 = Debug|x64
		Debug|x86 = Debug|x86
		Release|ARM = Release|ARM
		Release|ARM64 = Release|ARM64
		Release|x64 = Release|x64
		Release|x86 = Release|x86
	EndGlobalSection
	GlobalSection(ProjectConfigurationPlatforms) = postSolution
		{84DA8584-15B3-4EEE-8453-500F255ECFED}.Debug|ARM.ActiveCfg = Debug|ARM
		{84DA8584-15B3-4EEE-8453-500F255ECFED}.Debug|ARM.Build.0 = Debug|ARM
		{84DA8584-15B3-4EEE-8453-500F255ECFED}.Debug|ARM.Deploy.0 = Debug|ARM
		{84DA8584-15B3-4EEE-8453-500F255ECFED}.Debug|ARM64.ActiveCfg = Debug|ARM64
		{84DA8584-15B3-4EEE-8453-500F255ECFED}.Debug|ARM64.Build.0 = Debug|ARM64
		{84DA8584-15B3-4EEE-8453-500F255ECFED}.Debug|ARM64.Deploy.0 = Debug|ARM64
		{84DA8584-15B3-4EEE-8453-500F255ECFED}.Debug|x64.ActiveCfg = Debug|x64
		{84DA8584-15B3-4EEE-8453-500F255ECFED}.Debug|x64.Build.0 = Debug|x64
		{84DA8584-15B3-4EEE-8453-500F255ECFED}.Debug|x64.Deploy.0 = Debug|x64
		{84DA8584-15B3-4EEE-8453-500F255ECFED}.Debug|x86.ActiveCfg = Debug|x86
		{84DA8584-15B3-4EEE-8453-500F255ECFED}.Debug|x86.Build.0 = Debug|x86
		{84DA8584-15B3-4EEE-8453-500F255ECFED}.Debug|x86.Deploy.0 = Debug|x86
		{84DA8584-15B3-4EEE-8453-500F255ECFED}.Release|ARM.ActiveCfg = Release|ARM
		{84DA8584-15B3-4EEE-8453-500F255ECFED}.Release|ARM.Build.0 = Release|ARM
		{84DA8584-15B3-4EEE-8453-500F255ECFED}.Release|ARM.Deploy.0 = Release|ARM
		{84DA8584-15B3-4EEE-8453-500F255ECFED}.Release|ARM64.ActiveCfg = Release|ARM64
		{84DA8584-15B3-4EEE-8453-500F255ECFED}.Release|ARM64.Build.0 = Release|ARM64
		{84DA8584-15B3-4EEE-8453-500F255ECFED}.Release|ARM64.Deploy.0 = Release|ARM64
		{84DA8584-15B3-4EEE-8453-500F255ECFED}.Release|x64.ActiveCfg = Release|x64
		{84DA8584-15B3-4EEE-8453-500F255ECFED}.Release|x64.Build.0 = Release|x64
		{84DA8584-15B3-4EEE-8453-500F255ECFED}.Release|x64.Deploy.0 = Release|x64
		{84DA8584-15B3-4EEE-8453-500F255ECFED}.Release|x86.ActiveCfg = Release|x86
		{84DA8584-15B3-4EEE-8453-500F255ECFED}.Release|x86.Build.0 = Release|x86
		{84DA8584-15B3-4EEE-8453-500F255ECFED}.Release|x86.Deploy.0 = Release|x86
	EndGlobalSection
	GlobalSection(SolutionProperties) = preSolution
		HideSolutionNode = FALSE
	EndGlobalSection
	GlobalSection(ExtensibilityGlobals) = postSolution
		SolutionGuid = {68D0DD81-128F-4370-8644-9863B106E435}
	EndGlobalSection
EndGlobal
