
Microsoft Visual Studio Solution File, Format Version 12.00
# Visual Studio 15
VisualStudioVersion = 15.0.28307.960
MinimumVisualStudioVersion = 10.0.40219.1
Project("{FAE04EC0-301F-11D3-BF4B-00C04F79EFBC}") = "Examen2EvalUWP_UI", "Examen2EvalUWP_UI\Examen2EvalUWP_UI.csproj", "{62CE5417-E433-4ED5-B9E5-F33FE6A9E0F8}"
EndProject
Project("{FAE04EC0-301F-11D3-BF4B-00C04F79EFBC}") = "Examen2EvalUWP_Entities", "Examen2EvalUWP_Entities\Examen2EvalUWP_Entities.csproj", "{AAB6B67E-7A39-4DA1-A573-2B74EA0B7941}"
EndProject
Project("{FAE04EC0-301F-11D3-BF4B-00C04F79EFBC}") = "Examen2EvalUWP_DAL", "Examen2EvalUWP_DAL\Examen2EvalUWP_DAL.csproj", "{F75B7352-6AC7-4F6A-93DE-76A7CB9401C7}"
EndProject
Project("{FAE04EC0-301F-11D3-BF4B-00C04F79EFBC}") = "Examen2EvalUWP_BL", "Examen2EvalUWP_BL\Examen2EvalUWP_BL.csproj", "{1668BC07-E3AA-41B1-8A9B-47AF62558959}"
EndProject
Global
	GlobalSection(SolutionConfigurationPlatforms) = preSolution
		Debug|Any CPU = Debug|Any CPU
		Debug|ARM = Debug|ARM
		Debug|ARM64 = Debug|ARM64
		Debug|x64 = Debug|x64
		Debug|x86 = Debug|x86
		Release|Any CPU = Release|Any CPU
		Release|ARM = Release|ARM
		Release|ARM64 = Release|ARM64
		Release|x64 = Release|x64
		Release|x86 = Release|x86
	EndGlobalSection
	GlobalSection(ProjectConfigurationPlatforms) = postSolution
		{62CE5417-E433-4ED5-B9E5-F33FE6A9E0F8}.Debug|Any CPU.ActiveCfg = Debug|x86
		{62CE5417-E433-4ED5-B9E5-F33FE6A9E0F8}.Debug|ARM.ActiveCfg = Debug|ARM
		{62CE5417-E433-4ED5-B9E5-F33FE6A9E0F8}.Debug|ARM.Build.0 = Debug|ARM
		{62CE5417-E433-4ED5-B9E5-F33FE6A9E0F8}.Debug|ARM.Deploy.0 = Debug|ARM
		{62CE5417-E433-4ED5-B9E5-F33FE6A9E0F8}.Debug|ARM64.ActiveCfg = Debug|ARM64
		{62CE5417-E433-4ED5-B9E5-F33FE6A9E0F8}.Debug|ARM64.Build.0 = Debug|ARM64
		{62CE5417-E433-4ED5-B9E5-F33FE6A9E0F8}.Debug|ARM64.Deploy.0 = Debug|ARM64
		{62CE5417-E433-4ED5-B9E5-F33FE6A9E0F8}.Debug|x64.ActiveCfg = Debug|x64
		{62CE5417-E433-4ED5-B9E5-F33FE6A9E0F8}.Debug|x64.Build.0 = Debug|x64
		{62CE5417-E433-4ED5-B9E5-F33FE6A9E0F8}.Debug|x64.Deploy.0 = Debug|x64
		{62CE5417-E433-4ED5-B9E5-F33FE6A9E0F8}.Debug|x86.ActiveCfg = Debug|x86
		{62CE5417-E433-4ED5-B9E5-F33FE6A9E0F8}.Debug|x86.Build.0 = Debug|x86
		{62CE5417-E433-4ED5-B9E5-F33FE6A9E0F8}.Debug|x86.Deploy.0 = Debug|x86
		{62CE5417-E433-4ED5-B9E5-F33FE6A9E0F8}.Release|Any CPU.ActiveCfg = Release|x86
		{62CE5417-E433-4ED5-B9E5-F33FE6A9E0F8}.Release|ARM.ActiveCfg = Release|ARM
		{62CE5417-E433-4ED5-B9E5-F33FE6A9E0F8}.Release|ARM.Build.0 = Release|ARM
		{62CE5417-E433-4ED5-B9E5-F33FE6A9E0F8}.Release|ARM.Deploy.0 = Release|ARM
		{62CE5417-E433-4ED5-B9E5-F33FE6A9E0F8}.Release|ARM64.ActiveCfg = Release|ARM64
		{62CE5417-E433-4ED5-B9E5-F33FE6A9E0F8}.Release|ARM64.Build.0 = Release|ARM64
		{62CE5417-E433-4ED5-B9E5-F33FE6A9E0F8}.Release|ARM64.Deploy.0 = Release|ARM64
		{62CE5417-E433-4ED5-B9E5-F33FE6A9E0F8}.Release|x64.ActiveCfg = Release|x64
		{62CE5417-E433-4ED5-B9E5-F33FE6A9E0F8}.Release|x64.Build.0 = Release|x64
		{62CE5417-E433-4ED5-B9E5-F33FE6A9E0F8}.Release|x64.Deploy.0 = Release|x64
		{62CE5417-E433-4ED5-B9E5-F33FE6A9E0F8}.Release|x86.ActiveCfg = Release|x86
		{62CE5417-E433-4ED5-B9E5-F33FE6A9E0F8}.Release|x86.Build.0 = Release|x86
		{62CE5417-E433-4ED5-B9E5-F33FE6A9E0F8}.Release|x86.Deploy.0 = Release|x86
		{AAB6B67E-7A39-4DA1-A573-2B74EA0B7941}.Debug|Any CPU.ActiveCfg = Debug|Any CPU
		{AAB6B67E-7A39-4DA1-A573-2B74EA0B7941}.Debug|Any CPU.Build.0 = Debug|Any CPU
		{AAB6B67E-7A39-4DA1-A573-2B74EA0B7941}.Debug|ARM.ActiveCfg = Debug|ARM
		{AAB6B67E-7A39-4DA1-A573-2B74EA0B7941}.Debug|ARM.Build.0 = Debug|ARM
		{AAB6B67E-7A39-4DA1-A573-2B74EA0B7941}.Debug|ARM64.ActiveCfg = Debug|ARM64
		{AAB6B67E-7A39-4DA1-A573-2B74EA0B7941}.Debug|ARM64.Build.0 = Debug|ARM64
		{AAB6B67E-7A39-4DA1-A573-2B74EA0B7941}.Debug|x64.ActiveCfg = Debug|x64
		{AAB6B67E-7A39-4DA1-A573-2B74EA0B7941}.Debug|x64.Build.0 = Debug|x64
		{AAB6B67E-7A39-4DA1-A573-2B74EA0B7941}.Debug|x86.ActiveCfg = Debug|x86
		{AAB6B67E-7A39-4DA1-A573-2B74EA0B7941}.Debug|x86.Build.0 = Debug|x86
		{AAB6B67E-7A39-4DA1-A573-2B74EA0B7941}.Release|Any CPU.ActiveCfg = Release|Any CPU
		{AAB6B67E-7A39-4DA1-A573-2B74EA0B7941}.Release|Any CPU.Build.0 = Release|Any CPU
		{AAB6B67E-7A39-4DA1-A573-2B74EA0B7941}.Release|ARM.ActiveCfg = Release|ARM
		{AAB6B67E-7A39-4DA1-A573-2B74EA0B7941}.Release|ARM.Build.0 = Release|ARM
		{AAB6B67E-7A39-4DA1-A573-2B74EA0B7941}.Release|ARM64.ActiveCfg = Release|ARM64
		{AAB6B67E-7A39-4DA1-A573-2B74EA0B7941}.Release|ARM64.Build.0 = Release|ARM64
		{AAB6B67E-7A39-4DA1-A573-2B74EA0B7941}.Release|x64.ActiveCfg = Release|x64
		{AAB6B67E-7A39-4DA1-A573-2B74EA0B7941}.Release|x64.Build.0 = Release|x64
		{AAB6B67E-7A39-4DA1-A573-2B74EA0B7941}.Release|x86.ActiveCfg = Release|x86
		{AAB6B67E-7A39-4DA1-A573-2B74EA0B7941}.Release|x86.Build.0 = Release|x86
		{F75B7352-6AC7-4F6A-93DE-76A7CB9401C7}.Debug|Any CPU.ActiveCfg = Debug|Any CPU
		{F75B7352-6AC7-4F6A-93DE-76A7CB9401C7}.Debug|Any CPU.Build.0 = Debug|Any CPU
		{F75B7352-6AC7-4F6A-93DE-76A7CB9401C7}.Debug|ARM.ActiveCfg = Debug|ARM
		{F75B7352-6AC7-4F6A-93DE-76A7CB9401C7}.Debug|ARM.Build.0 = Debug|ARM
		{F75B7352-6AC7-4F6A-93DE-76A7CB9401C7}.Debug|ARM64.ActiveCfg = Debug|ARM64
		{F75B7352-6AC7-4F6A-93DE-76A7CB9401C7}.Debug|ARM64.Build.0 = Debug|ARM64
		{F75B7352-6AC7-4F6A-93DE-76A7CB9401C7}.Debug|x64.ActiveCfg = Debug|x64
		{F75B7352-6AC7-4F6A-93DE-76A7CB9401C7}.Debug|x64.Build.0 = Debug|x64
		{F75B7352-6AC7-4F6A-93DE-76A7CB9401C7}.Debug|x86.ActiveCfg = Debug|x86
		{F75B7352-6AC7-4F6A-93DE-76A7CB9401C7}.Debug|x86.Build.0 = Debug|x86
		{F75B7352-6AC7-4F6A-93DE-76A7CB9401C7}.Release|Any CPU.ActiveCfg = Release|Any CPU
		{F75B7352-6AC7-4F6A-93DE-76A7CB9401C7}.Release|Any CPU.Build.0 = Release|Any CPU
		{F75B7352-6AC7-4F6A-93DE-76A7CB9401C7}.Release|ARM.ActiveCfg = Release|ARM
		{F75B7352-6AC7-4F6A-93DE-76A7CB9401C7}.Release|ARM.Build.0 = Release|ARM
		{F75B7352-6AC7-4F6A-93DE-76A7CB9401C7}.Release|ARM64.ActiveCfg = Release|ARM64
		{F75B7352-6AC7-4F6A-93DE-76A7CB9401C7}.Release|ARM64.Build.0 = Release|ARM64
		{F75B7352-6AC7-4F6A-93DE-76A7CB9401C7}.Release|x64.ActiveCfg = Release|x64
		{F75B7352-6AC7-4F6A-93DE-76A7CB9401C7}.Release|x64.Build.0 = Release|x64
		{F75B7352-6AC7-4F6A-93DE-76A7CB9401C7}.Release|x86.ActiveCfg = Release|x86
		{F75B7352-6AC7-4F6A-93DE-76A7CB9401C7}.Release|x86.Build.0 = Release|x86
		{1668BC07-E3AA-41B1-8A9B-47AF62558959}.Debug|Any CPU.ActiveCfg = Debug|Any CPU
		{1668BC07-E3AA-41B1-8A9B-47AF62558959}.Debug|Any CPU.Build.0 = Debug|Any CPU
		{1668BC07-E3AA-41B1-8A9B-47AF62558959}.Debug|ARM.ActiveCfg = Debug|ARM
		{1668BC07-E3AA-41B1-8A9B-47AF62558959}.Debug|ARM.Build.0 = Debug|ARM
		{1668BC07-E3AA-41B1-8A9B-47AF62558959}.Debug|ARM64.ActiveCfg = Debug|ARM64
		{1668BC07-E3AA-41B1-8A9B-47AF62558959}.Debug|ARM64.Build.0 = Debug|ARM64
		{1668BC07-E3AA-41B1-8A9B-47AF62558959}.Debug|x64.ActiveCfg = Debug|x64
		{1668BC07-E3AA-41B1-8A9B-47AF62558959}.Debug|x64.Build.0 = Debug|x64
		{1668BC07-E3AA-41B1-8A9B-47AF62558959}.Debug|x86.ActiveCfg = Debug|x86
		{1668BC07-E3AA-41B1-8A9B-47AF62558959}.Debug|x86.Build.0 = Debug|x86
		{1668BC07-E3AA-41B1-8A9B-47AF62558959}.Release|Any CPU.ActiveCfg = Release|Any CPU
		{1668BC07-E3AA-41B1-8A9B-47AF62558959}.Release|Any CPU.Build.0 = Release|Any CPU
		{1668BC07-E3AA-41B1-8A9B-47AF62558959}.Release|ARM.ActiveCfg = Release|ARM
		{1668BC07-E3AA-41B1-8A9B-47AF62558959}.Release|ARM.Build.0 = Release|ARM
		{1668BC07-E3AA-41B1-8A9B-47AF62558959}.Release|ARM64.ActiveCfg = Release|ARM64
		{1668BC07-E3AA-41B1-8A9B-47AF62558959}.Release|ARM64.Build.0 = Release|ARM64
		{1668BC07-E3AA-41B1-8A9B-47AF62558959}.Release|x64.ActiveCfg = Release|x64
		{1668BC07-E3AA-41B1-8A9B-47AF62558959}.Release|x64.Build.0 = Release|x64
		{1668BC07-E3AA-41B1-8A9B-47AF62558959}.Release|x86.ActiveCfg = Release|x86
		{1668BC07-E3AA-41B1-8A9B-47AF62558959}.Release|x86.Build.0 = Release|x86
	EndGlobalSection
	GlobalSection(SolutionProperties) = preSolution
		HideSolutionNode = FALSE
	EndGlobalSection
	GlobalSection(ExtensibilityGlobals) = postSolution
		SolutionGuid = {2075E317-CAB2-4B54-936C-112D69947D30}
	EndGlobalSection
EndGlobal
