
Microsoft Visual Studio Solution File, Format Version 12.00
# Visual Studio 15
VisualStudioVersion = 15.0.28307.1000
MinimumVisualStudioVersion = 10.0.40219.1
Project("{FAE04EC0-301F-11D3-BF4B-00C04F79EFBC}") = "22_CRUD_Xamarin_UI.Android", "22_CRUD_Xamarin_UI\22_CRUD_Xamarin_UI.Android\22_CRUD_Xamarin_UI.Android.csproj", "{EC636879-E23D-4109-AD77-6E22DFBB37EB}"
EndProject
Project("{FAE04EC0-301F-11D3-BF4B-00C04F79EFBC}") = "22_CRUD_Xamarin_UI.iOS", "22_CRUD_Xamarin_UI\22_CRUD_Xamarin_UI.iOS\22_CRUD_Xamarin_UI.iOS.csproj", "{8162BB39-BF69-4BDF-9C3D-FC274C80CF58}"
EndProject
Project("{FAE04EC0-301F-11D3-BF4B-00C04F79EFBC}") = "22_CRUD_Xamarin_UI.UWP", "22_CRUD_Xamarin_UI\22_CRUD_Xamarin_UI.UWP\22_CRUD_Xamarin_UI.UWP.csproj", "{DCED82BD-71E1-4D96-8713-C261DE18888B}"
EndProject
Project("{FAE04EC0-301F-11D3-BF4B-00C04F79EFBC}") = "22_CRUD_Xamarin_UI", "22_CRUD_Xamarin_UI\22_CRUD_Xamarin_UI\22_CRUD_Xamarin_UI.csproj", "{AC55CD23-17CE-4098-8A0C-89A9C8B18665}"
EndProject
Project("{FAE04EC0-301F-11D3-BF4B-00C04F79EFBC}") = "22_CRUD_Xamarin_DAL", "22_CRUD_Xamarin_DAL\22_CRUD_Xamarin_DAL.csproj", "{7E15475D-BBB4-4D79-92C4-F879C2FF7F54}"
EndProject
Project("{FAE04EC0-301F-11D3-BF4B-00C04F79EFBC}") = "22_CRUD_Xamarin_Entitites", "22_CRUD_Xamarin_Entitites\22_CRUD_Xamarin_Entitites.csproj", "{099C40D1-5C71-4FC0-901C-51D446961F0D}"
EndProject
Project("{FAE04EC0-301F-11D3-BF4B-00C04F79EFBC}") = "22_CRUD_Xamarin_BL", "22_CRUD_Xamarin_BL\22_CRUD_Xamarin_BL.csproj", "{B3CD9F73-AC17-4691-A820-444BA228E467}"
EndProject
Global
	GlobalSection(SolutionConfigurationPlatforms) = preSolution
		Ad-Hoc|Any CPU = Ad-Hoc|Any CPU
		Ad-Hoc|ARM = Ad-Hoc|ARM
		Ad-Hoc|iPhone = Ad-Hoc|iPhone
		Ad-Hoc|iPhoneSimulator = Ad-Hoc|iPhoneSimulator
		Ad-Hoc|x64 = Ad-Hoc|x64
		Ad-Hoc|x86 = Ad-Hoc|x86
		AppStore|Any CPU = AppStore|Any CPU
		AppStore|ARM = AppStore|ARM
		AppStore|iPhone = AppStore|iPhone
		AppStore|iPhoneSimulator = AppStore|iPhoneSimulator
		AppStore|x64 = AppStore|x64
		AppStore|x86 = AppStore|x86
		Debug|Any CPU = Debug|Any CPU
		Debug|ARM = Debug|ARM
		Debug|iPhone = Debug|iPhone
		Debug|iPhoneSimulator = Debug|iPhoneSimulator
		Debug|x64 = Debug|x64
		Debug|x86 = Debug|x86
		Release|Any CPU = Release|Any CPU
		Release|ARM = Release|ARM
		Release|iPhone = Release|iPhone
		Release|iPhoneSimulator = Release|iPhoneSimulator
		Release|x64 = Release|x64
		Release|x86 = Release|x86
	EndGlobalSection
	GlobalSection(ProjectConfigurationPlatforms) = postSolution
		{EC636879-E23D-4109-AD77-6E22DFBB37EB}.Ad-Hoc|Any CPU.ActiveCfg = Release|Any CPU
		{EC636879-E23D-4109-AD77-6E22DFBB37EB}.Ad-Hoc|Any CPU.Build.0 = Release|Any CPU
		{EC636879-E23D-4109-AD77-6E22DFBB37EB}.Ad-Hoc|Any CPU.Deploy.0 = Release|Any CPU
		{EC636879-E23D-4109-AD77-6E22DFBB37EB}.Ad-Hoc|ARM.ActiveCfg = Release|Any CPU
		{EC636879-E23D-4109-AD77-6E22DFBB37EB}.Ad-Hoc|ARM.Build.0 = Release|Any CPU
		{EC636879-E23D-4109-AD77-6E22DFBB37EB}.Ad-Hoc|ARM.Deploy.0 = Release|Any CPU
		{EC636879-E23D-4109-AD77-6E22DFBB37EB}.Ad-Hoc|iPhone.ActiveCfg = Release|Any CPU
		{EC636879-E23D-4109-AD77-6E22DFBB37EB}.Ad-Hoc|iPhone.Build.0 = Release|Any CPU
		{EC636879-E23D-4109-AD77-6E22DFBB37EB}.Ad-Hoc|iPhone.Deploy.0 = Release|Any CPU
		{EC636879-E23D-4109-AD77-6E22DFBB37EB}.Ad-Hoc|iPhoneSimulator.ActiveCfg = Release|Any CPU
		{EC636879-E23D-4109-AD77-6E22DFBB37EB}.Ad-Hoc|iPhoneSimulator.Build.0 = Release|Any CPU
		{EC636879-E23D-4109-AD77-6E22DFBB37EB}.Ad-Hoc|iPhoneSimulator.Deploy.0 = Release|Any CPU
		{EC636879-E23D-4109-AD77-6E22DFBB37EB}.Ad-Hoc|x64.ActiveCfg = Release|Any CPU
		{EC636879-E23D-4109-AD77-6E22DFBB37EB}.Ad-Hoc|x64.Build.0 = Release|Any CPU
		{EC636879-E23D-4109-AD77-6E22DFBB37EB}.Ad-Hoc|x64.Deploy.0 = Release|Any CPU
		{EC636879-E23D-4109-AD77-6E22DFBB37EB}.Ad-Hoc|x86.ActiveCfg = Release|Any CPU
		{EC636879-E23D-4109-AD77-6E22DFBB37EB}.Ad-Hoc|x86.Build.0 = Release|Any CPU
		{EC636879-E23D-4109-AD77-6E22DFBB37EB}.Ad-Hoc|x86.Deploy.0 = Release|Any CPU
		{EC636879-E23D-4109-AD77-6E22DFBB37EB}.AppStore|Any CPU.ActiveCfg = Release|Any CPU
		{EC636879-E23D-4109-AD77-6E22DFBB37EB}.AppStore|Any CPU.Build.0 = Release|Any CPU
		{EC636879-E23D-4109-AD77-6E22DFBB37EB}.AppStore|Any CPU.Deploy.0 = Release|Any CPU
		{EC636879-E23D-4109-AD77-6E22DFBB37EB}.AppStore|ARM.ActiveCfg = Release|Any CPU
		{EC636879-E23D-4109-AD77-6E22DFBB37EB}.AppStore|ARM.Build.0 = Release|Any CPU
		{EC636879-E23D-4109-AD77-6E22DFBB37EB}.AppStore|ARM.Deploy.0 = Release|Any CPU
		{EC636879-E23D-4109-AD77-6E22DFBB37EB}.AppStore|iPhone.ActiveCfg = Release|Any CPU
		{EC636879-E23D-4109-AD77-6E22DFBB37EB}.AppStore|iPhone.Build.0 = Release|Any CPU
		{EC636879-E23D-4109-AD77-6E22DFBB37EB}.AppStore|iPhone.Deploy.0 = Release|Any CPU
		{EC636879-E23D-4109-AD77-6E22DFBB37EB}.AppStore|iPhoneSimulator.ActiveCfg = Release|Any CPU
		{EC636879-E23D-4109-AD77-6E22DFBB37EB}.AppStore|iPhoneSimulator.Build.0 = Release|Any CPU
		{EC636879-E23D-4109-AD77-6E22DFBB37EB}.AppStore|iPhoneSimulator.Deploy.0 = Release|Any CPU
		{EC636879-E23D-4109-AD77-6E22DFBB37EB}.AppStore|x64.ActiveCfg = Release|Any CPU
		{EC636879-E23D-4109-AD77-6E22DFBB37EB}.AppStore|x64.Build.0 = Release|Any CPU
		{EC636879-E23D-4109-AD77-6E22DFBB37EB}.AppStore|x64.Deploy.0 = Release|Any CPU
		{EC636879-E23D-4109-AD77-6E22DFBB37EB}.AppStore|x86.ActiveCfg = Release|Any CPU
		{EC636879-E23D-4109-AD77-6E22DFBB37EB}.AppStore|x86.Build.0 = Release|Any CPU
		{EC636879-E23D-4109-AD77-6E22DFBB37EB}.AppStore|x86.Deploy.0 = Release|Any CPU
		{EC636879-E23D-4109-AD77-6E22DFBB37EB}.Debug|Any CPU.ActiveCfg = Debug|Any CPU
		{EC636879-E23D-4109-AD77-6E22DFBB37EB}.Debug|Any CPU.Build.0 = Debug|Any CPU
		{EC636879-E23D-4109-AD77-6E22DFBB37EB}.Debug|Any CPU.Deploy.0 = Debug|Any CPU
		{EC636879-E23D-4109-AD77-6E22DFBB37EB}.Debug|ARM.ActiveCfg = Debug|Any CPU
		{EC636879-E23D-4109-AD77-6E22DFBB37EB}.Debug|ARM.Build.0 = Debug|Any CPU
		{EC636879-E23D-4109-AD77-6E22DFBB37EB}.Debug|ARM.Deploy.0 = Debug|Any CPU
		{EC636879-E23D-4109-AD77-6E22DFBB37EB}.Debug|iPhone.ActiveCfg = Debug|Any CPU
		{EC636879-E23D-4109-AD77-6E22DFBB37EB}.Debug|iPhone.Build.0 = Debug|Any CPU
		{EC636879-E23D-4109-AD77-6E22DFBB37EB}.Debug|iPhone.Deploy.0 = Debug|Any CPU
		{EC636879-E23D-4109-AD77-6E22DFBB37EB}.Debug|iPhoneSimulator.ActiveCfg = Debug|Any CPU
		{EC636879-E23D-4109-AD77-6E22DFBB37EB}.Debug|iPhoneSimulator.Build.0 = Debug|Any CPU
		{EC636879-E23D-4109-AD77-6E22DFBB37EB}.Debug|iPhoneSimulator.Deploy.0 = Debug|Any CPU
		{EC636879-E23D-4109-AD77-6E22DFBB37EB}.Debug|x64.ActiveCfg = Debug|Any CPU
		{EC636879-E23D-4109-AD77-6E22DFBB37EB}.Debug|x64.Build.0 = Debug|Any CPU
		{EC636879-E23D-4109-AD77-6E22DFBB37EB}.Debug|x64.Deploy.0 = Debug|Any CPU
		{EC636879-E23D-4109-AD77-6E22DFBB37EB}.Debug|x86.ActiveCfg = Debug|Any CPU
		{EC636879-E23D-4109-AD77-6E22DFBB37EB}.Debug|x86.Build.0 = Debug|Any CPU
		{EC636879-E23D-4109-AD77-6E22DFBB37EB}.Debug|x86.Deploy.0 = Debug|Any CPU
		{EC636879-E23D-4109-AD77-6E22DFBB37EB}.Release|Any CPU.ActiveCfg = Release|Any CPU
		{EC636879-E23D-4109-AD77-6E22DFBB37EB}.Release|Any CPU.Build.0 = Release|Any CPU
		{EC636879-E23D-4109-AD77-6E22DFBB37EB}.Release|Any CPU.Deploy.0 = Release|Any CPU
		{EC636879-E23D-4109-AD77-6E22DFBB37EB}.Release|ARM.ActiveCfg = Release|Any CPU
		{EC636879-E23D-4109-AD77-6E22DFBB37EB}.Release|ARM.Build.0 = Release|Any CPU
		{EC636879-E23D-4109-AD77-6E22DFBB37EB}.Release|ARM.Deploy.0 = Release|Any CPU
		{EC636879-E23D-4109-AD77-6E22DFBB37EB}.Release|iPhone.ActiveCfg = Release|Any CPU
		{EC636879-E23D-4109-AD77-6E22DFBB37EB}.Release|iPhone.Build.0 = Release|Any CPU
		{EC636879-E23D-4109-AD77-6E22DFBB37EB}.Release|iPhone.Deploy.0 = Release|Any CPU
		{EC636879-E23D-4109-AD77-6E22DFBB37EB}.Release|iPhoneSimulator.ActiveCfg = Release|Any CPU
		{EC636879-E23D-4109-AD77-6E22DFBB37EB}.Release|iPhoneSimulator.Build.0 = Release|Any CPU
		{EC636879-E23D-4109-AD77-6E22DFBB37EB}.Release|iPhoneSimulator.Deploy.0 = Release|Any CPU
		{EC636879-E23D-4109-AD77-6E22DFBB37EB}.Release|x64.ActiveCfg = Release|Any CPU
		{EC636879-E23D-4109-AD77-6E22DFBB37EB}.Release|x64.Build.0 = Release|Any CPU
		{EC636879-E23D-4109-AD77-6E22DFBB37EB}.Release|x64.Deploy.0 = Release|Any CPU
		{EC636879-E23D-4109-AD77-6E22DFBB37EB}.Release|x86.ActiveCfg = Release|Any CPU
		{EC636879-E23D-4109-AD77-6E22DFBB37EB}.Release|x86.Build.0 = Release|Any CPU
		{EC636879-E23D-4109-AD77-6E22DFBB37EB}.Release|x86.Deploy.0 = Release|Any CPU
		{8162BB39-BF69-4BDF-9C3D-FC274C80CF58}.Ad-Hoc|Any CPU.ActiveCfg = Ad-Hoc|iPhone
		{8162BB39-BF69-4BDF-9C3D-FC274C80CF58}.Ad-Hoc|Any CPU.Build.0 = Ad-Hoc|iPhone
		{8162BB39-BF69-4BDF-9C3D-FC274C80CF58}.Ad-Hoc|Any CPU.Deploy.0 = Ad-Hoc|iPhone
		{8162BB39-BF69-4BDF-9C3D-FC274C80CF58}.Ad-Hoc|ARM.ActiveCfg = Ad-Hoc|iPhone
		{8162BB39-BF69-4BDF-9C3D-FC274C80CF58}.Ad-Hoc|ARM.Build.0 = Ad-Hoc|iPhone
		{8162BB39-BF69-4BDF-9C3D-FC274C80CF58}.Ad-Hoc|ARM.Deploy.0 = Ad-Hoc|iPhone
		{8162BB39-BF69-4BDF-9C3D-FC274C80CF58}.Ad-Hoc|iPhone.ActiveCfg = Ad-Hoc|iPhone
		{8162BB39-BF69-4BDF-9C3D-FC274C80CF58}.Ad-Hoc|iPhone.Build.0 = Ad-Hoc|iPhone
		{8162BB39-BF69-4BDF-9C3D-FC274C80CF58}.Ad-Hoc|iPhone.Deploy.0 = Ad-Hoc|iPhone
		{8162BB39-BF69-4BDF-9C3D-FC274C80CF58}.Ad-Hoc|iPhoneSimulator.ActiveCfg = Ad-Hoc|iPhoneSimulator
		{8162BB39-BF69-4BDF-9C3D-FC274C80CF58}.Ad-Hoc|iPhoneSimulator.Build.0 = Ad-Hoc|iPhoneSimulator
		{8162BB39-BF69-4BDF-9C3D-FC274C80CF58}.Ad-Hoc|iPhoneSimulator.Deploy.0 = Ad-Hoc|iPhoneSimulator
		{8162BB39-BF69-4BDF-9C3D-FC274C80CF58}.Ad-Hoc|x64.ActiveCfg = Ad-Hoc|iPhone
		{8162BB39-BF69-4BDF-9C3D-FC274C80CF58}.Ad-Hoc|x64.Build.0 = Ad-Hoc|iPhone
		{8162BB39-BF69-4BDF-9C3D-FC274C80CF58}.Ad-Hoc|x64.Deploy.0 = Ad-Hoc|iPhone
		{8162BB39-BF69-4BDF-9C3D-FC274C80CF58}.Ad-Hoc|x86.ActiveCfg = Ad-Hoc|iPhone
		{8162BB39-BF69-4BDF-9C3D-FC274C80CF58}.Ad-Hoc|x86.Build.0 = Ad-Hoc|iPhone
		{8162BB39-BF69-4BDF-9C3D-FC274C80CF58}.Ad-Hoc|x86.Deploy.0 = Ad-Hoc|iPhone
		{8162BB39-BF69-4BDF-9C3D-FC274C80CF58}.AppStore|Any CPU.ActiveCfg = AppStore|iPhone
		{8162BB39-BF69-4BDF-9C3D-FC274C80CF58}.AppStore|Any CPU.Build.0 = AppStore|iPhone
		{8162BB39-BF69-4BDF-9C3D-FC274C80CF58}.AppStore|Any CPU.Deploy.0 = AppStore|iPhone
		{8162BB39-BF69-4BDF-9C3D-FC274C80CF58}.AppStore|ARM.ActiveCfg = AppStore|iPhone
		{8162BB39-BF69-4BDF-9C3D-FC274C80CF58}.AppStore|ARM.Build.0 = AppStore|iPhone
		{8162BB39-BF69-4BDF-9C3D-FC274C80CF58}.AppStore|ARM.Deploy.0 = AppStore|iPhone
		{8162BB39-BF69-4BDF-9C3D-FC274C80CF58}.AppStore|iPhone.ActiveCfg = AppStore|iPhone
		{8162BB39-BF69-4BDF-9C3D-FC274C80CF58}.AppStore|iPhone.Build.0 = AppStore|iPhone
		{8162BB39-BF69-4BDF-9C3D-FC274C80CF58}.AppStore|iPhone.Deploy.0 = AppStore|iPhone
		{8162BB39-BF69-4BDF-9C3D-FC274C80CF58}.AppStore|iPhoneSimulator.ActiveCfg = AppStore|iPhoneSimulator
		{8162BB39-BF69-4BDF-9C3D-FC274C80CF58}.AppStore|iPhoneSimulator.Build.0 = AppStore|iPhoneSimulator
		{8162BB39-BF69-4BDF-9C3D-FC274C80CF58}.AppStore|iPhoneSimulator.Deploy.0 = AppStore|iPhoneSimulator
		{8162BB39-BF69-4BDF-9C3D-FC274C80CF58}.AppStore|x64.ActiveCfg = AppStore|iPhone
		{8162BB39-BF69-4BDF-9C3D-FC274C80CF58}.AppStore|x64.Build.0 = AppStore|iPhone
		{8162BB39-BF69-4BDF-9C3D-FC274C80CF58}.AppStore|x64.Deploy.0 = AppStore|iPhone
		{8162BB39-BF69-4BDF-9C3D-FC274C80CF58}.AppStore|x86.ActiveCfg = AppStore|iPhone
		{8162BB39-BF69-4BDF-9C3D-FC274C80CF58}.AppStore|x86.Build.0 = AppStore|iPhone
		{8162BB39-BF69-4BDF-9C3D-FC274C80CF58}.AppStore|x86.Deploy.0 = AppStore|iPhone
		{8162BB39-BF69-4BDF-9C3D-FC274C80CF58}.Debug|Any CPU.ActiveCfg = Debug|iPhoneSimulator
		{8162BB39-BF69-4BDF-9C3D-FC274C80CF58}.Debug|Any CPU.Build.0 = Debug|iPhoneSimulator
		{8162BB39-BF69-4BDF-9C3D-FC274C80CF58}.Debug|Any CPU.Deploy.0 = Debug|iPhoneSimulator
		{8162BB39-BF69-4BDF-9C3D-FC274C80CF58}.Debug|ARM.ActiveCfg = Debug|iPhone
		{8162BB39-BF69-4BDF-9C3D-FC274C80CF58}.Debug|ARM.Build.0 = Debug|iPhone
		{8162BB39-BF69-4BDF-9C3D-FC274C80CF58}.Debug|ARM.Deploy.0 = Debug|iPhone
		{8162BB39-BF69-4BDF-9C3D-FC274C80CF58}.Debug|iPhone.ActiveCfg = Debug|iPhone
		{8162BB39-BF69-4BDF-9C3D-FC274C80CF58}.Debug|iPhone.Build.0 = Debug|iPhone
		{8162BB39-BF69-4BDF-9C3D-FC274C80CF58}.Debug|iPhone.Deploy.0 = Debug|iPhone
		{8162BB39-BF69-4BDF-9C3D-FC274C80CF58}.Debug|iPhoneSimulator.ActiveCfg = Debug|iPhoneSimulator
		{8162BB39-BF69-4BDF-9C3D-FC274C80CF58}.Debug|iPhoneSimulator.Build.0 = Debug|iPhoneSimulator
		{8162BB39-BF69-4BDF-9C3D-FC274C80CF58}.Debug|iPhoneSimulator.Deploy.0 = Debug|iPhoneSimulator
		{8162BB39-BF69-4BDF-9C3D-FC274C80CF58}.Debug|x64.ActiveCfg = Debug|iPhone
		{8162BB39-BF69-4BDF-9C3D-FC274C80CF58}.Debug|x64.Build.0 = Debug|iPhone
		{8162BB39-BF69-4BDF-9C3D-FC274C80CF58}.Debug|x64.Deploy.0 = Debug|iPhone
		{8162BB39-BF69-4BDF-9C3D-FC274C80CF58}.Debug|x86.ActiveCfg = Debug|iPhone
		{8162BB39-BF69-4BDF-9C3D-FC274C80CF58}.Debug|x86.Build.0 = Debug|iPhone
		{8162BB39-BF69-4BDF-9C3D-FC274C80CF58}.Debug|x86.Deploy.0 = Debug|iPhone
		{8162BB39-BF69-4BDF-9C3D-FC274C80CF58}.Release|Any CPU.ActiveCfg = Release|iPhone
		{8162BB39-BF69-4BDF-9C3D-FC274C80CF58}.Release|Any CPU.Build.0 = Release|iPhone
		{8162BB39-BF69-4BDF-9C3D-FC274C80CF58}.Release|Any CPU.Deploy.0 = Release|iPhone
		{8162BB39-BF69-4BDF-9C3D-FC274C80CF58}.Release|ARM.ActiveCfg = Release|iPhone
		{8162BB39-BF69-4BDF-9C3D-FC274C80CF58}.Release|ARM.Build.0 = Release|iPhone
		{8162BB39-BF69-4BDF-9C3D-FC274C80CF58}.Release|ARM.Deploy.0 = Release|iPhone
		{8162BB39-BF69-4BDF-9C3D-FC274C80CF58}.Release|iPhone.ActiveCfg = Release|iPhone
		{8162BB39-BF69-4BDF-9C3D-FC274C80CF58}.Release|iPhone.Build.0 = Release|iPhone
		{8162BB39-BF69-4BDF-9C3D-FC274C80CF58}.Release|iPhone.Deploy.0 = Release|iPhone
		{8162BB39-BF69-4BDF-9C3D-FC274C80CF58}.Release|iPhoneSimulator.ActiveCfg = Release|iPhoneSimulator
		{8162BB39-BF69-4BDF-9C3D-FC274C80CF58}.Release|iPhoneSimulator.Build.0 = Release|iPhoneSimulator
		{8162BB39-BF69-4BDF-9C3D-FC274C80CF58}.Release|iPhoneSimulator.Deploy.0 = Release|iPhoneSimulator
		{8162BB39-BF69-4BDF-9C3D-FC274C80CF58}.Release|x64.ActiveCfg = Release|iPhone
		{8162BB39-BF69-4BDF-9C3D-FC274C80CF58}.Release|x64.Build.0 = Release|iPhone
		{8162BB39-BF69-4BDF-9C3D-FC274C80CF58}.Release|x64.Deploy.0 = Release|iPhone
		{8162BB39-BF69-4BDF-9C3D-FC274C80CF58}.Release|x86.ActiveCfg = Release|iPhone
		{8162BB39-BF69-4BDF-9C3D-FC274C80CF58}.Release|x86.Build.0 = Release|iPhone
		{8162BB39-BF69-4BDF-9C3D-FC274C80CF58}.Release|x86.Deploy.0 = Release|iPhone
		{DCED82BD-71E1-4D96-8713-C261DE18888B}.Ad-Hoc|Any CPU.ActiveCfg = Release|x86
		{DCED82BD-71E1-4D96-8713-C261DE18888B}.Ad-Hoc|Any CPU.Build.0 = Release|x86
		{DCED82BD-71E1-4D96-8713-C261DE18888B}.Ad-Hoc|Any CPU.Deploy.0 = Release|x86
		{DCED82BD-71E1-4D96-8713-C261DE18888B}.Ad-Hoc|ARM.ActiveCfg = Release|ARM
		{DCED82BD-71E1-4D96-8713-C261DE18888B}.Ad-Hoc|ARM.Build.0 = Release|ARM
		{DCED82BD-71E1-4D96-8713-C261DE18888B}.Ad-Hoc|ARM.Deploy.0 = Release|ARM
		{DCED82BD-71E1-4D96-8713-C261DE18888B}.Ad-Hoc|iPhone.ActiveCfg = Release|x86
		{DCED82BD-71E1-4D96-8713-C261DE18888B}.Ad-Hoc|iPhone.Build.0 = Release|x86
		{DCED82BD-71E1-4D96-8713-C261DE18888B}.Ad-Hoc|iPhone.Deploy.0 = Release|x86
		{DCED82BD-71E1-4D96-8713-C261DE18888B}.Ad-Hoc|iPhoneSimulator.ActiveCfg = Release|x86
		{DCED82BD-71E1-4D96-8713-C261DE18888B}.Ad-Hoc|iPhoneSimulator.Build.0 = Release|x86
		{DCED82BD-71E1-4D96-8713-C261DE18888B}.Ad-Hoc|iPhoneSimulator.Deploy.0 = Release|x86
		{DCED82BD-71E1-4D96-8713-C261DE18888B}.Ad-Hoc|x64.ActiveCfg = Release|x64
		{DCED82BD-71E1-4D96-8713-C261DE18888B}.Ad-Hoc|x64.Build.0 = Release|x64
		{DCED82BD-71E1-4D96-8713-C261DE18888B}.Ad-Hoc|x64.Deploy.0 = Release|x64
		{DCED82BD-71E1-4D96-8713-C261DE18888B}.Ad-Hoc|x86.ActiveCfg = Release|x86
		{DCED82BD-71E1-4D96-8713-C261DE18888B}.Ad-Hoc|x86.Build.0 = Release|x86
		{DCED82BD-71E1-4D96-8713-C261DE18888B}.Ad-Hoc|x86.Deploy.0 = Release|x86
		{DCED82BD-71E1-4D96-8713-C261DE18888B}.AppStore|Any CPU.ActiveCfg = Release|x86
		{DCED82BD-71E1-4D96-8713-C261DE18888B}.AppStore|Any CPU.Build.0 = Release|x86
		{DCED82BD-71E1-4D96-8713-C261DE18888B}.AppStore|Any CPU.Deploy.0 = Release|x86
		{DCED82BD-71E1-4D96-8713-C261DE18888B}.AppStore|ARM.ActiveCfg = Release|ARM
		{DCED82BD-71E1-4D96-8713-C261DE18888B}.AppStore|ARM.Build.0 = Release|ARM
		{DCED82BD-71E1-4D96-8713-C261DE18888B}.AppStore|ARM.Deploy.0 = Release|ARM
		{DCED82BD-71E1-4D96-8713-C261DE18888B}.AppStore|iPhone.ActiveCfg = Release|x86
		{DCED82BD-71E1-4D96-8713-C261DE18888B}.AppStore|iPhone.Build.0 = Release|x86
		{DCED82BD-71E1-4D96-8713-C261DE18888B}.AppStore|iPhone.Deploy.0 = Release|x86
		{DCED82BD-71E1-4D96-8713-C261DE18888B}.AppStore|iPhoneSimulator.ActiveCfg = Release|x86
		{DCED82BD-71E1-4D96-8713-C261DE18888B}.AppStore|iPhoneSimulator.Build.0 = Release|x86
		{DCED82BD-71E1-4D96-8713-C261DE18888B}.AppStore|iPhoneSimulator.Deploy.0 = Release|x86
		{DCED82BD-71E1-4D96-8713-C261DE18888B}.AppStore|x64.ActiveCfg = Release|x64
		{DCED82BD-71E1-4D96-8713-C261DE18888B}.AppStore|x64.Build.0 = Release|x64
		{DCED82BD-71E1-4D96-8713-C261DE18888B}.AppStore|x64.Deploy.0 = Release|x64
		{DCED82BD-71E1-4D96-8713-C261DE18888B}.AppStore|x86.ActiveCfg = Release|x86
		{DCED82BD-71E1-4D96-8713-C261DE18888B}.AppStore|x86.Build.0 = Release|x86
		{DCED82BD-71E1-4D96-8713-C261DE18888B}.AppStore|x86.Deploy.0 = Release|x86
		{DCED82BD-71E1-4D96-8713-C261DE18888B}.Debug|Any CPU.ActiveCfg = Debug|x86
		{DCED82BD-71E1-4D96-8713-C261DE18888B}.Debug|Any CPU.Build.0 = Debug|x86
		{DCED82BD-71E1-4D96-8713-C261DE18888B}.Debug|Any CPU.Deploy.0 = Debug|x86
		{DCED82BD-71E1-4D96-8713-C261DE18888B}.Debug|ARM.ActiveCfg = Debug|ARM
		{DCED82BD-71E1-4D96-8713-C261DE18888B}.Debug|ARM.Build.0 = Debug|ARM
		{DCED82BD-71E1-4D96-8713-C261DE18888B}.Debug|ARM.Deploy.0 = Debug|ARM
		{DCED82BD-71E1-4D96-8713-C261DE18888B}.Debug|iPhone.ActiveCfg = Debug|x86
		{DCED82BD-71E1-4D96-8713-C261DE18888B}.Debug|iPhone.Build.0 = Debug|x86
		{DCED82BD-71E1-4D96-8713-C261DE18888B}.Debug|iPhone.Deploy.0 = Debug|x86
		{DCED82BD-71E1-4D96-8713-C261DE18888B}.Debug|iPhoneSimulator.ActiveCfg = Debug|x86
		{DCED82BD-71E1-4D96-8713-C261DE18888B}.Debug|iPhoneSimulator.Build.0 = Debug|x86
		{DCED82BD-71E1-4D96-8713-C261DE18888B}.Debug|iPhoneSimulator.Deploy.0 = Debug|x86
		{DCED82BD-71E1-4D96-8713-C261DE18888B}.Debug|x64.ActiveCfg = Debug|x64
		{DCED82BD-71E1-4D96-8713-C261DE18888B}.Debug|x64.Build.0 = Debug|x64
		{DCED82BD-71E1-4D96-8713-C261DE18888B}.Debug|x64.Deploy.0 = Debug|x64
		{DCED82BD-71E1-4D96-8713-C261DE18888B}.Debug|x86.ActiveCfg = Debug|x86
		{DCED82BD-71E1-4D96-8713-C261DE18888B}.Debug|x86.Build.0 = Debug|x86
		{DCED82BD-71E1-4D96-8713-C261DE18888B}.Debug|x86.Deploy.0 = Debug|x86
		{DCED82BD-71E1-4D96-8713-C261DE18888B}.Release|Any CPU.ActiveCfg = Release|x86
		{DCED82BD-71E1-4D96-8713-C261DE18888B}.Release|Any CPU.Build.0 = Release|x86
		{DCED82BD-71E1-4D96-8713-C261DE18888B}.Release|Any CPU.Deploy.0 = Release|x86
		{DCED82BD-71E1-4D96-8713-C261DE18888B}.Release|ARM.ActiveCfg = Release|ARM
		{DCED82BD-71E1-4D96-8713-C261DE18888B}.Release|ARM.Build.0 = Release|ARM
		{DCED82BD-71E1-4D96-8713-C261DE18888B}.Release|ARM.Deploy.0 = Release|ARM
		{DCED82BD-71E1-4D96-8713-C261DE18888B}.Release|iPhone.ActiveCfg = Release|x86
		{DCED82BD-71E1-4D96-8713-C261DE18888B}.Release|iPhone.Build.0 = Release|x86
		{DCED82BD-71E1-4D96-8713-C261DE18888B}.Release|iPhone.Deploy.0 = Release|x86
		{DCED82BD-71E1-4D96-8713-C261DE18888B}.Release|iPhoneSimulator.ActiveCfg = Release|x86
		{DCED82BD-71E1-4D96-8713-C261DE18888B}.Release|iPhoneSimulator.Build.0 = Release|x86
		{DCED82BD-71E1-4D96-8713-C261DE18888B}.Release|iPhoneSimulator.Deploy.0 = Release|x86
		{DCED82BD-71E1-4D96-8713-C261DE18888B}.Release|x64.ActiveCfg = Release|x64
		{DCED82BD-71E1-4D96-8713-C261DE18888B}.Release|x64.Build.0 = Release|x64
		{DCED82BD-71E1-4D96-8713-C261DE18888B}.Release|x64.Deploy.0 = Release|x64
		{DCED82BD-71E1-4D96-8713-C261DE18888B}.Release|x86.ActiveCfg = Release|x86
		{DCED82BD-71E1-4D96-8713-C261DE18888B}.Release|x86.Build.0 = Release|x86
		{DCED82BD-71E1-4D96-8713-C261DE18888B}.Release|x86.Deploy.0 = Release|x86
		{AC55CD23-17CE-4098-8A0C-89A9C8B18665}.Ad-Hoc|Any CPU.ActiveCfg = Debug|Any CPU
		{AC55CD23-17CE-4098-8A0C-89A9C8B18665}.Ad-Hoc|Any CPU.Build.0 = Debug|Any CPU
		{AC55CD23-17CE-4098-8A0C-89A9C8B18665}.Ad-Hoc|Any CPU.Deploy.0 = Debug|Any CPU
		{AC55CD23-17CE-4098-8A0C-89A9C8B18665}.Ad-Hoc|ARM.ActiveCfg = Debug|Any CPU
		{AC55CD23-17CE-4098-8A0C-89A9C8B18665}.Ad-Hoc|ARM.Build.0 = Debug|Any CPU
		{AC55CD23-17CE-4098-8A0C-89A9C8B18665}.Ad-Hoc|ARM.Deploy.0 = Debug|Any CPU
		{AC55CD23-17CE-4098-8A0C-89A9C8B18665}.Ad-Hoc|iPhone.ActiveCfg = Debug|Any CPU
		{AC55CD23-17CE-4098-8A0C-89A9C8B18665}.Ad-Hoc|iPhone.Build.0 = Debug|Any CPU
		{AC55CD23-17CE-4098-8A0C-89A9C8B18665}.Ad-Hoc|iPhone.Deploy.0 = Debug|Any CPU
		{AC55CD23-17CE-4098-8A0C-89A9C8B18665}.Ad-Hoc|iPhoneSimulator.ActiveCfg = Debug|Any CPU
		{AC55CD23-17CE-4098-8A0C-89A9C8B18665}.Ad-Hoc|iPhoneSimulator.Build.0 = Debug|Any CPU
		{AC55CD23-17CE-4098-8A0C-89A9C8B18665}.Ad-Hoc|iPhoneSimulator.Deploy.0 = Debug|Any CPU
		{AC55CD23-17CE-4098-8A0C-89A9C8B18665}.Ad-Hoc|x64.ActiveCfg = Debug|Any CPU
		{AC55CD23-17CE-4098-8A0C-89A9C8B18665}.Ad-Hoc|x64.Build.0 = Debug|Any CPU
		{AC55CD23-17CE-4098-8A0C-89A9C8B18665}.Ad-Hoc|x64.Deploy.0 = Debug|Any CPU
		{AC55CD23-17CE-4098-8A0C-89A9C8B18665}.Ad-Hoc|x86.ActiveCfg = Debug|Any CPU
		{AC55CD23-17CE-4098-8A0C-89A9C8B18665}.Ad-Hoc|x86.Build.0 = Debug|Any CPU
		{AC55CD23-17CE-4098-8A0C-89A9C8B18665}.Ad-Hoc|x86.Deploy.0 = Debug|Any CPU
		{AC55CD23-17CE-4098-8A0C-89A9C8B18665}.AppStore|Any CPU.ActiveCfg = Debug|Any CPU
		{AC55CD23-17CE-4098-8A0C-89A9C8B18665}.AppStore|Any CPU.Build.0 = Debug|Any CPU
		{AC55CD23-17CE-4098-8A0C-89A9C8B18665}.AppStore|Any CPU.Deploy.0 = Debug|Any CPU
		{AC55CD23-17CE-4098-8A0C-89A9C8B18665}.AppStore|ARM.ActiveCfg = Debug|Any CPU
		{AC55CD23-17CE-4098-8A0C-89A9C8B18665}.AppStore|ARM.Build.0 = Debug|Any CPU
		{AC55CD23-17CE-4098-8A0C-89A9C8B18665}.AppStore|ARM.Deploy.0 = Debug|Any CPU
		{AC55CD23-17CE-4098-8A0C-89A9C8B18665}.AppStore|iPhone.ActiveCfg = Debug|Any CPU
		{AC55CD23-17CE-4098-8A0C-89A9C8B18665}.AppStore|iPhone.Build.0 = Debug|Any CPU
		{AC55CD23-17CE-4098-8A0C-89A9C8B18665}.AppStore|iPhone.Deploy.0 = Debug|Any CPU
		{AC55CD23-17CE-4098-8A0C-89A9C8B18665}.AppStore|iPhoneSimulator.ActiveCfg = Debug|Any CPU
		{AC55CD23-17CE-4098-8A0C-89A9C8B18665}.AppStore|iPhoneSimulator.Build.0 = Debug|Any CPU
		{AC55CD23-17CE-4098-8A0C-89A9C8B18665}.AppStore|iPhoneSimulator.Deploy.0 = Debug|Any CPU
		{AC55CD23-17CE-4098-8A0C-89A9C8B18665}.AppStore|x64.ActiveCfg = Debug|Any CPU
		{AC55CD23-17CE-4098-8A0C-89A9C8B18665}.AppStore|x64.Build.0 = Debug|Any CPU
		{AC55CD23-17CE-4098-8A0C-89A9C8B18665}.AppStore|x64.Deploy.0 = Debug|Any CPU
		{AC55CD23-17CE-4098-8A0C-89A9C8B18665}.AppStore|x86.ActiveCfg = Debug|Any CPU
		{AC55CD23-17CE-4098-8A0C-89A9C8B18665}.AppStore|x86.Build.0 = Debug|Any CPU
		{AC55CD23-17CE-4098-8A0C-89A9C8B18665}.AppStore|x86.Deploy.0 = Debug|Any CPU
		{AC55CD23-17CE-4098-8A0C-89A9C8B18665}.Debug|Any CPU.ActiveCfg = Debug|Any CPU
		{AC55CD23-17CE-4098-8A0C-89A9C8B18665}.Debug|Any CPU.Build.0 = Debug|Any CPU
		{AC55CD23-17CE-4098-8A0C-89A9C8B18665}.Debug|Any CPU.Deploy.0 = Debug|Any CPU
		{AC55CD23-17CE-4098-8A0C-89A9C8B18665}.Debug|ARM.ActiveCfg = Debug|Any CPU
		{AC55CD23-17CE-4098-8A0C-89A9C8B18665}.Debug|ARM.Build.0 = Debug|Any CPU
		{AC55CD23-17CE-4098-8A0C-89A9C8B18665}.Debug|ARM.Deploy.0 = Debug|Any CPU
		{AC55CD23-17CE-4098-8A0C-89A9C8B18665}.Debug|iPhone.ActiveCfg = Debug|Any CPU
		{AC55CD23-17CE-4098-8A0C-89A9C8B18665}.Debug|iPhone.Build.0 = Debug|Any CPU
		{AC55CD23-17CE-4098-8A0C-89A9C8B18665}.Debug|iPhone.Deploy.0 = Debug|Any CPU
		{AC55CD23-17CE-4098-8A0C-89A9C8B18665}.Debug|iPhoneSimulator.ActiveCfg = Debug|Any CPU
		{AC55CD23-17CE-4098-8A0C-89A9C8B18665}.Debug|iPhoneSimulator.Build.0 = Debug|Any CPU
		{AC55CD23-17CE-4098-8A0C-89A9C8B18665}.Debug|iPhoneSimulator.Deploy.0 = Debug|Any CPU
		{AC55CD23-17CE-4098-8A0C-89A9C8B18665}.Debug|x64.ActiveCfg = Debug|Any CPU
		{AC55CD23-17CE-4098-8A0C-89A9C8B18665}.Debug|x64.Build.0 = Debug|Any CPU
		{AC55CD23-17CE-4098-8A0C-89A9C8B18665}.Debug|x64.Deploy.0 = Debug|Any CPU
		{AC55CD23-17CE-4098-8A0C-89A9C8B18665}.Debug|x86.ActiveCfg = Debug|Any CPU
		{AC55CD23-17CE-4098-8A0C-89A9C8B18665}.Debug|x86.Build.0 = Debug|Any CPU
		{AC55CD23-17CE-4098-8A0C-89A9C8B18665}.Debug|x86.Deploy.0 = Debug|Any CPU
		{AC55CD23-17CE-4098-8A0C-89A9C8B18665}.Release|Any CPU.ActiveCfg = Release|Any CPU
		{AC55CD23-17CE-4098-8A0C-89A9C8B18665}.Release|Any CPU.Build.0 = Release|Any CPU
		{AC55CD23-17CE-4098-8A0C-89A9C8B18665}.Release|Any CPU.Deploy.0 = Release|Any CPU
		{AC55CD23-17CE-4098-8A0C-89A9C8B18665}.Release|ARM.ActiveCfg = Release|Any CPU
		{AC55CD23-17CE-4098-8A0C-89A9C8B18665}.Release|ARM.Build.0 = Release|Any CPU
		{AC55CD23-17CE-4098-8A0C-89A9C8B18665}.Release|ARM.Deploy.0 = Release|Any CPU
		{AC55CD23-17CE-4098-8A0C-89A9C8B18665}.Release|iPhone.ActiveCfg = Release|Any CPU
		{AC55CD23-17CE-4098-8A0C-89A9C8B18665}.Release|iPhone.Build.0 = Release|Any CPU
		{AC55CD23-17CE-4098-8A0C-89A9C8B18665}.Release|iPhone.Deploy.0 = Release|Any CPU
		{AC55CD23-17CE-4098-8A0C-89A9C8B18665}.Release|iPhoneSimulator.ActiveCfg = Release|Any CPU
		{AC55CD23-17CE-4098-8A0C-89A9C8B18665}.Release|iPhoneSimulator.Build.0 = Release|Any CPU
		{AC55CD23-17CE-4098-8A0C-89A9C8B18665}.Release|iPhoneSimulator.Deploy.0 = Release|Any CPU
		{AC55CD23-17CE-4098-8A0C-89A9C8B18665}.Release|x64.ActiveCfg = Release|Any CPU
		{AC55CD23-17CE-4098-8A0C-89A9C8B18665}.Release|x64.Build.0 = Release|Any CPU
		{AC55CD23-17CE-4098-8A0C-89A9C8B18665}.Release|x64.Deploy.0 = Release|Any CPU
		{AC55CD23-17CE-4098-8A0C-89A9C8B18665}.Release|x86.ActiveCfg = Release|Any CPU
		{AC55CD23-17CE-4098-8A0C-89A9C8B18665}.Release|x86.Build.0 = Release|Any CPU
		{AC55CD23-17CE-4098-8A0C-89A9C8B18665}.Release|x86.Deploy.0 = Release|Any CPU
		{7E15475D-BBB4-4D79-92C4-F879C2FF7F54}.Ad-Hoc|Any CPU.ActiveCfg = Debug|Any CPU
		{7E15475D-BBB4-4D79-92C4-F879C2FF7F54}.Ad-Hoc|Any CPU.Build.0 = Debug|Any CPU
		{7E15475D-BBB4-4D79-92C4-F879C2FF7F54}.Ad-Hoc|ARM.ActiveCfg = Debug|Any CPU
		{7E15475D-BBB4-4D79-92C4-F879C2FF7F54}.Ad-Hoc|ARM.Build.0 = Debug|Any CPU
		{7E15475D-BBB4-4D79-92C4-F879C2FF7F54}.Ad-Hoc|iPhone.ActiveCfg = Debug|Any CPU
		{7E15475D-BBB4-4D79-92C4-F879C2FF7F54}.Ad-Hoc|iPhone.Build.0 = Debug|Any CPU
		{7E15475D-BBB4-4D79-92C4-F879C2FF7F54}.Ad-Hoc|iPhoneSimulator.ActiveCfg = Debug|Any CPU
		{7E15475D-BBB4-4D79-92C4-F879C2FF7F54}.Ad-Hoc|iPhoneSimulator.Build.0 = Debug|Any CPU
		{7E15475D-BBB4-4D79-92C4-F879C2FF7F54}.Ad-Hoc|x64.ActiveCfg = Debug|Any CPU
		{7E15475D-BBB4-4D79-92C4-F879C2FF7F54}.Ad-Hoc|x64.Build.0 = Debug|Any CPU
		{7E15475D-BBB4-4D79-92C4-F879C2FF7F54}.Ad-Hoc|x86.ActiveCfg = Debug|Any CPU
		{7E15475D-BBB4-4D79-92C4-F879C2FF7F54}.Ad-Hoc|x86.Build.0 = Debug|Any CPU
		{7E15475D-BBB4-4D79-92C4-F879C2FF7F54}.AppStore|Any CPU.ActiveCfg = Debug|Any CPU
		{7E15475D-BBB4-4D79-92C4-F879C2FF7F54}.AppStore|Any CPU.Build.0 = Debug|Any CPU
		{7E15475D-BBB4-4D79-92C4-F879C2FF7F54}.AppStore|ARM.ActiveCfg = Debug|Any CPU
		{7E15475D-BBB4-4D79-92C4-F879C2FF7F54}.AppStore|ARM.Build.0 = Debug|Any CPU
		{7E15475D-BBB4-4D79-92C4-F879C2FF7F54}.AppStore|iPhone.ActiveCfg = Debug|Any CPU
		{7E15475D-BBB4-4D79-92C4-F879C2FF7F54}.AppStore|iPhone.Build.0 = Debug|Any CPU
		{7E15475D-BBB4-4D79-92C4-F879C2FF7F54}.AppStore|iPhoneSimulator.ActiveCfg = Debug|Any CPU
		{7E15475D-BBB4-4D79-92C4-F879C2FF7F54}.AppStore|iPhoneSimulator.Build.0 = Debug|Any CPU
		{7E15475D-BBB4-4D79-92C4-F879C2FF7F54}.AppStore|x64.ActiveCfg = Debug|Any CPU
		{7E15475D-BBB4-4D79-92C4-F879C2FF7F54}.AppStore|x64.Build.0 = Debug|Any CPU
		{7E15475D-BBB4-4D79-92C4-F879C2FF7F54}.AppStore|x86.ActiveCfg = Debug|Any CPU
		{7E15475D-BBB4-4D79-92C4-F879C2FF7F54}.AppStore|x86.Build.0 = Debug|Any CPU
		{7E15475D-BBB4-4D79-92C4-F879C2FF7F54}.Debug|Any CPU.ActiveCfg = Debug|Any CPU
		{7E15475D-BBB4-4D79-92C4-F879C2FF7F54}.Debug|Any CPU.Build.0 = Debug|Any CPU
		{7E15475D-BBB4-4D79-92C4-F879C2FF7F54}.Debug|ARM.ActiveCfg = Debug|Any CPU
		{7E15475D-BBB4-4D79-92C4-F879C2FF7F54}.Debug|ARM.Build.0 = Debug|Any CPU
		{7E15475D-BBB4-4D79-92C4-F879C2FF7F54}.Debug|iPhone.ActiveCfg = Debug|Any CPU
		{7E15475D-BBB4-4D79-92C4-F879C2FF7F54}.Debug|iPhone.Build.0 = Debug|Any CPU
		{7E15475D-BBB4-4D79-92C4-F879C2FF7F54}.Debug|iPhoneSimulator.ActiveCfg = Debug|Any CPU
		{7E15475D-BBB4-4D79-92C4-F879C2FF7F54}.Debug|iPhoneSimulator.Build.0 = Debug|Any CPU
		{7E15475D-BBB4-4D79-92C4-F879C2FF7F54}.Debug|x64.ActiveCfg = Debug|Any CPU
		{7E15475D-BBB4-4D79-92C4-F879C2FF7F54}.Debug|x64.Build.0 = Debug|Any CPU
		{7E15475D-BBB4-4D79-92C4-F879C2FF7F54}.Debug|x86.ActiveCfg = Debug|Any CPU
		{7E15475D-BBB4-4D79-92C4-F879C2FF7F54}.Debug|x86.Build.0 = Debug|Any CPU
		{7E15475D-BBB4-4D79-92C4-F879C2FF7F54}.Release|Any CPU.ActiveCfg = Release|Any CPU
		{7E15475D-BBB4-4D79-92C4-F879C2FF7F54}.Release|Any CPU.Build.0 = Release|Any CPU
		{7E15475D-BBB4-4D79-92C4-F879C2FF7F54}.Release|ARM.ActiveCfg = Release|Any CPU
		{7E15475D-BBB4-4D79-92C4-F879C2FF7F54}.Release|ARM.Build.0 = Release|Any CPU
		{7E15475D-BBB4-4D79-92C4-F879C2FF7F54}.Release|iPhone.ActiveCfg = Release|Any CPU
		{7E15475D-BBB4-4D79-92C4-F879C2FF7F54}.Release|iPhone.Build.0 = Release|Any CPU
		{7E15475D-BBB4-4D79-92C4-F879C2FF7F54}.Release|iPhoneSimulator.ActiveCfg = Release|Any CPU
		{7E15475D-BBB4-4D79-92C4-F879C2FF7F54}.Release|iPhoneSimulator.Build.0 = Release|Any CPU
		{7E15475D-BBB4-4D79-92C4-F879C2FF7F54}.Release|x64.ActiveCfg = Release|Any CPU
		{7E15475D-BBB4-4D79-92C4-F879C2FF7F54}.Release|x64.Build.0 = Release|Any CPU
		{7E15475D-BBB4-4D79-92C4-F879C2FF7F54}.Release|x86.ActiveCfg = Release|Any CPU
		{7E15475D-BBB4-4D79-92C4-F879C2FF7F54}.Release|x86.Build.0 = Release|Any CPU
		{099C40D1-5C71-4FC0-901C-51D446961F0D}.Ad-Hoc|Any CPU.ActiveCfg = Debug|Any CPU
		{099C40D1-5C71-4FC0-901C-51D446961F0D}.Ad-Hoc|Any CPU.Build.0 = Debug|Any CPU
		{099C40D1-5C71-4FC0-901C-51D446961F0D}.Ad-Hoc|ARM.ActiveCfg = Debug|Any CPU
		{099C40D1-5C71-4FC0-901C-51D446961F0D}.Ad-Hoc|ARM.Build.0 = Debug|Any CPU
		{099C40D1-5C71-4FC0-901C-51D446961F0D}.Ad-Hoc|iPhone.ActiveCfg = Debug|Any CPU
		{099C40D1-5C71-4FC0-901C-51D446961F0D}.Ad-Hoc|iPhone.Build.0 = Debug|Any CPU
		{099C40D1-5C71-4FC0-901C-51D446961F0D}.Ad-Hoc|iPhoneSimulator.ActiveCfg = Debug|Any CPU
		{099C40D1-5C71-4FC0-901C-51D446961F0D}.Ad-Hoc|iPhoneSimulator.Build.0 = Debug|Any CPU
		{099C40D1-5C71-4FC0-901C-51D446961F0D}.Ad-Hoc|x64.ActiveCfg = Debug|Any CPU
		{099C40D1-5C71-4FC0-901C-51D446961F0D}.Ad-Hoc|x64.Build.0 = Debug|Any CPU
		{099C40D1-5C71-4FC0-901C-51D446961F0D}.Ad-Hoc|x86.ActiveCfg = Debug|Any CPU
		{099C40D1-5C71-4FC0-901C-51D446961F0D}.Ad-Hoc|x86.Build.0 = Debug|Any CPU
		{099C40D1-5C71-4FC0-901C-51D446961F0D}.AppStore|Any CPU.ActiveCfg = Debug|Any CPU
		{099C40D1-5C71-4FC0-901C-51D446961F0D}.AppStore|Any CPU.Build.0 = Debug|Any CPU
		{099C40D1-5C71-4FC0-901C-51D446961F0D}.AppStore|ARM.ActiveCfg = Debug|Any CPU
		{099C40D1-5C71-4FC0-901C-51D446961F0D}.AppStore|ARM.Build.0 = Debug|Any CPU
		{099C40D1-5C71-4FC0-901C-51D446961F0D}.AppStore|iPhone.ActiveCfg = Debug|Any CPU
		{099C40D1-5C71-4FC0-901C-51D446961F0D}.AppStore|iPhone.Build.0 = Debug|Any CPU
		{099C40D1-5C71-4FC0-901C-51D446961F0D}.AppStore|iPhoneSimulator.ActiveCfg = Debug|Any CPU
		{099C40D1-5C71-4FC0-901C-51D446961F0D}.AppStore|iPhoneSimulator.Build.0 = Debug|Any CPU
		{099C40D1-5C71-4FC0-901C-51D446961F0D}.AppStore|x64.ActiveCfg = Debug|Any CPU
		{099C40D1-5C71-4FC0-901C-51D446961F0D}.AppStore|x64.Build.0 = Debug|Any CPU
		{099C40D1-5C71-4FC0-901C-51D446961F0D}.AppStore|x86.ActiveCfg = Debug|Any CPU
		{099C40D1-5C71-4FC0-901C-51D446961F0D}.AppStore|x86.Build.0 = Debug|Any CPU
		{099C40D1-5C71-4FC0-901C-51D446961F0D}.Debug|Any CPU.ActiveCfg = Debug|Any CPU
		{099C40D1-5C71-4FC0-901C-51D446961F0D}.Debug|Any CPU.Build.0 = Debug|Any CPU
		{099C40D1-5C71-4FC0-901C-51D446961F0D}.Debug|ARM.ActiveCfg = Debug|Any CPU
		{099C40D1-5C71-4FC0-901C-51D446961F0D}.Debug|ARM.Build.0 = Debug|Any CPU
		{099C40D1-5C71-4FC0-901C-51D446961F0D}.Debug|iPhone.ActiveCfg = Debug|Any CPU
		{099C40D1-5C71-4FC0-901C-51D446961F0D}.Debug|iPhone.Build.0 = Debug|Any CPU
		{099C40D1-5C71-4FC0-901C-51D446961F0D}.Debug|iPhoneSimulator.ActiveCfg = Debug|Any CPU
		{099C40D1-5C71-4FC0-901C-51D446961F0D}.Debug|iPhoneSimulator.Build.0 = Debug|Any CPU
		{099C40D1-5C71-4FC0-901C-51D446961F0D}.Debug|x64.ActiveCfg = Debug|Any CPU
		{099C40D1-5C71-4FC0-901C-51D446961F0D}.Debug|x64.Build.0 = Debug|Any CPU
		{099C40D1-5C71-4FC0-901C-51D446961F0D}.Debug|x86.ActiveCfg = Debug|Any CPU
		{099C40D1-5C71-4FC0-901C-51D446961F0D}.Debug|x86.Build.0 = Debug|Any CPU
		{099C40D1-5C71-4FC0-901C-51D446961F0D}.Release|Any CPU.ActiveCfg = Release|Any CPU
		{099C40D1-5C71-4FC0-901C-51D446961F0D}.Release|Any CPU.Build.0 = Release|Any CPU
		{099C40D1-5C71-4FC0-901C-51D446961F0D}.Release|ARM.ActiveCfg = Release|Any CPU
		{099C40D1-5C71-4FC0-901C-51D446961F0D}.Release|ARM.Build.0 = Release|Any CPU
		{099C40D1-5C71-4FC0-901C-51D446961F0D}.Release|iPhone.ActiveCfg = Release|Any CPU
		{099C40D1-5C71-4FC0-901C-51D446961F0D}.Release|iPhone.Build.0 = Release|Any CPU
		{099C40D1-5C71-4FC0-901C-51D446961F0D}.Release|iPhoneSimulator.ActiveCfg = Release|Any CPU
		{099C40D1-5C71-4FC0-901C-51D446961F0D}.Release|iPhoneSimulator.Build.0 = Release|Any CPU
		{099C40D1-5C71-4FC0-901C-51D446961F0D}.Release|x64.ActiveCfg = Release|Any CPU
		{099C40D1-5C71-4FC0-901C-51D446961F0D}.Release|x64.Build.0 = Release|Any CPU
		{099C40D1-5C71-4FC0-901C-51D446961F0D}.Release|x86.ActiveCfg = Release|Any CPU
		{099C40D1-5C71-4FC0-901C-51D446961F0D}.Release|x86.Build.0 = Release|Any CPU
		{B3CD9F73-AC17-4691-A820-444BA228E467}.Ad-Hoc|Any CPU.ActiveCfg = Debug|Any CPU
		{B3CD9F73-AC17-4691-A820-444BA228E467}.Ad-Hoc|Any CPU.Build.0 = Debug|Any CPU
		{B3CD9F73-AC17-4691-A820-444BA228E467}.Ad-Hoc|ARM.ActiveCfg = Debug|Any CPU
		{B3CD9F73-AC17-4691-A820-444BA228E467}.Ad-Hoc|ARM.Build.0 = Debug|Any CPU
		{B3CD9F73-AC17-4691-A820-444BA228E467}.Ad-Hoc|iPhone.ActiveCfg = Debug|Any CPU
		{B3CD9F73-AC17-4691-A820-444BA228E467}.Ad-Hoc|iPhone.Build.0 = Debug|Any CPU
		{B3CD9F73-AC17-4691-A820-444BA228E467}.Ad-Hoc|iPhoneSimulator.ActiveCfg = Debug|Any CPU
		{B3CD9F73-AC17-4691-A820-444BA228E467}.Ad-Hoc|iPhoneSimulator.Build.0 = Debug|Any CPU
		{B3CD9F73-AC17-4691-A820-444BA228E467}.Ad-Hoc|x64.ActiveCfg = Debug|Any CPU
		{B3CD9F73-AC17-4691-A820-444BA228E467}.Ad-Hoc|x64.Build.0 = Debug|Any CPU
		{B3CD9F73-AC17-4691-A820-444BA228E467}.Ad-Hoc|x86.ActiveCfg = Debug|Any CPU
		{B3CD9F73-AC17-4691-A820-444BA228E467}.Ad-Hoc|x86.Build.0 = Debug|Any CPU
		{B3CD9F73-AC17-4691-A820-444BA228E467}.AppStore|Any CPU.ActiveCfg = Debug|Any CPU
		{B3CD9F73-AC17-4691-A820-444BA228E467}.AppStore|Any CPU.Build.0 = Debug|Any CPU
		{B3CD9F73-AC17-4691-A820-444BA228E467}.AppStore|ARM.ActiveCfg = Debug|Any CPU
		{B3CD9F73-AC17-4691-A820-444BA228E467}.AppStore|ARM.Build.0 = Debug|Any CPU
		{B3CD9F73-AC17-4691-A820-444BA228E467}.AppStore|iPhone.ActiveCfg = Debug|Any CPU
		{B3CD9F73-AC17-4691-A820-444BA228E467}.AppStore|iPhone.Build.0 = Debug|Any CPU
		{B3CD9F73-AC17-4691-A820-444BA228E467}.AppStore|iPhoneSimulator.ActiveCfg = Debug|Any CPU
		{B3CD9F73-AC17-4691-A820-444BA228E467}.AppStore|iPhoneSimulator.Build.0 = Debug|Any CPU
		{B3CD9F73-AC17-4691-A820-444BA228E467}.AppStore|x64.ActiveCfg = Debug|Any CPU
		{B3CD9F73-AC17-4691-A820-444BA228E467}.AppStore|x64.Build.0 = Debug|Any CPU
		{B3CD9F73-AC17-4691-A820-444BA228E467}.AppStore|x86.ActiveCfg = Debug|Any CPU
		{B3CD9F73-AC17-4691-A820-444BA228E467}.AppStore|x86.Build.0 = Debug|Any CPU
		{B3CD9F73-AC17-4691-A820-444BA228E467}.Debug|Any CPU.ActiveCfg = Debug|Any CPU
		{B3CD9F73-AC17-4691-A820-444BA228E467}.Debug|Any CPU.Build.0 = Debug|Any CPU
		{B3CD9F73-AC17-4691-A820-444BA228E467}.Debug|ARM.ActiveCfg = Debug|Any CPU
		{B3CD9F73-AC17-4691-A820-444BA228E467}.Debug|ARM.Build.0 = Debug|Any CPU
		{B3CD9F73-AC17-4691-A820-444BA228E467}.Debug|iPhone.ActiveCfg = Debug|Any CPU
		{B3CD9F73-AC17-4691-A820-444BA228E467}.Debug|iPhone.Build.0 = Debug|Any CPU
		{B3CD9F73-AC17-4691-A820-444BA228E467}.Debug|iPhoneSimulator.ActiveCfg = Debug|Any CPU
		{B3CD9F73-AC17-4691-A820-444BA228E467}.Debug|iPhoneSimulator.Build.0 = Debug|Any CPU
		{B3CD9F73-AC17-4691-A820-444BA228E467}.Debug|x64.ActiveCfg = Debug|Any CPU
		{B3CD9F73-AC17-4691-A820-444BA228E467}.Debug|x64.Build.0 = Debug|Any CPU
		{B3CD9F73-AC17-4691-A820-444BA228E467}.Debug|x86.ActiveCfg = Debug|Any CPU
		{B3CD9F73-AC17-4691-A820-444BA228E467}.Debug|x86.Build.0 = Debug|Any CPU
		{B3CD9F73-AC17-4691-A820-444BA228E467}.Release|Any CPU.ActiveCfg = Release|Any CPU
		{B3CD9F73-AC17-4691-A820-444BA228E467}.Release|Any CPU.Build.0 = Release|Any CPU
		{B3CD9F73-AC17-4691-A820-444BA228E467}.Release|ARM.ActiveCfg = Release|Any CPU
		{B3CD9F73-AC17-4691-A820-444BA228E467}.Release|ARM.Build.0 = Release|Any CPU
		{B3CD9F73-AC17-4691-A820-444BA228E467}.Release|iPhone.ActiveCfg = Release|Any CPU
		{B3CD9F73-AC17-4691-A820-444BA228E467}.Release|iPhone.Build.0 = Release|Any CPU
		{B3CD9F73-AC17-4691-A820-444BA228E467}.Release|iPhoneSimulator.ActiveCfg = Release|Any CPU
		{B3CD9F73-AC17-4691-A820-444BA228E467}.Release|iPhoneSimulator.Build.0 = Release|Any CPU
		{B3CD9F73-AC17-4691-A820-444BA228E467}.Release|x64.ActiveCfg = Release|Any CPU
		{B3CD9F73-AC17-4691-A820-444BA228E467}.Release|x64.Build.0 = Release|Any CPU
		{B3CD9F73-AC17-4691-A820-444BA228E467}.Release|x86.ActiveCfg = Release|Any CPU
		{B3CD9F73-AC17-4691-A820-444BA228E467}.Release|x86.Build.0 = Release|Any CPU
	EndGlobalSection
	GlobalSection(SolutionProperties) = preSolution
		HideSolutionNode = FALSE
	EndGlobalSection
	GlobalSection(ExtensibilityGlobals) = postSolution
		SolutionGuid = {F4F73491-6844-4BCA-A529-7F356B195496}
	EndGlobalSection
EndGlobal
