
Microsoft Visual Studio Solution File, Format Version 12.00
# Visual Studio 15
VisualStudioVersion = 15.0.28307.1000
MinimumVisualStudioVersion = 10.0.40219.1
Project("{FAE04EC0-301F-11D3-BF4B-00C04F79EFBC}") = "SimonGame_UI", "SimonGame_UI\SimonGame_UI.csproj", "{D32B4A9E-465A-4D68-B552-CD73D91986D7}"
EndProject
Project("{FAE04EC0-301F-11D3-BF4B-00C04F79EFBC}") = "SimonGame_Entities", "SimonGame_Entities\SimonGame_Entities.csproj", "{5DFFBDA4-7DD7-4A59-8664-30223A8E9852}"
EndProject
Project("{FAE04EC0-301F-11D3-BF4B-00C04F79EFBC}") = "SimonGame_DAL", "SimonGame_DAL\SimonGame_DAL.csproj", "{DC05BBD8-1433-43CF-82A3-0008CF8CF0BB}"
EndProject
Project("{FAE04EC0-301F-11D3-BF4B-00C04F79EFBC}") = "SimonGame_BL", "SimonGame_BL\SimonGame_BL.csproj", "{3C7B43D8-AB79-42EC-9568-B2A09BD36C42}"
EndProject
Global
	GlobalSection(SolutionConfigurationPlatforms) = preSolution
		Debug|Any CPU = Debug|Any CPU
		Debug|ARM = Debug|ARM
		Debug|ARM64 = Debug|ARM64
		Debug|x64 = Debug|x64
		Debug|x86 = Debug|x86
		Release|Any CPU = Release|Any CPU
		Release|ARM = Release|ARM
		Release|ARM64 = Release|ARM64
		Release|x64 = Release|x64
		Release|x86 = Release|x86
	EndGlobalSection
	GlobalSection(ProjectConfigurationPlatforms) = postSolution
		{D32B4A9E-465A-4D68-B552-CD73D91986D7}.Debug|Any CPU.ActiveCfg = Debug|x86
		{D32B4A9E-465A-4D68-B552-CD73D91986D7}.Debug|ARM.ActiveCfg = Debug|ARM
		{D32B4A9E-465A-4D68-B552-CD73D91986D7}.Debug|ARM.Build.0 = Debug|ARM
		{D32B4A9E-465A-4D68-B552-CD73D91986D7}.Debug|ARM.Deploy.0 = Debug|ARM
		{D32B4A9E-465A-4D68-B552-CD73D91986D7}.Debug|ARM64.ActiveCfg = Debug|ARM64
		{D32B4A9E-465A-4D68-B552-CD73D91986D7}.Debug|ARM64.Build.0 = Debug|ARM64
		{D32B4A9E-465A-4D68-B552-CD73D91986D7}.Debug|ARM64.Deploy.0 = Debug|ARM64
		{D32B4A9E-465A-4D68-B552-CD73D91986D7}.Debug|x64.ActiveCfg = Debug|x64
		{D32B4A9E-465A-4D68-B552-CD73D91986D7}.Debug|x64.Build.0 = Debug|x64
		{D32B4A9E-465A-4D68-B552-CD73D91986D7}.Debug|x64.Deploy.0 = Debug|x64
		{D32B4A9E-465A-4D68-B552-CD73D91986D7}.Debug|x86.ActiveCfg = Debug|x86
		{D32B4A9E-465A-4D68-B552-CD73D91986D7}.Debug|x86.Build.0 = Debug|x86
		{D32B4A9E-465A-4D68-B552-CD73D91986D7}.Debug|x86.Deploy.0 = Debug|x86
		{D32B4A9E-465A-4D68-B552-CD73D91986D7}.Release|Any CPU.ActiveCfg = Release|x86
		{D32B4A9E-465A-4D68-B552-CD73D91986D7}.Release|ARM.ActiveCfg = Release|ARM
		{D32B4A9E-465A-4D68-B552-CD73D91986D7}.Release|ARM.Build.0 = Release|ARM
		{D32B4A9E-465A-4D68-B552-CD73D91986D7}.Release|ARM.Deploy.0 = Release|ARM
		{D32B4A9E-465A-4D68-B552-CD73D91986D7}.Release|ARM64.ActiveCfg = Release|ARM64
		{D32B4A9E-465A-4D68-B552-CD73D91986D7}.Release|ARM64.Build.0 = Release|ARM64
		{D32B4A9E-465A-4D68-B552-CD73D91986D7}.Release|ARM64.Deploy.0 = Release|ARM64
		{D32B4A9E-465A-4D68-B552-CD73D91986D7}.Release|x64.ActiveCfg = Release|x64
		{D32B4A9E-465A-4D68-B552-CD73D91986D7}.Release|x64.Build.0 = Release|x64
		{D32B4A9E-465A-4D68-B552-CD73D91986D7}.Release|x64.Deploy.0 = Release|x64
		{D32B4A9E-465A-4D68-B552-CD73D91986D7}.Release|x86.ActiveCfg = Release|x86
		{D32B4A9E-465A-4D68-B552-CD73D91986D7}.Release|x86.Build.0 = Release|x86
		{D32B4A9E-465A-4D68-B552-CD73D91986D7}.Release|x86.Deploy.0 = Release|x86
		{5DFFBDA4-7DD7-4A59-8664-30223A8E9852}.Debug|Any CPU.ActiveCfg = Debug|Any CPU
		{5DFFBDA4-7DD7-4A59-8664-30223A8E9852}.Debug|Any CPU.Build.0 = Debug|Any CPU
		{5DFFBDA4-7DD7-4A59-8664-30223A8E9852}.Debug|ARM.ActiveCfg = Debug|ARM
		{5DFFBDA4-7DD7-4A59-8664-30223A8E9852}.Debug|ARM.Build.0 = Debug|ARM
		{5DFFBDA4-7DD7-4A59-8664-30223A8E9852}.Debug|ARM64.ActiveCfg = Debug|ARM64
		{5DFFBDA4-7DD7-4A59-8664-30223A8E9852}.Debug|ARM64.Build.0 = Debug|ARM64
		{5DFFBDA4-7DD7-4A59-8664-30223A8E9852}.Debug|x64.ActiveCfg = Debug|x64
		{5DFFBDA4-7DD7-4A59-8664-30223A8E9852}.Debug|x64.Build.0 = Debug|x64
		{5DFFBDA4-7DD7-4A59-8664-30223A8E9852}.Debug|x86.ActiveCfg = Debug|x86
		{5DFFBDA4-7DD7-4A59-8664-30223A8E9852}.Debug|x86.Build.0 = Debug|x86
		{5DFFBDA4-7DD7-4A59-8664-30223A8E9852}.Release|Any CPU.ActiveCfg = Release|Any CPU
		{5DFFBDA4-7DD7-4A59-8664-30223A8E9852}.Release|Any CPU.Build.0 = Release|Any CPU
		{5DFFBDA4-7DD7-4A59-8664-30223A8E9852}.Release|ARM.ActiveCfg = Release|ARM
		{5DFFBDA4-7DD7-4A59-8664-30223A8E9852}.Release|ARM.Build.0 = Release|ARM
		{5DFFBDA4-7DD7-4A59-8664-30223A8E9852}.Release|ARM64.ActiveCfg = Release|ARM64
		{5DFFBDA4-7DD7-4A59-8664-30223A8E9852}.Release|ARM64.Build.0 = Release|ARM64
		{5DFFBDA4-7DD7-4A59-8664-30223A8E9852}.Release|x64.ActiveCfg = Release|x64
		{5DFFBDA4-7DD7-4A59-8664-30223A8E9852}.Release|x64.Build.0 = Release|x64
		{5DFFBDA4-7DD7-4A59-8664-30223A8E9852}.Release|x86.ActiveCfg = Release|x86
		{5DFFBDA4-7DD7-4A59-8664-30223A8E9852}.Release|x86.Build.0 = Release|x86
		{DC05BBD8-1433-43CF-82A3-0008CF8CF0BB}.Debug|Any CPU.ActiveCfg = Debug|Any CPU
		{DC05BBD8-1433-43CF-82A3-0008CF8CF0BB}.Debug|Any CPU.Build.0 = Debug|Any CPU
		{DC05BBD8-1433-43CF-82A3-0008CF8CF0BB}.Debug|ARM.ActiveCfg = Debug|ARM
		{DC05BBD8-1433-43CF-82A3-0008CF8CF0BB}.Debug|ARM.Build.0 = Debug|ARM
		{DC05BBD8-1433-43CF-82A3-0008CF8CF0BB}.Debug|ARM64.ActiveCfg = Debug|ARM64
		{DC05BBD8-1433-43CF-82A3-0008CF8CF0BB}.Debug|ARM64.Build.0 = Debug|ARM64
		{DC05BBD8-1433-43CF-82A3-0008CF8CF0BB}.Debug|x64.ActiveCfg = Debug|x64
		{DC05BBD8-1433-43CF-82A3-0008CF8CF0BB}.Debug|x64.Build.0 = Debug|x64
		{DC05BBD8-1433-43CF-82A3-0008CF8CF0BB}.Debug|x86.ActiveCfg = Debug|x86
		{DC05BBD8-1433-43CF-82A3-0008CF8CF0BB}.Debug|x86.Build.0 = Debug|x86
		{DC05BBD8-1433-43CF-82A3-0008CF8CF0BB}.Release|Any CPU.ActiveCfg = Release|Any CPU
		{DC05BBD8-1433-43CF-82A3-0008CF8CF0BB}.Release|Any CPU.Build.0 = Release|Any CPU
		{DC05BBD8-1433-43CF-82A3-0008CF8CF0BB}.Release|ARM.ActiveCfg = Release|ARM
		{DC05BBD8-1433-43CF-82A3-0008CF8CF0BB}.Release|ARM.Build.0 = Release|ARM
		{DC05BBD8-1433-43CF-82A3-0008CF8CF0BB}.Release|ARM64.ActiveCfg = Release|ARM64
		{DC05BBD8-1433-43CF-82A3-0008CF8CF0BB}.Release|ARM64.Build.0 = Release|ARM64
		{DC05BBD8-1433-43CF-82A3-0008CF8CF0BB}.Release|x64.ActiveCfg = Release|x64
		{DC05BBD8-1433-43CF-82A3-0008CF8CF0BB}.Release|x64.Build.0 = Release|x64
		{DC05BBD8-1433-43CF-82A3-0008CF8CF0BB}.Release|x86.ActiveCfg = Release|x86
		{DC05BBD8-1433-43CF-82A3-0008CF8CF0BB}.Release|x86.Build.0 = Release|x86
		{3C7B43D8-AB79-42EC-9568-B2A09BD36C42}.Debug|Any CPU.ActiveCfg = Debug|Any CPU
		{3C7B43D8-AB79-42EC-9568-B2A09BD36C42}.Debug|Any CPU.Build.0 = Debug|Any CPU
		{3C7B43D8-AB79-42EC-9568-B2A09BD36C42}.Debug|ARM.ActiveCfg = Debug|ARM
		{3C7B43D8-AB79-42EC-9568-B2A09BD36C42}.Debug|ARM.Build.0 = Debug|ARM
		{3C7B43D8-AB79-42EC-9568-B2A09BD36C42}.Debug|ARM64.ActiveCfg = Debug|ARM64
		{3C7B43D8-AB79-42EC-9568-B2A09BD36C42}.Debug|ARM64.Build.0 = Debug|ARM64
		{3C7B43D8-AB79-42EC-9568-B2A09BD36C42}.Debug|x64.ActiveCfg = Debug|x64
		{3C7B43D8-AB79-42EC-9568-B2A09BD36C42}.Debug|x64.Build.0 = Debug|x64
		{3C7B43D8-AB79-42EC-9568-B2A09BD36C42}.Debug|x86.ActiveCfg = Debug|x86
		{3C7B43D8-AB79-42EC-9568-B2A09BD36C42}.Debug|x86.Build.0 = Debug|x86
		{3C7B43D8-AB79-42EC-9568-B2A09BD36C42}.Release|Any CPU.ActiveCfg = Release|Any CPU
		{3C7B43D8-AB79-42EC-9568-B2A09BD36C42}.Release|Any CPU.Build.0 = Release|Any CPU
		{3C7B43D8-AB79-42EC-9568-B2A09BD36C42}.Release|ARM.ActiveCfg = Release|ARM
		{3C7B43D8-AB79-42EC-9568-B2A09BD36C42}.Release|ARM.Build.0 = Release|ARM
		{3C7B43D8-AB79-42EC-9568-B2A09BD36C42}.Release|ARM64.ActiveCfg = Release|ARM64
		{3C7B43D8-AB79-42EC-9568-B2A09BD36C42}.Release|ARM64.Build.0 = Release|ARM64
		{3C7B43D8-AB79-42EC-9568-B2A09BD36C42}.Release|x64.ActiveCfg = Release|x64
		{3C7B43D8-AB79-42EC-9568-B2A09BD36C42}.Release|x64.Build.0 = Release|x64
		{3C7B43D8-AB79-42EC-9568-B2A09BD36C42}.Release|x86.ActiveCfg = Release|x86
		{3C7B43D8-AB79-42EC-9568-B2A09BD36C42}.Release|x86.Build.0 = Release|x86
	EndGlobalSection
	GlobalSection(SolutionProperties) = preSolution
		HideSolutionNode = FALSE
	EndGlobalSection
	GlobalSection(ExtensibilityGlobals) = postSolution
		SolutionGuid = {4641A617-7A4F-42D7-98FF-96ECA53C31B4}
	EndGlobalSection
EndGlobal
