
Microsoft Visual Studio Solution File, Format Version 12.00
# Visual Studio 15
VisualStudioVersion = 15.0.28307.852
MinimumVisualStudioVersion = 10.0.40219.1
Project("{FAE04EC0-301F-11D3-BF4B-00C04F79EFBC}") = "16-Commands.2_UI", "16-Commands.2_UI\16-Commands.2_UI.csproj", "{2A3825AD-8E8D-4508-A86A-EABA0928C599}"
EndProject
Project("{FAE04EC0-301F-11D3-BF4B-00C04F79EFBC}") = "16-Commands.2_Entities", "16-Commands.2_Entities\16-Commands.2_Entities.csproj", "{9810FFA5-D1D9-47C5-844C-1F09D745CE4E}"
EndProject
Global
	GlobalSection(SolutionConfigurationPlatforms) = preSolution
		Debug|Any CPU = Debug|Any CPU
		Debug|ARM = Debug|ARM
		Debug|ARM64 = Debug|ARM64
		Debug|x64 = Debug|x64
		Debug|x86 = Debug|x86
		Release|Any CPU = Release|Any CPU
		Release|ARM = Release|ARM
		Release|ARM64 = Release|ARM64
		Release|x64 = Release|x64
		Release|x86 = Release|x86
	EndGlobalSection
	GlobalSection(ProjectConfigurationPlatforms) = postSolution
		{2A3825AD-8E8D-4508-A86A-EABA0928C599}.Debug|Any CPU.ActiveCfg = Debug|x86
		{2A3825AD-8E8D-4508-A86A-EABA0928C599}.Debug|ARM.ActiveCfg = Debug|ARM
		{2A3825AD-8E8D-4508-A86A-EABA0928C599}.Debug|ARM.Build.0 = Debug|ARM
		{2A3825AD-8E8D-4508-A86A-EABA0928C599}.Debug|ARM.Deploy.0 = Debug|ARM
		{2A3825AD-8E8D-4508-A86A-EABA0928C599}.Debug|ARM64.ActiveCfg = Debug|ARM64
		{2A3825AD-8E8D-4508-A86A-EABA0928C599}.Debug|ARM64.Build.0 = Debug|ARM64
		{2A3825AD-8E8D-4508-A86A-EABA0928C599}.Debug|ARM64.Deploy.0 = Debug|ARM64
		{2A3825AD-8E8D-4508-A86A-EABA0928C599}.Debug|x64.ActiveCfg = Debug|x64
		{2A3825AD-8E8D-4508-A86A-EABA0928C599}.Debug|x64.Build.0 = Debug|x64
		{2A3825AD-8E8D-4508-A86A-EABA0928C599}.Debug|x64.Deploy.0 = Debug|x64
		{2A3825AD-8E8D-4508-A86A-EABA0928C599}.Debug|x86.ActiveCfg = Debug|x86
		{2A3825AD-8E8D-4508-A86A-EABA0928C599}.Debug|x86.Build.0 = Debug|x86
		{2A3825AD-8E8D-4508-A86A-EABA0928C599}.Debug|x86.Deploy.0 = Debug|x86
		{2A3825AD-8E8D-4508-A86A-EABA0928C599}.Release|Any CPU.ActiveCfg = Release|x86
		{2A3825AD-8E8D-4508-A86A-EABA0928C599}.Release|ARM.ActiveCfg = Release|ARM
		{2A3825AD-8E8D-4508-A86A-EABA0928C599}.Release|ARM.Build.0 = Release|ARM
		{2A3825AD-8E8D-4508-A86A-EABA0928C599}.Release|ARM.Deploy.0 = Release|ARM
		{2A3825AD-8E8D-4508-A86A-EABA0928C599}.Release|ARM64.ActiveCfg = Release|ARM64
		{2A3825AD-8E8D-4508-A86A-EABA0928C599}.Release|ARM64.Build.0 = Release|ARM64
		{2A3825AD-8E8D-4508-A86A-EABA0928C599}.Release|ARM64.Deploy.0 = Release|ARM64
		{2A3825AD-8E8D-4508-A86A-EABA0928C599}.Release|x64.ActiveCfg = Release|x64
		{2A3825AD-8E8D-4508-A86A-EABA0928C599}.Release|x64.Build.0 = Release|x64
		{2A3825AD-8E8D-4508-A86A-EABA0928C599}.Release|x64.Deploy.0 = Release|x64
		{2A3825AD-8E8D-4508-A86A-EABA0928C599}.Release|x86.ActiveCfg = Release|x86
		{2A3825AD-8E8D-4508-A86A-EABA0928C599}.Release|x86.Build.0 = Release|x86
		{2A3825AD-8E8D-4508-A86A-EABA0928C599}.Release|x86.Deploy.0 = Release|x86
		{9810FFA5-D1D9-47C5-844C-1F09D745CE4E}.Debug|Any CPU.ActiveCfg = Debug|Any CPU
		{9810FFA5-D1D9-47C5-844C-1F09D745CE4E}.Debug|Any CPU.Build.0 = Debug|Any CPU
		{9810FFA5-D1D9-47C5-844C-1F09D745CE4E}.Debug|ARM.ActiveCfg = Debug|ARM
		{9810FFA5-D1D9-47C5-844C-1F09D745CE4E}.Debug|ARM.Build.0 = Debug|ARM
		{9810FFA5-D1D9-47C5-844C-1F09D745CE4E}.Debug|ARM64.ActiveCfg = Debug|ARM64
		{9810FFA5-D1D9-47C5-844C-1F09D745CE4E}.Debug|ARM64.Build.0 = Debug|ARM64
		{9810FFA5-D1D9-47C5-844C-1F09D745CE4E}.Debug|x64.ActiveCfg = Debug|x64
		{9810FFA5-D1D9-47C5-844C-1F09D745CE4E}.Debug|x64.Build.0 = Debug|x64
		{9810FFA5-D1D9-47C5-844C-1F09D745CE4E}.Debug|x86.ActiveCfg = Debug|x86
		{9810FFA5-D1D9-47C5-844C-1F09D745CE4E}.Debug|x86.Build.0 = Debug|x86
		{9810FFA5-D1D9-47C5-844C-1F09D745CE4E}.Release|Any CPU.ActiveCfg = Release|Any CPU
		{9810FFA5-D1D9-47C5-844C-1F09D745CE4E}.Release|Any CPU.Build.0 = Release|Any CPU
		{9810FFA5-D1D9-47C5-844C-1F09D745CE4E}.Release|ARM.ActiveCfg = Release|ARM
		{9810FFA5-D1D9-47C5-844C-1F09D745CE4E}.Release|ARM.Build.0 = Release|ARM
		{9810FFA5-D1D9-47C5-844C-1F09D745CE4E}.Release|ARM64.ActiveCfg = Release|ARM64
		{9810FFA5-D1D9-47C5-844C-1F09D745CE4E}.Release|ARM64.Build.0 = Release|ARM64
		{9810FFA5-D1D9-47C5-844C-1F09D745CE4E}.Release|x64.ActiveCfg = Release|x64
		{9810FFA5-D1D9-47C5-844C-1F09D745CE4E}.Release|x64.Build.0 = Release|x64
		{9810FFA5-D1D9-47C5-844C-1F09D745CE4E}.Release|x86.ActiveCfg = Release|x86
		{9810FFA5-D1D9-47C5-844C-1F09D745CE4E}.Release|x86.Build.0 = Release|x86
	EndGlobalSection
	GlobalSection(SolutionProperties) = preSolution
		HideSolutionNode = FALSE
	EndGlobalSection
	GlobalSection(ExtensibilityGlobals) = postSolution
		SolutionGuid = {2A518053-7DA2-40B7-8673-512B47CA272D}
	EndGlobalSection
EndGlobal
