
Microsoft Visual Studio Solution File, Format Version 12.00
# Visual Studio 15
VisualStudioVersion = 15.0.28307.902
MinimumVisualStudioVersion = 10.0.40219.1
Project("{FAE04EC0-301F-11D3-BF4B-00C04F79EFBC}") = "ExamenPrimeraEval_UI", "ExamenPrimeraEval_UI\ExamenPrimeraEval_UI.csproj", "{E94AF0EE-4E33-45B6-9191-599C3A80C834}"
EndProject
Project("{FAE04EC0-301F-11D3-BF4B-00C04F79EFBC}") = "ExamenPrimeraEval_BL", "ExamenPrimeraEval_BL\ExamenPrimeraEval_BL.csproj", "{A3431714-D68A-4D67-A25F-3E052EA2ECF1}"
EndProject
Project("{FAE04EC0-301F-11D3-BF4B-00C04F79EFBC}") = "ExamenPrimeraEval_Entities", "ExamenPrimeraEval_Entities\ExamenPrimeraEval_Entities.csproj", "{43478F09-77ED-41F7-9071-893D55DDD520}"
EndProject
Project("{FAE04EC0-301F-11D3-BF4B-00C04F79EFBC}") = "ExamenPrimeraEval_DAL", "ExamenPrimeraEval_DAL\ExamenPrimeraEval_DAL.csproj", "{151BC916-FFDF-4F0C-975E-AFC8C41022F7}"
EndProject
Global
	GlobalSection(SolutionConfigurationPlatforms) = preSolution
		Debug|Any CPU = Debug|Any CPU
		Debug|ARM = Debug|ARM
		Debug|ARM64 = Debug|ARM64
		Debug|x64 = Debug|x64
		Debug|x86 = Debug|x86
		Release|Any CPU = Release|Any CPU
		Release|ARM = Release|ARM
		Release|ARM64 = Release|ARM64
		Release|x64 = Release|x64
		Release|x86 = Release|x86
	EndGlobalSection
	GlobalSection(ProjectConfigurationPlatforms) = postSolution
		{E94AF0EE-4E33-45B6-9191-599C3A80C834}.Debug|Any CPU.ActiveCfg = Debug|x86
		{E94AF0EE-4E33-45B6-9191-599C3A80C834}.Debug|ARM.ActiveCfg = Debug|ARM
		{E94AF0EE-4E33-45B6-9191-599C3A80C834}.Debug|ARM.Build.0 = Debug|ARM
		{E94AF0EE-4E33-45B6-9191-599C3A80C834}.Debug|ARM.Deploy.0 = Debug|ARM
		{E94AF0EE-4E33-45B6-9191-599C3A80C834}.Debug|ARM64.ActiveCfg = Debug|ARM64
		{E94AF0EE-4E33-45B6-9191-599C3A80C834}.Debug|ARM64.Build.0 = Debug|ARM64
		{E94AF0EE-4E33-45B6-9191-599C3A80C834}.Debug|ARM64.Deploy.0 = Debug|ARM64
		{E94AF0EE-4E33-45B6-9191-599C3A80C834}.Debug|x64.ActiveCfg = Debug|x64
		{E94AF0EE-4E33-45B6-9191-599C3A80C834}.Debug|x64.Build.0 = Debug|x64
		{E94AF0EE-4E33-45B6-9191-599C3A80C834}.Debug|x64.Deploy.0 = Debug|x64
		{E94AF0EE-4E33-45B6-9191-599C3A80C834}.Debug|x86.ActiveCfg = Debug|x86
		{E94AF0EE-4E33-45B6-9191-599C3A80C834}.Debug|x86.Build.0 = Debug|x86
		{E94AF0EE-4E33-45B6-9191-599C3A80C834}.Debug|x86.Deploy.0 = Debug|x86
		{E94AF0EE-4E33-45B6-9191-599C3A80C834}.Release|Any CPU.ActiveCfg = Release|x86
		{E94AF0EE-4E33-45B6-9191-599C3A80C834}.Release|ARM.ActiveCfg = Release|ARM
		{E94AF0EE-4E33-45B6-9191-599C3A80C834}.Release|ARM.Build.0 = Release|ARM
		{E94AF0EE-4E33-45B6-9191-599C3A80C834}.Release|ARM.Deploy.0 = Release|ARM
		{E94AF0EE-4E33-45B6-9191-599C3A80C834}.Release|ARM64.ActiveCfg = Release|ARM64
		{E94AF0EE-4E33-45B6-9191-599C3A80C834}.Release|ARM64.Build.0 = Release|ARM64
		{E94AF0EE-4E33-45B6-9191-599C3A80C834}.Release|ARM64.Deploy.0 = Release|ARM64
		{E94AF0EE-4E33-45B6-9191-599C3A80C834}.Release|x64.ActiveCfg = Release|x64
		{E94AF0EE-4E33-45B6-9191-599C3A80C834}.Release|x64.Build.0 = Release|x64
		{E94AF0EE-4E33-45B6-9191-599C3A80C834}.Release|x64.Deploy.0 = Release|x64
		{E94AF0EE-4E33-45B6-9191-599C3A80C834}.Release|x86.ActiveCfg = Release|x86
		{E94AF0EE-4E33-45B6-9191-599C3A80C834}.Release|x86.Build.0 = Release|x86
		{E94AF0EE-4E33-45B6-9191-599C3A80C834}.Release|x86.Deploy.0 = Release|x86
		{A3431714-D68A-4D67-A25F-3E052EA2ECF1}.Debug|Any CPU.ActiveCfg = Debug|Any CPU
		{A3431714-D68A-4D67-A25F-3E052EA2ECF1}.Debug|Any CPU.Build.0 = Debug|Any CPU
		{A3431714-D68A-4D67-A25F-3E052EA2ECF1}.Debug|ARM.ActiveCfg = Debug|ARM
		{A3431714-D68A-4D67-A25F-3E052EA2ECF1}.Debug|ARM.Build.0 = Debug|ARM
		{A3431714-D68A-4D67-A25F-3E052EA2ECF1}.Debug|ARM64.ActiveCfg = Debug|ARM64
		{A3431714-D68A-4D67-A25F-3E052EA2ECF1}.Debug|ARM64.Build.0 = Debug|ARM64
		{A3431714-D68A-4D67-A25F-3E052EA2ECF1}.Debug|x64.ActiveCfg = Debug|x64
		{A3431714-D68A-4D67-A25F-3E052EA2ECF1}.Debug|x64.Build.0 = Debug|x64
		{A3431714-D68A-4D67-A25F-3E052EA2ECF1}.Debug|x86.ActiveCfg = Debug|x86
		{A3431714-D68A-4D67-A25F-3E052EA2ECF1}.Debug|x86.Build.0 = Debug|x86
		{A3431714-D68A-4D67-A25F-3E052EA2ECF1}.Release|Any CPU.ActiveCfg = Release|Any CPU
		{A3431714-D68A-4D67-A25F-3E052EA2ECF1}.Release|Any CPU.Build.0 = Release|Any CPU
		{A3431714-D68A-4D67-A25F-3E052EA2ECF1}.Release|ARM.ActiveCfg = Release|ARM
		{A3431714-D68A-4D67-A25F-3E052EA2ECF1}.Release|ARM.Build.0 = Release|ARM
		{A3431714-D68A-4D67-A25F-3E052EA2ECF1}.Release|ARM64.ActiveCfg = Release|ARM64
		{A3431714-D68A-4D67-A25F-3E052EA2ECF1}.Release|ARM64.Build.0 = Release|ARM64
		{A3431714-D68A-4D67-A25F-3E052EA2ECF1}.Release|x64.ActiveCfg = Release|x64
		{A3431714-D68A-4D67-A25F-3E052EA2ECF1}.Release|x64.Build.0 = Release|x64
		{A3431714-D68A-4D67-A25F-3E052EA2ECF1}.Release|x86.ActiveCfg = Release|x86
		{A3431714-D68A-4D67-A25F-3E052EA2ECF1}.Release|x86.Build.0 = Release|x86
		{43478F09-77ED-41F7-9071-893D55DDD520}.Debug|Any CPU.ActiveCfg = Debug|Any CPU
		{43478F09-77ED-41F7-9071-893D55DDD520}.Debug|Any CPU.Build.0 = Debug|Any CPU
		{43478F09-77ED-41F7-9071-893D55DDD520}.Debug|ARM.ActiveCfg = Debug|ARM
		{43478F09-77ED-41F7-9071-893D55DDD520}.Debug|ARM.Build.0 = Debug|ARM
		{43478F09-77ED-41F7-9071-893D55DDD520}.Debug|ARM64.ActiveCfg = Debug|ARM64
		{43478F09-77ED-41F7-9071-893D55DDD520}.Debug|ARM64.Build.0 = Debug|ARM64
		{43478F09-77ED-41F7-9071-893D55DDD520}.Debug|x64.ActiveCfg = Debug|x64
		{43478F09-77ED-41F7-9071-893D55DDD520}.Debug|x64.Build.0 = Debug|x64
		{43478F09-77ED-41F7-9071-893D55DDD520}.Debug|x86.ActiveCfg = Debug|x86
		{43478F09-77ED-41F7-9071-893D55DDD520}.Debug|x86.Build.0 = Debug|x86
		{43478F09-77ED-41F7-9071-893D55DDD520}.Release|Any CPU.ActiveCfg = Release|Any CPU
		{43478F09-77ED-41F7-9071-893D55DDD520}.Release|Any CPU.Build.0 = Release|Any CPU
		{43478F09-77ED-41F7-9071-893D55DDD520}.Release|ARM.ActiveCfg = Release|ARM
		{43478F09-77ED-41F7-9071-893D55DDD520}.Release|ARM.Build.0 = Release|ARM
		{43478F09-77ED-41F7-9071-893D55DDD520}.Release|ARM64.ActiveCfg = Release|ARM64
		{43478F09-77ED-41F7-9071-893D55DDD520}.Release|ARM64.Build.0 = Release|ARM64
		{43478F09-77ED-41F7-9071-893D55DDD520}.Release|x64.ActiveCfg = Release|x64
		{43478F09-77ED-41F7-9071-893D55DDD520}.Release|x64.Build.0 = Release|x64
		{43478F09-77ED-41F7-9071-893D55DDD520}.Release|x86.ActiveCfg = Release|x86
		{43478F09-77ED-41F7-9071-893D55DDD520}.Release|x86.Build.0 = Release|x86
		{151BC916-FFDF-4F0C-975E-AFC8C41022F7}.Debug|Any CPU.ActiveCfg = Debug|Any CPU
		{151BC916-FFDF-4F0C-975E-AFC8C41022F7}.Debug|Any CPU.Build.0 = Debug|Any CPU
		{151BC916-FFDF-4F0C-975E-AFC8C41022F7}.Debug|ARM.ActiveCfg = Debug|ARM
		{151BC916-FFDF-4F0C-975E-AFC8C41022F7}.Debug|ARM.Build.0 = Debug|ARM
		{151BC916-FFDF-4F0C-975E-AFC8C41022F7}.Debug|ARM64.ActiveCfg = Debug|ARM64
		{151BC916-FFDF-4F0C-975E-AFC8C41022F7}.Debug|ARM64.Build.0 = Debug|ARM64
		{151BC916-FFDF-4F0C-975E-AFC8C41022F7}.Debug|x64.ActiveCfg = Debug|x64
		{151BC916-FFDF-4F0C-975E-AFC8C41022F7}.Debug|x64.Build.0 = Debug|x64
		{151BC916-FFDF-4F0C-975E-AFC8C41022F7}.Debug|x86.ActiveCfg = Debug|x86
		{151BC916-FFDF-4F0C-975E-AFC8C41022F7}.Debug|x86.Build.0 = Debug|x86
		{151BC916-FFDF-4F0C-975E-AFC8C41022F7}.Release|Any CPU.ActiveCfg = Release|Any CPU
		{151BC916-FFDF-4F0C-975E-AFC8C41022F7}.Release|Any CPU.Build.0 = Release|Any CPU
		{151BC916-FFDF-4F0C-975E-AFC8C41022F7}.Release|ARM.ActiveCfg = Release|ARM
		{151BC916-FFDF-4F0C-975E-AFC8C41022F7}.Release|ARM.Build.0 = Release|ARM
		{151BC916-FFDF-4F0C-975E-AFC8C41022F7}.Release|ARM64.ActiveCfg = Release|ARM64
		{151BC916-FFDF-4F0C-975E-AFC8C41022F7}.Release|ARM64.Build.0 = Release|ARM64
		{151BC916-FFDF-4F0C-975E-AFC8C41022F7}.Release|x64.ActiveCfg = Release|x64
		{151BC916-FFDF-4F0C-975E-AFC8C41022F7}.Release|x64.Build.0 = Release|x64
		{151BC916-FFDF-4F0C-975E-AFC8C41022F7}.Release|x86.ActiveCfg = Release|x86
		{151BC916-FFDF-4F0C-975E-AFC8C41022F7}.Release|x86.Build.0 = Release|x86
	EndGlobalSection
	GlobalSection(SolutionProperties) = preSolution
		HideSolutionNode = FALSE
	EndGlobalSection
	GlobalSection(ExtensibilityGlobals) = postSolution
		SolutionGuid = {12644DE0-8A7E-40DD-8607-CB2059D29225}
	EndGlobalSection
EndGlobal
