
Microsoft Visual Studio Solution File, Format Version 12.00
# Visual Studio 15
VisualStudioVersion = 15.0.28307.1022
MinimumVisualStudioVersion = 10.0.40219.1
Project("{FAE04EC0-301F-11D3-BF4B-00C04F79EFBC}") = "CrearPruebaCamellos_UI", "CrearPruebaCamellos_UI\CrearPruebaCamellos_UI.csproj", "{DACB61D9-0511-4527-AB11-C273983D134B}"
EndProject
Project("{FAE04EC0-301F-11D3-BF4B-00C04F79EFBC}") = "CrearPruebaCamellos_Entities", "CrearPruebaCamellos_Entities\CrearPruebaCamellos_Entities.csproj", "{9310851C-2D7D-4F4D-839B-249051A5E1CD}"
EndProject
Project("{FAE04EC0-301F-11D3-BF4B-00C04F79EFBC}") = "CrearPruebaCamellos_DAL", "CrearPruebaCamellos_DAL\CrearPruebaCamellos_DAL.csproj", "{295CE690-00B0-4316-9B5C-32BE7056D8FA}"
EndProject
Project("{FAE04EC0-301F-11D3-BF4B-00C04F79EFBC}") = "CrearPruebaCamellos_BL", "CrearPruebaCamellos_BL\CrearPruebaCamellos_BL.csproj", "{E4D208F2-8ACF-4AA8-8B65-8EA5946EEFF9}"
EndProject
Global
	GlobalSection(SolutionConfigurationPlatforms) = preSolution
		Debug|Any CPU = Debug|Any CPU
		Debug|ARM = Debug|ARM
		Debug|ARM64 = Debug|ARM64
		Debug|x64 = Debug|x64
		Debug|x86 = Debug|x86
		Release|Any CPU = Release|Any CPU
		Release|ARM = Release|ARM
		Release|ARM64 = Release|ARM64
		Release|x64 = Release|x64
		Release|x86 = Release|x86
	EndGlobalSection
	GlobalSection(ProjectConfigurationPlatforms) = postSolution
		{DACB61D9-0511-4527-AB11-C273983D134B}.Debug|Any CPU.ActiveCfg = Debug|x86
		{DACB61D9-0511-4527-AB11-C273983D134B}.Debug|ARM.ActiveCfg = Debug|ARM
		{DACB61D9-0511-4527-AB11-C273983D134B}.Debug|ARM.Build.0 = Debug|ARM
		{DACB61D9-0511-4527-AB11-C273983D134B}.Debug|ARM.Deploy.0 = Debug|ARM
		{DACB61D9-0511-4527-AB11-C273983D134B}.Debug|ARM64.ActiveCfg = Debug|ARM64
		{DACB61D9-0511-4527-AB11-C273983D134B}.Debug|ARM64.Build.0 = Debug|ARM64
		{DACB61D9-0511-4527-AB11-C273983D134B}.Debug|ARM64.Deploy.0 = Debug|ARM64
		{DACB61D9-0511-4527-AB11-C273983D134B}.Debug|x64.ActiveCfg = Debug|x64
		{DACB61D9-0511-4527-AB11-C273983D134B}.Debug|x64.Build.0 = Debug|x64
		{DACB61D9-0511-4527-AB11-C273983D134B}.Debug|x64.Deploy.0 = Debug|x64
		{DACB61D9-0511-4527-AB11-C273983D134B}.Debug|x86.ActiveCfg = Debug|x86
		{DACB61D9-0511-4527-AB11-C273983D134B}.Debug|x86.Build.0 = Debug|x86
		{DACB61D9-0511-4527-AB11-C273983D134B}.Debug|x86.Deploy.0 = Debug|x86
		{DACB61D9-0511-4527-AB11-C273983D134B}.Release|Any CPU.ActiveCfg = Release|x86
		{DACB61D9-0511-4527-AB11-C273983D134B}.Release|ARM.ActiveCfg = Release|ARM
		{DACB61D9-0511-4527-AB11-C273983D134B}.Release|ARM.Build.0 = Release|ARM
		{DACB61D9-0511-4527-AB11-C273983D134B}.Release|ARM.Deploy.0 = Release|ARM
		{DACB61D9-0511-4527-AB11-C273983D134B}.Release|ARM64.ActiveCfg = Release|ARM64
		{DACB61D9-0511-4527-AB11-C273983D134B}.Release|ARM64.Build.0 = Release|ARM64
		{DACB61D9-0511-4527-AB11-C273983D134B}.Release|ARM64.Deploy.0 = Release|ARM64
		{DACB61D9-0511-4527-AB11-C273983D134B}.Release|x64.ActiveCfg = Release|x64
		{DACB61D9-0511-4527-AB11-C273983D134B}.Release|x64.Build.0 = Release|x64
		{DACB61D9-0511-4527-AB11-C273983D134B}.Release|x64.Deploy.0 = Release|x64
		{DACB61D9-0511-4527-AB11-C273983D134B}.Release|x86.ActiveCfg = Release|x86
		{DACB61D9-0511-4527-AB11-C273983D134B}.Release|x86.Build.0 = Release|x86
		{DACB61D9-0511-4527-AB11-C273983D134B}.Release|x86.Deploy.0 = Release|x86
		{9310851C-2D7D-4F4D-839B-249051A5E1CD}.Debug|Any CPU.ActiveCfg = Debug|Any CPU
		{9310851C-2D7D-4F4D-839B-249051A5E1CD}.Debug|Any CPU.Build.0 = Debug|Any CPU
		{9310851C-2D7D-4F4D-839B-249051A5E1CD}.Debug|ARM.ActiveCfg = Debug|ARM
		{9310851C-2D7D-4F4D-839B-249051A5E1CD}.Debug|ARM.Build.0 = Debug|ARM
		{9310851C-2D7D-4F4D-839B-249051A5E1CD}.Debug|ARM64.ActiveCfg = Debug|ARM64
		{9310851C-2D7D-4F4D-839B-249051A5E1CD}.Debug|ARM64.Build.0 = Debug|ARM64
		{9310851C-2D7D-4F4D-839B-249051A5E1CD}.Debug|x64.ActiveCfg = Debug|x64
		{9310851C-2D7D-4F4D-839B-249051A5E1CD}.Debug|x64.Build.0 = Debug|x64
		{9310851C-2D7D-4F4D-839B-249051A5E1CD}.Debug|x86.ActiveCfg = Debug|x86
		{9310851C-2D7D-4F4D-839B-249051A5E1CD}.Debug|x86.Build.0 = Debug|x86
		{9310851C-2D7D-4F4D-839B-249051A5E1CD}.Release|Any CPU.ActiveCfg = Release|Any CPU
		{9310851C-2D7D-4F4D-839B-249051A5E1CD}.Release|Any CPU.Build.0 = Release|Any CPU
		{9310851C-2D7D-4F4D-839B-249051A5E1CD}.Release|ARM.ActiveCfg = Release|ARM
		{9310851C-2D7D-4F4D-839B-249051A5E1CD}.Release|ARM.Build.0 = Release|ARM
		{9310851C-2D7D-4F4D-839B-249051A5E1CD}.Release|ARM64.ActiveCfg = Release|ARM64
		{9310851C-2D7D-4F4D-839B-249051A5E1CD}.Release|ARM64.Build.0 = Release|ARM64
		{9310851C-2D7D-4F4D-839B-249051A5E1CD}.Release|x64.ActiveCfg = Release|x64
		{9310851C-2D7D-4F4D-839B-249051A5E1CD}.Release|x64.Build.0 = Release|x64
		{9310851C-2D7D-4F4D-839B-249051A5E1CD}.Release|x86.ActiveCfg = Release|x86
		{9310851C-2D7D-4F4D-839B-249051A5E1CD}.Release|x86.Build.0 = Release|x86
		{295CE690-00B0-4316-9B5C-32BE7056D8FA}.Debug|Any CPU.ActiveCfg = Debug|Any CPU
		{295CE690-00B0-4316-9B5C-32BE7056D8FA}.Debug|Any CPU.Build.0 = Debug|Any CPU
		{295CE690-00B0-4316-9B5C-32BE7056D8FA}.Debug|ARM.ActiveCfg = Debug|ARM
		{295CE690-00B0-4316-9B5C-32BE7056D8FA}.Debug|ARM.Build.0 = Debug|ARM
		{295CE690-00B0-4316-9B5C-32BE7056D8FA}.Debug|ARM64.ActiveCfg = Debug|ARM64
		{295CE690-00B0-4316-9B5C-32BE7056D8FA}.Debug|ARM64.Build.0 = Debug|ARM64
		{295CE690-00B0-4316-9B5C-32BE7056D8FA}.Debug|x64.ActiveCfg = Debug|x64
		{295CE690-00B0-4316-9B5C-32BE7056D8FA}.Debug|x64.Build.0 = Debug|x64
		{295CE690-00B0-4316-9B5C-32BE7056D8FA}.Debug|x86.ActiveCfg = Debug|x86
		{295CE690-00B0-4316-9B5C-32BE7056D8FA}.Debug|x86.Build.0 = Debug|x86
		{295CE690-00B0-4316-9B5C-32BE7056D8FA}.Release|Any CPU.ActiveCfg = Release|Any CPU
		{295CE690-00B0-4316-9B5C-32BE7056D8FA}.Release|Any CPU.Build.0 = Release|Any CPU
		{295CE690-00B0-4316-9B5C-32BE7056D8FA}.Release|ARM.ActiveCfg = Release|ARM
		{295CE690-00B0-4316-9B5C-32BE7056D8FA}.Release|ARM.Build.0 = Release|ARM
		{295CE690-00B0-4316-9B5C-32BE7056D8FA}.Release|ARM64.ActiveCfg = Release|ARM64
		{295CE690-00B0-4316-9B5C-32BE7056D8FA}.Release|ARM64.Build.0 = Release|ARM64
		{295CE690-00B0-4316-9B5C-32BE7056D8FA}.Release|x64.ActiveCfg = Release|x64
		{295CE690-00B0-4316-9B5C-32BE7056D8FA}.Release|x64.Build.0 = Release|x64
		{295CE690-00B0-4316-9B5C-32BE7056D8FA}.Release|x86.ActiveCfg = Release|x86
		{295CE690-00B0-4316-9B5C-32BE7056D8FA}.Release|x86.Build.0 = Release|x86
		{E4D208F2-8ACF-4AA8-8B65-8EA5946EEFF9}.Debug|Any CPU.ActiveCfg = Debug|Any CPU
		{E4D208F2-8ACF-4AA8-8B65-8EA5946EEFF9}.Debug|Any CPU.Build.0 = Debug|Any CPU
		{E4D208F2-8ACF-4AA8-8B65-8EA5946EEFF9}.Debug|ARM.ActiveCfg = Debug|ARM
		{E4D208F2-8ACF-4AA8-8B65-8EA5946EEFF9}.Debug|ARM.Build.0 = Debug|ARM
		{E4D208F2-8ACF-4AA8-8B65-8EA5946EEFF9}.Debug|ARM64.ActiveCfg = Debug|ARM64
		{E4D208F2-8ACF-4AA8-8B65-8EA5946EEFF9}.Debug|ARM64.Build.0 = Debug|ARM64
		{E4D208F2-8ACF-4AA8-8B65-8EA5946EEFF9}.Debug|x64.ActiveCfg = Debug|x64
		{E4D208F2-8ACF-4AA8-8B65-8EA5946EEFF9}.Debug|x64.Build.0 = Debug|x64
		{E4D208F2-8ACF-4AA8-8B65-8EA5946EEFF9}.Debug|x86.ActiveCfg = Debug|x86
		{E4D208F2-8ACF-4AA8-8B65-8EA5946EEFF9}.Debug|x86.Build.0 = Debug|x86
		{E4D208F2-8ACF-4AA8-8B65-8EA5946EEFF9}.Release|Any CPU.ActiveCfg = Release|Any CPU
		{E4D208F2-8ACF-4AA8-8B65-8EA5946EEFF9}.Release|Any CPU.Build.0 = Release|Any CPU
		{E4D208F2-8ACF-4AA8-8B65-8EA5946EEFF9}.Release|ARM.ActiveCfg = Release|ARM
		{E4D208F2-8ACF-4AA8-8B65-8EA5946EEFF9}.Release|ARM.Build.0 = Release|ARM
		{E4D208F2-8ACF-4AA8-8B65-8EA5946EEFF9}.Release|ARM64.ActiveCfg = Release|ARM64
		{E4D208F2-8ACF-4AA8-8B65-8EA5946EEFF9}.Release|ARM64.Build.0 = Release|ARM64
		{E4D208F2-8ACF-4AA8-8B65-8EA5946EEFF9}.Release|x64.ActiveCfg = Release|x64
		{E4D208F2-8ACF-4AA8-8B65-8EA5946EEFF9}.Release|x64.Build.0 = Release|x64
		{E4D208F2-8ACF-4AA8-8B65-8EA5946EEFF9}.Release|x86.ActiveCfg = Release|x86
		{E4D208F2-8ACF-4AA8-8B65-8EA5946EEFF9}.Release|x86.Build.0 = Release|x86
	EndGlobalSection
	GlobalSection(SolutionProperties) = preSolution
		HideSolutionNode = FALSE
	EndGlobalSection
	GlobalSection(ExtensibilityGlobals) = postSolution
		SolutionGuid = {B642476E-79DB-422F-9E5B-006B7689D849}
	EndGlobalSection
EndGlobal
