
Microsoft Visual Studio Solution File, Format Version 12.00
# Visual Studio 15
VisualStudioVersion = 15.0.28307.902
MinimumVisualStudioVersion = 10.0.40219.1
Project("{FAE04EC0-301F-11D3-BF4B-00C04F79EFBC}") = "BuscaMinas_UI", "BuscaMinas_UI\BuscaMinas_UI.csproj", "{F0019B00-BBA6-4EBC-B627-13D3B51E38DA}"
EndProject
Project("{FAE04EC0-301F-11D3-BF4B-00C04F79EFBC}") = "BuscaMinas_Entities", "BuscaMinas_Entities\BuscaMinas_Entities.csproj", "{53767701-E488-4F48-BD11-F4244AABDCD2}"
EndProject
Global
	GlobalSection(SolutionConfigurationPlatforms) = preSolution
		Debug|Any CPU = Debug|Any CPU
		Debug|ARM = Debug|ARM
		Debug|ARM64 = Debug|ARM64
		Debug|x64 = Debug|x64
		Debug|x86 = Debug|x86
		Release|Any CPU = Release|Any CPU
		Release|ARM = Release|ARM
		Release|ARM64 = Release|ARM64
		Release|x64 = Release|x64
		Release|x86 = Release|x86
	EndGlobalSection
	GlobalSection(ProjectConfigurationPlatforms) = postSolution
		{F0019B00-BBA6-4EBC-B627-13D3B51E38DA}.Debug|Any CPU.ActiveCfg = Debug|x86
		{F0019B00-BBA6-4EBC-B627-13D3B51E38DA}.Debug|ARM.ActiveCfg = Debug|ARM
		{F0019B00-BBA6-4EBC-B627-13D3B51E38DA}.Debug|ARM.Build.0 = Debug|ARM
		{F0019B00-BBA6-4EBC-B627-13D3B51E38DA}.Debug|ARM.Deploy.0 = Debug|ARM
		{F0019B00-BBA6-4EBC-B627-13D3B51E38DA}.Debug|ARM64.ActiveCfg = Debug|ARM64
		{F0019B00-BBA6-4EBC-B627-13D3B51E38DA}.Debug|ARM64.Build.0 = Debug|ARM64
		{F0019B00-BBA6-4EBC-B627-13D3B51E38DA}.Debug|ARM64.Deploy.0 = Debug|ARM64
		{F0019B00-BBA6-4EBC-B627-13D3B51E38DA}.Debug|x64.ActiveCfg = Debug|x64
		{F0019B00-BBA6-4EBC-B627-13D3B51E38DA}.Debug|x64.Build.0 = Debug|x64
		{F0019B00-BBA6-4EBC-B627-13D3B51E38DA}.Debug|x64.Deploy.0 = Debug|x64
		{F0019B00-BBA6-4EBC-B627-13D3B51E38DA}.Debug|x86.ActiveCfg = Debug|x86
		{F0019B00-BBA6-4EBC-B627-13D3B51E38DA}.Debug|x86.Build.0 = Debug|x86
		{F0019B00-BBA6-4EBC-B627-13D3B51E38DA}.Debug|x86.Deploy.0 = Debug|x86
		{F0019B00-BBA6-4EBC-B627-13D3B51E38DA}.Release|Any CPU.ActiveCfg = Release|x86
		{F0019B00-BBA6-4EBC-B627-13D3B51E38DA}.Release|ARM.ActiveCfg = Release|ARM
		{F0019B00-BBA6-4EBC-B627-13D3B51E38DA}.Release|ARM.Build.0 = Release|ARM
		{F0019B00-BBA6-4EBC-B627-13D3B51E38DA}.Release|ARM.Deploy.0 = Release|ARM
		{F0019B00-BBA6-4EBC-B627-13D3B51E38DA}.Release|ARM64.ActiveCfg = Release|ARM64
		{F0019B00-BBA6-4EBC-B627-13D3B51E38DA}.Release|ARM64.Build.0 = Release|ARM64
		{F0019B00-BBA6-4EBC-B627-13D3B51E38DA}.Release|ARM64.Deploy.0 = Release|ARM64
		{F0019B00-BBA6-4EBC-B627-13D3B51E38DA}.Release|x64.ActiveCfg = Release|x64
		{F0019B00-BBA6-4EBC-B627-13D3B51E38DA}.Release|x64.Build.0 = Release|x64
		{F0019B00-BBA6-4EBC-B627-13D3B51E38DA}.Release|x64.Deploy.0 = Release|x64
		{F0019B00-BBA6-4EBC-B627-13D3B51E38DA}.Release|x86.ActiveCfg = Release|x86
		{F0019B00-BBA6-4EBC-B627-13D3B51E38DA}.Release|x86.Build.0 = Release|x86
		{F0019B00-BBA6-4EBC-B627-13D3B51E38DA}.Release|x86.Deploy.0 = Release|x86
		{53767701-E488-4F48-BD11-F4244AABDCD2}.Debug|Any CPU.ActiveCfg = Debug|Any CPU
		{53767701-E488-4F48-BD11-F4244AABDCD2}.Debug|Any CPU.Build.0 = Debug|Any CPU
		{53767701-E488-4F48-BD11-F4244AABDCD2}.Debug|ARM.ActiveCfg = Debug|ARM
		{53767701-E488-4F48-BD11-F4244AABDCD2}.Debug|ARM.Build.0 = Debug|ARM
		{53767701-E488-4F48-BD11-F4244AABDCD2}.Debug|ARM64.ActiveCfg = Debug|ARM64
		{53767701-E488-4F48-BD11-F4244AABDCD2}.Debug|ARM64.Build.0 = Debug|ARM64
		{53767701-E488-4F48-BD11-F4244AABDCD2}.Debug|x64.ActiveCfg = Debug|x64
		{53767701-E488-4F48-BD11-F4244AABDCD2}.Debug|x64.Build.0 = Debug|x64
		{53767701-E488-4F48-BD11-F4244AABDCD2}.Debug|x86.ActiveCfg = Debug|x86
		{53767701-E488-4F48-BD11-F4244AABDCD2}.Debug|x86.Build.0 = Debug|x86
		{53767701-E488-4F48-BD11-F4244AABDCD2}.Release|Any CPU.ActiveCfg = Release|Any CPU
		{53767701-E488-4F48-BD11-F4244AABDCD2}.Release|Any CPU.Build.0 = Release|Any CPU
		{53767701-E488-4F48-BD11-F4244AABDCD2}.Release|ARM.ActiveCfg = Release|ARM
		{53767701-E488-4F48-BD11-F4244AABDCD2}.Release|ARM.Build.0 = Release|ARM
		{53767701-E488-4F48-BD11-F4244AABDCD2}.Release|ARM64.ActiveCfg = Release|ARM64
		{53767701-E488-4F48-BD11-F4244AABDCD2}.Release|ARM64.Build.0 = Release|ARM64
		{53767701-E488-4F48-BD11-F4244AABDCD2}.Release|x64.ActiveCfg = Release|x64
		{53767701-E488-4F48-BD11-F4244AABDCD2}.Release|x64.Build.0 = Release|x64
		{53767701-E488-4F48-BD11-F4244AABDCD2}.Release|x86.ActiveCfg = Release|x86
		{53767701-E488-4F48-BD11-F4244AABDCD2}.Release|x86.Build.0 = Release|x86
	EndGlobalSection
	GlobalSection(SolutionProperties) = preSolution
		HideSolutionNode = FALSE
	EndGlobalSection
	GlobalSection(ExtensibilityGlobals) = postSolution
		SolutionGuid = {89ADDA45-63B3-43C3-94DB-171E5D6A8F3D}
	EndGlobalSection
EndGlobal
