
Microsoft Visual Studio Solution File, Format Version 12.00
# Visual Studio 15
VisualStudioVersion = 15.0.28307.1022
MinimumVisualStudioVersion = 10.0.40219.1
Project("{FAE04EC0-301F-11D3-BF4B-00C04F79EFBC}") = "PruebaCRUDXamarin_UI.Android", "PruebaCRUDXamarin_UI\PruebaCRUDXamarin_UI.Android\PruebaCRUDXamarin_UI.Android.csproj", "{A39FB02D-26BA-4923-876F-EEDF3A5D36F0}"
EndProject
Project("{FAE04EC0-301F-11D3-BF4B-00C04F79EFBC}") = "PruebaCRUDXamarin_UI.iOS", "PruebaCRUDXamarin_UI\PruebaCRUDXamarin_UI.iOS\PruebaCRUDXamarin_UI.iOS.csproj", "{EF2590A6-7791-4BEB-BCDE-0236D5B41800}"
EndProject
Project("{FAE04EC0-301F-11D3-BF4B-00C04F79EFBC}") = "PruebaCRUDXamarin_UI.UWP", "PruebaCRUDXamarin_UI\PruebaCRUDXamarin_UI.UWP\PruebaCRUDXamarin_UI.UWP.csproj", "{8198DE0B-2F92-4929-BE96-2C0D3BE9773C}"
EndProject
Project("{FAE04EC0-301F-11D3-BF4B-00C04F79EFBC}") = "PruebaCRUDXamarin_UI", "PruebaCRUDXamarin_UI\PruebaCRUDXamarin_UI\PruebaCRUDXamarin_UI.csproj", "{957BAADE-A364-4794-9659-B534B5310440}"
EndProject
Project("{FAE04EC0-301F-11D3-BF4B-00C04F79EFBC}") = "PruebaCRUDXamarin_Entities", "PruebaCRUDXamarin_Entities\PruebaCRUDXamarin_Entities.csproj", "{47B018F3-5B2F-4081-90F0-04640D2740EE}"
EndProject
Project("{FAE04EC0-301F-11D3-BF4B-00C04F79EFBC}") = "PruebaCRUDXamarin_DAL", "PruebaCRUDXamarin_DAL\PruebaCRUDXamarin_DAL.csproj", "{A627A5CB-58D1-44AB-B00D-87CBAAC6607A}"
EndProject
Project("{FAE04EC0-301F-11D3-BF4B-00C04F79EFBC}") = "PruebaCRUDXamarin_BL", "PruebaCRUDXamarin_BL\PruebaCRUDXamarin_BL.csproj", "{38EC777F-3CB0-400E-B959-10A42F723826}"
EndProject
Global
	GlobalSection(SolutionConfigurationPlatforms) = preSolution
		Ad-Hoc|Any CPU = Ad-Hoc|Any CPU
		Ad-Hoc|ARM = Ad-Hoc|ARM
		Ad-Hoc|iPhone = Ad-Hoc|iPhone
		Ad-Hoc|iPhoneSimulator = Ad-Hoc|iPhoneSimulator
		Ad-Hoc|x64 = Ad-Hoc|x64
		Ad-Hoc|x86 = Ad-Hoc|x86
		AppStore|Any CPU = AppStore|Any CPU
		AppStore|ARM = AppStore|ARM
		AppStore|iPhone = AppStore|iPhone
		AppStore|iPhoneSimulator = AppStore|iPhoneSimulator
		AppStore|x64 = AppStore|x64
		AppStore|x86 = AppStore|x86
		Debug|Any CPU = Debug|Any CPU
		Debug|ARM = Debug|ARM
		Debug|iPhone = Debug|iPhone
		Debug|iPhoneSimulator = Debug|iPhoneSimulator
		Debug|x64 = Debug|x64
		Debug|x86 = Debug|x86
		Release|Any CPU = Release|Any CPU
		Release|ARM = Release|ARM
		Release|iPhone = Release|iPhone
		Release|iPhoneSimulator = Release|iPhoneSimulator
		Release|x64 = Release|x64
		Release|x86 = Release|x86
	EndGlobalSection
	GlobalSection(ProjectConfigurationPlatforms) = postSolution
		{A39FB02D-26BA-4923-876F-EEDF3A5D36F0}.Ad-Hoc|Any CPU.ActiveCfg = Release|Any CPU
		{A39FB02D-26BA-4923-876F-EEDF3A5D36F0}.Ad-Hoc|Any CPU.Build.0 = Release|Any CPU
		{A39FB02D-26BA-4923-876F-EEDF3A5D36F0}.Ad-Hoc|Any CPU.Deploy.0 = Release|Any CPU
		{A39FB02D-26BA-4923-876F-EEDF3A5D36F0}.Ad-Hoc|ARM.ActiveCfg = Release|Any CPU
		{A39FB02D-26BA-4923-876F-EEDF3A5D36F0}.Ad-Hoc|ARM.Build.0 = Release|Any CPU
		{A39FB02D-26BA-4923-876F-EEDF3A5D36F0}.Ad-Hoc|ARM.Deploy.0 = Release|Any CPU
		{A39FB02D-26BA-4923-876F-EEDF3A5D36F0}.Ad-Hoc|iPhone.ActiveCfg = Release|Any CPU
		{A39FB02D-26BA-4923-876F-EEDF3A5D36F0}.Ad-Hoc|iPhone.Build.0 = Release|Any CPU
		{A39FB02D-26BA-4923-876F-EEDF3A5D36F0}.Ad-Hoc|iPhone.Deploy.0 = Release|Any CPU
		{A39FB02D-26BA-4923-876F-EEDF3A5D36F0}.Ad-Hoc|iPhoneSimulator.ActiveCfg = Release|Any CPU
		{A39FB02D-26BA-4923-876F-EEDF3A5D36F0}.Ad-Hoc|iPhoneSimulator.Build.0 = Release|Any CPU
		{A39FB02D-26BA-4923-876F-EEDF3A5D36F0}.Ad-Hoc|iPhoneSimulator.Deploy.0 = Release|Any CPU
		{A39FB02D-26BA-4923-876F-EEDF3A5D36F0}.Ad-Hoc|x64.ActiveCfg = Release|Any CPU
		{A39FB02D-26BA-4923-876F-EEDF3A5D36F0}.Ad-Hoc|x64.Build.0 = Release|Any CPU
		{A39FB02D-26BA-4923-876F-EEDF3A5D36F0}.Ad-Hoc|x64.Deploy.0 = Release|Any CPU
		{A39FB02D-26BA-4923-876F-EEDF3A5D36F0}.Ad-Hoc|x86.ActiveCfg = Release|Any CPU
		{A39FB02D-26BA-4923-876F-EEDF3A5D36F0}.Ad-Hoc|x86.Build.0 = Release|Any CPU
		{A39FB02D-26BA-4923-876F-EEDF3A5D36F0}.Ad-Hoc|x86.Deploy.0 = Release|Any CPU
		{A39FB02D-26BA-4923-876F-EEDF3A5D36F0}.AppStore|Any CPU.ActiveCfg = Release|Any CPU
		{A39FB02D-26BA-4923-876F-EEDF3A5D36F0}.AppStore|Any CPU.Build.0 = Release|Any CPU
		{A39FB02D-26BA-4923-876F-EEDF3A5D36F0}.AppStore|Any CPU.Deploy.0 = Release|Any CPU
		{A39FB02D-26BA-4923-876F-EEDF3A5D36F0}.AppStore|ARM.ActiveCfg = Release|Any CPU
		{A39FB02D-26BA-4923-876F-EEDF3A5D36F0}.AppStore|ARM.Build.0 = Release|Any CPU
		{A39FB02D-26BA-4923-876F-EEDF3A5D36F0}.AppStore|ARM.Deploy.0 = Release|Any CPU
		{A39FB02D-26BA-4923-876F-EEDF3A5D36F0}.AppStore|iPhone.ActiveCfg = Release|Any CPU
		{A39FB02D-26BA-4923-876F-EEDF3A5D36F0}.AppStore|iPhone.Build.0 = Release|Any CPU
		{A39FB02D-26BA-4923-876F-EEDF3A5D36F0}.AppStore|iPhone.Deploy.0 = Release|Any CPU
		{A39FB02D-26BA-4923-876F-EEDF3A5D36F0}.AppStore|iPhoneSimulator.ActiveCfg = Release|Any CPU
		{A39FB02D-26BA-4923-876F-EEDF3A5D36F0}.AppStore|iPhoneSimulator.Build.0 = Release|Any CPU
		{A39FB02D-26BA-4923-876F-EEDF3A5D36F0}.AppStore|iPhoneSimulator.Deploy.0 = Release|Any CPU
		{A39FB02D-26BA-4923-876F-EEDF3A5D36F0}.AppStore|x64.ActiveCfg = Release|Any CPU
		{A39FB02D-26BA-4923-876F-EEDF3A5D36F0}.AppStore|x64.Build.0 = Release|Any CPU
		{A39FB02D-26BA-4923-876F-EEDF3A5D36F0}.AppStore|x64.Deploy.0 = Release|Any CPU
		{A39FB02D-26BA-4923-876F-EEDF3A5D36F0}.AppStore|x86.ActiveCfg = Release|Any CPU
		{A39FB02D-26BA-4923-876F-EEDF3A5D36F0}.AppStore|x86.Build.0 = Release|Any CPU
		{A39FB02D-26BA-4923-876F-EEDF3A5D36F0}.AppStore|x86.Deploy.0 = Release|Any CPU
		{A39FB02D-26BA-4923-876F-EEDF3A5D36F0}.Debug|Any CPU.ActiveCfg = Debug|Any CPU
		{A39FB02D-26BA-4923-876F-EEDF3A5D36F0}.Debug|Any CPU.Build.0 = Debug|Any CPU
		{A39FB02D-26BA-4923-876F-EEDF3A5D36F0}.Debug|Any CPU.Deploy.0 = Debug|Any CPU
		{A39FB02D-26BA-4923-876F-EEDF3A5D36F0}.Debug|ARM.ActiveCfg = Debug|Any CPU
		{A39FB02D-26BA-4923-876F-EEDF3A5D36F0}.Debug|ARM.Build.0 = Debug|Any CPU
		{A39FB02D-26BA-4923-876F-EEDF3A5D36F0}.Debug|ARM.Deploy.0 = Debug|Any CPU
		{A39FB02D-26BA-4923-876F-EEDF3A5D36F0}.Debug|iPhone.ActiveCfg = Debug|Any CPU
		{A39FB02D-26BA-4923-876F-EEDF3A5D36F0}.Debug|iPhone.Build.0 = Debug|Any CPU
		{A39FB02D-26BA-4923-876F-EEDF3A5D36F0}.Debug|iPhone.Deploy.0 = Debug|Any CPU
		{A39FB02D-26BA-4923-876F-EEDF3A5D36F0}.Debug|iPhoneSimulator.ActiveCfg = Debug|Any CPU
		{A39FB02D-26BA-4923-876F-EEDF3A5D36F0}.Debug|iPhoneSimulator.Build.0 = Debug|Any CPU
		{A39FB02D-26BA-4923-876F-EEDF3A5D36F0}.Debug|iPhoneSimulator.Deploy.0 = Debug|Any CPU
		{A39FB02D-26BA-4923-876F-EEDF3A5D36F0}.Debug|x64.ActiveCfg = Debug|Any CPU
		{A39FB02D-26BA-4923-876F-EEDF3A5D36F0}.Debug|x64.Build.0 = Debug|Any CPU
		{A39FB02D-26BA-4923-876F-EEDF3A5D36F0}.Debug|x64.Deploy.0 = Debug|Any CPU
		{A39FB02D-26BA-4923-876F-EEDF3A5D36F0}.Debug|x86.ActiveCfg = Debug|Any CPU
		{A39FB02D-26BA-4923-876F-EEDF3A5D36F0}.Debug|x86.Build.0 = Debug|Any CPU
		{A39FB02D-26BA-4923-876F-EEDF3A5D36F0}.Debug|x86.Deploy.0 = Debug|Any CPU
		{A39FB02D-26BA-4923-876F-EEDF3A5D36F0}.Release|Any CPU.ActiveCfg = Release|Any CPU
		{A39FB02D-26BA-4923-876F-EEDF3A5D36F0}.Release|Any CPU.Build.0 = Release|Any CPU
		{A39FB02D-26BA-4923-876F-EEDF3A5D36F0}.Release|Any CPU.Deploy.0 = Release|Any CPU
		{A39FB02D-26BA-4923-876F-EEDF3A5D36F0}.Release|ARM.ActiveCfg = Release|Any CPU
		{A39FB02D-26BA-4923-876F-EEDF3A5D36F0}.Release|ARM.Build.0 = Release|Any CPU
		{A39FB02D-26BA-4923-876F-EEDF3A5D36F0}.Release|ARM.Deploy.0 = Release|Any CPU
		{A39FB02D-26BA-4923-876F-EEDF3A5D36F0}.Release|iPhone.ActiveCfg = Release|Any CPU
		{A39FB02D-26BA-4923-876F-EEDF3A5D36F0}.Release|iPhone.Build.0 = Release|Any CPU
		{A39FB02D-26BA-4923-876F-EEDF3A5D36F0}.Release|iPhone.Deploy.0 = Release|Any CPU
		{A39FB02D-26BA-4923-876F-EEDF3A5D36F0}.Release|iPhoneSimulator.ActiveCfg = Release|Any CPU
		{A39FB02D-26BA-4923-876F-EEDF3A5D36F0}.Release|iPhoneSimulator.Build.0 = Release|Any CPU
		{A39FB02D-26BA-4923-876F-EEDF3A5D36F0}.Release|iPhoneSimulator.Deploy.0 = Release|Any CPU
		{A39FB02D-26BA-4923-876F-EEDF3A5D36F0}.Release|x64.ActiveCfg = Release|Any CPU
		{A39FB02D-26BA-4923-876F-EEDF3A5D36F0}.Release|x64.Build.0 = Release|Any CPU
		{A39FB02D-26BA-4923-876F-EEDF3A5D36F0}.Release|x64.Deploy.0 = Release|Any CPU
		{A39FB02D-26BA-4923-876F-EEDF3A5D36F0}.Release|x86.ActiveCfg = Release|Any CPU
		{A39FB02D-26BA-4923-876F-EEDF3A5D36F0}.Release|x86.Build.0 = Release|Any CPU
		{A39FB02D-26BA-4923-876F-EEDF3A5D36F0}.Release|x86.Deploy.0 = Release|Any CPU
		{EF2590A6-7791-4BEB-BCDE-0236D5B41800}.Ad-Hoc|Any CPU.ActiveCfg = Ad-Hoc|iPhone
		{EF2590A6-7791-4BEB-BCDE-0236D5B41800}.Ad-Hoc|Any CPU.Build.0 = Ad-Hoc|iPhone
		{EF2590A6-7791-4BEB-BCDE-0236D5B41800}.Ad-Hoc|Any CPU.Deploy.0 = Ad-Hoc|iPhone
		{EF2590A6-7791-4BEB-BCDE-0236D5B41800}.Ad-Hoc|ARM.ActiveCfg = Ad-Hoc|iPhone
		{EF2590A6-7791-4BEB-BCDE-0236D5B41800}.Ad-Hoc|ARM.Build.0 = Ad-Hoc|iPhone
		{EF2590A6-7791-4BEB-BCDE-0236D5B41800}.Ad-Hoc|ARM.Deploy.0 = Ad-Hoc|iPhone
		{EF2590A6-7791-4BEB-BCDE-0236D5B41800}.Ad-Hoc|iPhone.ActiveCfg = Ad-Hoc|iPhone
		{EF2590A6-7791-4BEB-BCDE-0236D5B41800}.Ad-Hoc|iPhone.Build.0 = Ad-Hoc|iPhone
		{EF2590A6-7791-4BEB-BCDE-0236D5B41800}.Ad-Hoc|iPhone.Deploy.0 = Ad-Hoc|iPhone
		{EF2590A6-7791-4BEB-BCDE-0236D5B41800}.Ad-Hoc|iPhoneSimulator.ActiveCfg = Ad-Hoc|iPhoneSimulator
		{EF2590A6-7791-4BEB-BCDE-0236D5B41800}.Ad-Hoc|iPhoneSimulator.Build.0 = Ad-Hoc|iPhoneSimulator
		{EF2590A6-7791-4BEB-BCDE-0236D5B41800}.Ad-Hoc|iPhoneSimulator.Deploy.0 = Ad-Hoc|iPhoneSimulator
		{EF2590A6-7791-4BEB-BCDE-0236D5B41800}.Ad-Hoc|x64.ActiveCfg = Ad-Hoc|iPhone
		{EF2590A6-7791-4BEB-BCDE-0236D5B41800}.Ad-Hoc|x64.Build.0 = Ad-Hoc|iPhone
		{EF2590A6-7791-4BEB-BCDE-0236D5B41800}.Ad-Hoc|x64.Deploy.0 = Ad-Hoc|iPhone
		{EF2590A6-7791-4BEB-BCDE-0236D5B41800}.Ad-Hoc|x86.ActiveCfg = Ad-Hoc|iPhone
		{EF2590A6-7791-4BEB-BCDE-0236D5B41800}.Ad-Hoc|x86.Build.0 = Ad-Hoc|iPhone
		{EF2590A6-7791-4BEB-BCDE-0236D5B41800}.Ad-Hoc|x86.Deploy.0 = Ad-Hoc|iPhone
		{EF2590A6-7791-4BEB-BCDE-0236D5B41800}.AppStore|Any CPU.ActiveCfg = AppStore|iPhone
		{EF2590A6-7791-4BEB-BCDE-0236D5B41800}.AppStore|Any CPU.Build.0 = AppStore|iPhone
		{EF2590A6-7791-4BEB-BCDE-0236D5B41800}.AppStore|Any CPU.Deploy.0 = AppStore|iPhone
		{EF2590A6-7791-4BEB-BCDE-0236D5B41800}.AppStore|ARM.ActiveCfg = AppStore|iPhone
		{EF2590A6-7791-4BEB-BCDE-0236D5B41800}.AppStore|ARM.Build.0 = AppStore|iPhone
		{EF2590A6-7791-4BEB-BCDE-0236D5B41800}.AppStore|ARM.Deploy.0 = AppStore|iPhone
		{EF2590A6-7791-4BEB-BCDE-0236D5B41800}.AppStore|iPhone.ActiveCfg = AppStore|iPhone
		{EF2590A6-7791-4BEB-BCDE-0236D5B41800}.AppStore|iPhone.Build.0 = AppStore|iPhone
		{EF2590A6-7791-4BEB-BCDE-0236D5B41800}.AppStore|iPhone.Deploy.0 = AppStore|iPhone
		{EF2590A6-7791-4BEB-BCDE-0236D5B41800}.AppStore|iPhoneSimulator.ActiveCfg = AppStore|iPhoneSimulator
		{EF2590A6-7791-4BEB-BCDE-0236D5B41800}.AppStore|iPhoneSimulator.Build.0 = AppStore|iPhoneSimulator
		{EF2590A6-7791-4BEB-BCDE-0236D5B41800}.AppStore|iPhoneSimulator.Deploy.0 = AppStore|iPhoneSimulator
		{EF2590A6-7791-4BEB-BCDE-0236D5B41800}.AppStore|x64.ActiveCfg = AppStore|iPhone
		{EF2590A6-7791-4BEB-BCDE-0236D5B41800}.AppStore|x64.Build.0 = AppStore|iPhone
		{EF2590A6-7791-4BEB-BCDE-0236D5B41800}.AppStore|x64.Deploy.0 = AppStore|iPhone
		{EF2590A6-7791-4BEB-BCDE-0236D5B41800}.AppStore|x86.ActiveCfg = AppStore|iPhone
		{EF2590A6-7791-4BEB-BCDE-0236D5B41800}.AppStore|x86.Build.0 = AppStore|iPhone
		{EF2590A6-7791-4BEB-BCDE-0236D5B41800}.AppStore|x86.Deploy.0 = AppStore|iPhone
		{EF2590A6-7791-4BEB-BCDE-0236D5B41800}.Debug|Any CPU.ActiveCfg = Debug|iPhoneSimulator
		{EF2590A6-7791-4BEB-BCDE-0236D5B41800}.Debug|Any CPU.Build.0 = Debug|iPhoneSimulator
		{EF2590A6-7791-4BEB-BCDE-0236D5B41800}.Debug|Any CPU.Deploy.0 = Debug|iPhoneSimulator
		{EF2590A6-7791-4BEB-BCDE-0236D5B41800}.Debug|ARM.ActiveCfg = Debug|iPhone
		{EF2590A6-7791-4BEB-BCDE-0236D5B41800}.Debug|ARM.Build.0 = Debug|iPhone
		{EF2590A6-7791-4BEB-BCDE-0236D5B41800}.Debug|ARM.Deploy.0 = Debug|iPhone
		{EF2590A6-7791-4BEB-BCDE-0236D5B41800}.Debug|iPhone.ActiveCfg = Debug|iPhone
		{EF2590A6-7791-4BEB-BCDE-0236D5B41800}.Debug|iPhone.Build.0 = Debug|iPhone
		{EF2590A6-7791-4BEB-BCDE-0236D5B41800}.Debug|iPhone.Deploy.0 = Debug|iPhone
		{EF2590A6-7791-4BEB-BCDE-0236D5B41800}.Debug|iPhoneSimulator.ActiveCfg = Debug|iPhoneSimulator
		{EF2590A6-7791-4BEB-BCDE-0236D5B41800}.Debug|iPhoneSimulator.Build.0 = Debug|iPhoneSimulator
		{EF2590A6-7791-4BEB-BCDE-0236D5B41800}.Debug|iPhoneSimulator.Deploy.0 = Debug|iPhoneSimulator
		{EF2590A6-7791-4BEB-BCDE-0236D5B41800}.Debug|x64.ActiveCfg = Debug|iPhone
		{EF2590A6-7791-4BEB-BCDE-0236D5B41800}.Debug|x64.Build.0 = Debug|iPhone
		{EF2590A6-7791-4BEB-BCDE-0236D5B41800}.Debug|x64.Deploy.0 = Debug|iPhone
		{EF2590A6-7791-4BEB-BCDE-0236D5B41800}.Debug|x86.ActiveCfg = Debug|iPhone
		{EF2590A6-7791-4BEB-BCDE-0236D5B41800}.Debug|x86.Build.0 = Debug|iPhone
		{EF2590A6-7791-4BEB-BCDE-0236D5B41800}.Debug|x86.Deploy.0 = Debug|iPhone
		{EF2590A6-7791-4BEB-BCDE-0236D5B41800}.Release|Any CPU.ActiveCfg = Release|iPhone
		{EF2590A6-7791-4BEB-BCDE-0236D5B41800}.Release|Any CPU.Build.0 = Release|iPhone
		{EF2590A6-7791-4BEB-BCDE-0236D5B41800}.Release|Any CPU.Deploy.0 = Release|iPhone
		{EF2590A6-7791-4BEB-BCDE-0236D5B41800}.Release|ARM.ActiveCfg = Release|iPhone
		{EF2590A6-7791-4BEB-BCDE-0236D5B41800}.Release|ARM.Build.0 = Release|iPhone
		{EF2590A6-7791-4BEB-BCDE-0236D5B41800}.Release|ARM.Deploy.0 = Release|iPhone
		{EF2590A6-7791-4BEB-BCDE-0236D5B41800}.Release|iPhone.ActiveCfg = Release|iPhone
		{EF2590A6-7791-4BEB-BCDE-0236D5B41800}.Release|iPhone.Build.0 = Release|iPhone
		{EF2590A6-7791-4BEB-BCDE-0236D5B41800}.Release|iPhone.Deploy.0 = Release|iPhone
		{EF2590A6-7791-4BEB-BCDE-0236D5B41800}.Release|iPhoneSimulator.ActiveCfg = Release|iPhoneSimulator
		{EF2590A6-7791-4BEB-BCDE-0236D5B41800}.Release|iPhoneSimulator.Build.0 = Release|iPhoneSimulator
		{EF2590A6-7791-4BEB-BCDE-0236D5B41800}.Release|iPhoneSimulator.Deploy.0 = Release|iPhoneSimulator
		{EF2590A6-7791-4BEB-BCDE-0236D5B41800}.Release|x64.ActiveCfg = Release|iPhone
		{EF2590A6-7791-4BEB-BCDE-0236D5B41800}.Release|x64.Build.0 = Release|iPhone
		{EF2590A6-7791-4BEB-BCDE-0236D5B41800}.Release|x64.Deploy.0 = Release|iPhone
		{EF2590A6-7791-4BEB-BCDE-0236D5B41800}.Release|x86.ActiveCfg = Release|iPhone
		{EF2590A6-7791-4BEB-BCDE-0236D5B41800}.Release|x86.Build.0 = Release|iPhone
		{EF2590A6-7791-4BEB-BCDE-0236D5B41800}.Release|x86.Deploy.0 = Release|iPhone
		{8198DE0B-2F92-4929-BE96-2C0D3BE9773C}.Ad-Hoc|Any CPU.ActiveCfg = Release|x86
		{8198DE0B-2F92-4929-BE96-2C0D3BE9773C}.Ad-Hoc|Any CPU.Build.0 = Release|x86
		{8198DE0B-2F92-4929-BE96-2C0D3BE9773C}.Ad-Hoc|Any CPU.Deploy.0 = Release|x86
		{8198DE0B-2F92-4929-BE96-2C0D3BE9773C}.Ad-Hoc|ARM.ActiveCfg = Release|ARM
		{8198DE0B-2F92-4929-BE96-2C0D3BE9773C}.Ad-Hoc|ARM.Build.0 = Release|ARM
		{8198DE0B-2F92-4929-BE96-2C0D3BE9773C}.Ad-Hoc|ARM.Deploy.0 = Release|ARM
		{8198DE0B-2F92-4929-BE96-2C0D3BE9773C}.Ad-Hoc|iPhone.ActiveCfg = Release|x86
		{8198DE0B-2F92-4929-BE96-2C0D3BE9773C}.Ad-Hoc|iPhone.Build.0 = Release|x86
		{8198DE0B-2F92-4929-BE96-2C0D3BE9773C}.Ad-Hoc|iPhone.Deploy.0 = Release|x86
		{8198DE0B-2F92-4929-BE96-2C0D3BE9773C}.Ad-Hoc|iPhoneSimulator.ActiveCfg = Release|x86
		{8198DE0B-2F92-4929-BE96-2C0D3BE9773C}.Ad-Hoc|iPhoneSimulator.Build.0 = Release|x86
		{8198DE0B-2F92-4929-BE96-2C0D3BE9773C}.Ad-Hoc|iPhoneSimulator.Deploy.0 = Release|x86
		{8198DE0B-2F92-4929-BE96-2C0D3BE9773C}.Ad-Hoc|x64.ActiveCfg = Release|x64
		{8198DE0B-2F92-4929-BE96-2C0D3BE9773C}.Ad-Hoc|x64.Build.0 = Release|x64
		{8198DE0B-2F92-4929-BE96-2C0D3BE9773C}.Ad-Hoc|x64.Deploy.0 = Release|x64
		{8198DE0B-2F92-4929-BE96-2C0D3BE9773C}.Ad-Hoc|x86.ActiveCfg = Release|x86
		{8198DE0B-2F92-4929-BE96-2C0D3BE9773C}.Ad-Hoc|x86.Build.0 = Release|x86
		{8198DE0B-2F92-4929-BE96-2C0D3BE9773C}.Ad-Hoc|x86.Deploy.0 = Release|x86
		{8198DE0B-2F92-4929-BE96-2C0D3BE9773C}.AppStore|Any CPU.ActiveCfg = Release|x86
		{8198DE0B-2F92-4929-BE96-2C0D3BE9773C}.AppStore|Any CPU.Build.0 = Release|x86
		{8198DE0B-2F92-4929-BE96-2C0D3BE9773C}.AppStore|Any CPU.Deploy.0 = Release|x86
		{8198DE0B-2F92-4929-BE96-2C0D3BE9773C}.AppStore|ARM.ActiveCfg = Release|ARM
		{8198DE0B-2F92-4929-BE96-2C0D3BE9773C}.AppStore|ARM.Build.0 = Release|ARM
		{8198DE0B-2F92-4929-BE96-2C0D3BE9773C}.AppStore|ARM.Deploy.0 = Release|ARM
		{8198DE0B-2F92-4929-BE96-2C0D3BE9773C}.AppStore|iPhone.ActiveCfg = Release|x86
		{8198DE0B-2F92-4929-BE96-2C0D3BE9773C}.AppStore|iPhone.Build.0 = Release|x86
		{8198DE0B-2F92-4929-BE96-2C0D3BE9773C}.AppStore|iPhone.Deploy.0 = Release|x86
		{8198DE0B-2F92-4929-BE96-2C0D3BE9773C}.AppStore|iPhoneSimulator.ActiveCfg = Release|x86
		{8198DE0B-2F92-4929-BE96-2C0D3BE9773C}.AppStore|iPhoneSimulator.Build.0 = Release|x86
		{8198DE0B-2F92-4929-BE96-2C0D3BE9773C}.AppStore|iPhoneSimulator.Deploy.0 = Release|x86
		{8198DE0B-2F92-4929-BE96-2C0D3BE9773C}.AppStore|x64.ActiveCfg = Release|x64
		{8198DE0B-2F92-4929-BE96-2C0D3BE9773C}.AppStore|x64.Build.0 = Release|x64
		{8198DE0B-2F92-4929-BE96-2C0D3BE9773C}.AppStore|x64.Deploy.0 = Release|x64
		{8198DE0B-2F92-4929-BE96-2C0D3BE9773C}.AppStore|x86.ActiveCfg = Release|x86
		{8198DE0B-2F92-4929-BE96-2C0D3BE9773C}.AppStore|x86.Build.0 = Release|x86
		{8198DE0B-2F92-4929-BE96-2C0D3BE9773C}.AppStore|x86.Deploy.0 = Release|x86
		{8198DE0B-2F92-4929-BE96-2C0D3BE9773C}.Debug|Any CPU.ActiveCfg = Debug|x86
		{8198DE0B-2F92-4929-BE96-2C0D3BE9773C}.Debug|Any CPU.Build.0 = Debug|x86
		{8198DE0B-2F92-4929-BE96-2C0D3BE9773C}.Debug|Any CPU.Deploy.0 = Debug|x86
		{8198DE0B-2F92-4929-BE96-2C0D3BE9773C}.Debug|ARM.ActiveCfg = Debug|ARM
		{8198DE0B-2F92-4929-BE96-2C0D3BE9773C}.Debug|ARM.Build.0 = Debug|ARM
		{8198DE0B-2F92-4929-BE96-2C0D3BE9773C}.Debug|ARM.Deploy.0 = Debug|ARM
		{8198DE0B-2F92-4929-BE96-2C0D3BE9773C}.Debug|iPhone.ActiveCfg = Debug|x86
		{8198DE0B-2F92-4929-BE96-2C0D3BE9773C}.Debug|iPhone.Build.0 = Debug|x86
		{8198DE0B-2F92-4929-BE96-2C0D3BE9773C}.Debug|iPhone.Deploy.0 = Debug|x86
		{8198DE0B-2F92-4929-BE96-2C0D3BE9773C}.Debug|iPhoneSimulator.ActiveCfg = Debug|x86
		{8198DE0B-2F92-4929-BE96-2C0D3BE9773C}.Debug|iPhoneSimulator.Build.0 = Debug|x86
		{8198DE0B-2F92-4929-BE96-2C0D3BE9773C}.Debug|iPhoneSimulator.Deploy.0 = Debug|x86
		{8198DE0B-2F92-4929-BE96-2C0D3BE9773C}.Debug|x64.ActiveCfg = Debug|x64
		{8198DE0B-2F92-4929-BE96-2C0D3BE9773C}.Debug|x64.Build.0 = Debug|x64
		{8198DE0B-2F92-4929-BE96-2C0D3BE9773C}.Debug|x64.Deploy.0 = Debug|x64
		{8198DE0B-2F92-4929-BE96-2C0D3BE9773C}.Debug|x86.ActiveCfg = Debug|x86
		{8198DE0B-2F92-4929-BE96-2C0D3BE9773C}.Debug|x86.Build.0 = Debug|x86
		{8198DE0B-2F92-4929-BE96-2C0D3BE9773C}.Debug|x86.Deploy.0 = Debug|x86
		{8198DE0B-2F92-4929-BE96-2C0D3BE9773C}.Release|Any CPU.ActiveCfg = Release|x86
		{8198DE0B-2F92-4929-BE96-2C0D3BE9773C}.Release|Any CPU.Build.0 = Release|x86
		{8198DE0B-2F92-4929-BE96-2C0D3BE9773C}.Release|Any CPU.Deploy.0 = Release|x86
		{8198DE0B-2F92-4929-BE96-2C0D3BE9773C}.Release|ARM.ActiveCfg = Release|ARM
		{8198DE0B-2F92-4929-BE96-2C0D3BE9773C}.Release|ARM.Build.0 = Release|ARM
		{8198DE0B-2F92-4929-BE96-2C0D3BE9773C}.Release|ARM.Deploy.0 = Release|ARM
		{8198DE0B-2F92-4929-BE96-2C0D3BE9773C}.Release|iPhone.ActiveCfg = Release|x86
		{8198DE0B-2F92-4929-BE96-2C0D3BE9773C}.Release|iPhone.Build.0 = Release|x86
		{8198DE0B-2F92-4929-BE96-2C0D3BE9773C}.Release|iPhone.Deploy.0 = Release|x86
		{8198DE0B-2F92-4929-BE96-2C0D3BE9773C}.Release|iPhoneSimulator.ActiveCfg = Release|x86
		{8198DE0B-2F92-4929-BE96-2C0D3BE9773C}.Release|iPhoneSimulator.Build.0 = Release|x86
		{8198DE0B-2F92-4929-BE96-2C0D3BE9773C}.Release|iPhoneSimulator.Deploy.0 = Release|x86
		{8198DE0B-2F92-4929-BE96-2C0D3BE9773C}.Release|x64.ActiveCfg = Release|x64
		{8198DE0B-2F92-4929-BE96-2C0D3BE9773C}.Release|x64.Build.0 = Release|x64
		{8198DE0B-2F92-4929-BE96-2C0D3BE9773C}.Release|x64.Deploy.0 = Release|x64
		{8198DE0B-2F92-4929-BE96-2C0D3BE9773C}.Release|x86.ActiveCfg = Release|x86
		{8198DE0B-2F92-4929-BE96-2C0D3BE9773C}.Release|x86.Build.0 = Release|x86
		{8198DE0B-2F92-4929-BE96-2C0D3BE9773C}.Release|x86.Deploy.0 = Release|x86
		{957BAADE-A364-4794-9659-B534B5310440}.Ad-Hoc|Any CPU.ActiveCfg = Debug|Any CPU
		{957BAADE-A364-4794-9659-B534B5310440}.Ad-Hoc|Any CPU.Build.0 = Debug|Any CPU
		{957BAADE-A364-4794-9659-B534B5310440}.Ad-Hoc|Any CPU.Deploy.0 = Debug|Any CPU
		{957BAADE-A364-4794-9659-B534B5310440}.Ad-Hoc|ARM.ActiveCfg = Debug|Any CPU
		{957BAADE-A364-4794-9659-B534B5310440}.Ad-Hoc|ARM.Build.0 = Debug|Any CPU
		{957BAADE-A364-4794-9659-B534B5310440}.Ad-Hoc|ARM.Deploy.0 = Debug|Any CPU
		{957BAADE-A364-4794-9659-B534B5310440}.Ad-Hoc|iPhone.ActiveCfg = Debug|Any CPU
		{957BAADE-A364-4794-9659-B534B5310440}.Ad-Hoc|iPhone.Build.0 = Debug|Any CPU
		{957BAADE-A364-4794-9659-B534B5310440}.Ad-Hoc|iPhone.Deploy.0 = Debug|Any CPU
		{957BAADE-A364-4794-9659-B534B5310440}.Ad-Hoc|iPhoneSimulator.ActiveCfg = Debug|Any CPU
		{957BAADE-A364-4794-9659-B534B5310440}.Ad-Hoc|iPhoneSimulator.Build.0 = Debug|Any CPU
		{957BAADE-A364-4794-9659-B534B5310440}.Ad-Hoc|iPhoneSimulator.Deploy.0 = Debug|Any CPU
		{957BAADE-A364-4794-9659-B534B5310440}.Ad-Hoc|x64.ActiveCfg = Debug|Any CPU
		{957BAADE-A364-4794-9659-B534B5310440}.Ad-Hoc|x64.Build.0 = Debug|Any CPU
		{957BAADE-A364-4794-9659-B534B5310440}.Ad-Hoc|x64.Deploy.0 = Debug|Any CPU
		{957BAADE-A364-4794-9659-B534B5310440}.Ad-Hoc|x86.ActiveCfg = Debug|Any CPU
		{957BAADE-A364-4794-9659-B534B5310440}.Ad-Hoc|x86.Build.0 = Debug|Any CPU
		{957BAADE-A364-4794-9659-B534B5310440}.Ad-Hoc|x86.Deploy.0 = Debug|Any CPU
		{957BAADE-A364-4794-9659-B534B5310440}.AppStore|Any CPU.ActiveCfg = Debug|Any CPU
		{957BAADE-A364-4794-9659-B534B5310440}.AppStore|Any CPU.Build.0 = Debug|Any CPU
		{957BAADE-A364-4794-9659-B534B5310440}.AppStore|Any CPU.Deploy.0 = Debug|Any CPU
		{957BAADE-A364-4794-9659-B534B5310440}.AppStore|ARM.ActiveCfg = Debug|Any CPU
		{957BAADE-A364-4794-9659-B534B5310440}.AppStore|ARM.Build.0 = Debug|Any CPU
		{957BAADE-A364-4794-9659-B534B5310440}.AppStore|ARM.Deploy.0 = Debug|Any CPU
		{957BAADE-A364-4794-9659-B534B5310440}.AppStore|iPhone.ActiveCfg = Debug|Any CPU
		{957BAADE-A364-4794-9659-B534B5310440}.AppStore|iPhone.Build.0 = Debug|Any CPU
		{957BAADE-A364-4794-9659-B534B5310440}.AppStore|iPhone.Deploy.0 = Debug|Any CPU
		{957BAADE-A364-4794-9659-B534B5310440}.AppStore|iPhoneSimulator.ActiveCfg = Debug|Any CPU
		{957BAADE-A364-4794-9659-B534B5310440}.AppStore|iPhoneSimulator.Build.0 = Debug|Any CPU
		{957BAADE-A364-4794-9659-B534B5310440}.AppStore|iPhoneSimulator.Deploy.0 = Debug|Any CPU
		{957BAADE-A364-4794-9659-B534B5310440}.AppStore|x64.ActiveCfg = Debug|Any CPU
		{957BAADE-A364-4794-9659-B534B5310440}.AppStore|x64.Build.0 = Debug|Any CPU
		{957BAADE-A364-4794-9659-B534B5310440}.AppStore|x64.Deploy.0 = Debug|Any CPU
		{957BAADE-A364-4794-9659-B534B5310440}.AppStore|x86.ActiveCfg = Debug|Any CPU
		{957BAADE-A364-4794-9659-B534B5310440}.AppStore|x86.Build.0 = Debug|Any CPU
		{957BAADE-A364-4794-9659-B534B5310440}.AppStore|x86.Deploy.0 = Debug|Any CPU
		{957BAADE-A364-4794-9659-B534B5310440}.Debug|Any CPU.ActiveCfg = Debug|Any CPU
		{957BAADE-A364-4794-9659-B534B5310440}.Debug|Any CPU.Build.0 = Debug|Any CPU
		{957BAADE-A364-4794-9659-B534B5310440}.Debug|Any CPU.Deploy.0 = Debug|Any CPU
		{957BAADE-A364-4794-9659-B534B5310440}.Debug|ARM.ActiveCfg = Debug|Any CPU
		{957BAADE-A364-4794-9659-B534B5310440}.Debug|ARM.Build.0 = Debug|Any CPU
		{957BAADE-A364-4794-9659-B534B5310440}.Debug|ARM.Deploy.0 = Debug|Any CPU
		{957BAADE-A364-4794-9659-B534B5310440}.Debug|iPhone.ActiveCfg = Debug|Any CPU
		{957BAADE-A364-4794-9659-B534B5310440}.Debug|iPhone.Build.0 = Debug|Any CPU
		{957BAADE-A364-4794-9659-B534B5310440}.Debug|iPhone.Deploy.0 = Debug|Any CPU
		{957BAADE-A364-4794-9659-B534B5310440}.Debug|iPhoneSimulator.ActiveCfg = Debug|Any CPU
		{957BAADE-A364-4794-9659-B534B5310440}.Debug|iPhoneSimulator.Build.0 = Debug|Any CPU
		{957BAADE-A364-4794-9659-B534B5310440}.Debug|iPhoneSimulator.Deploy.0 = Debug|Any CPU
		{957BAADE-A364-4794-9659-B534B5310440}.Debug|x64.ActiveCfg = Debug|Any CPU
		{957BAADE-A364-4794-9659-B534B5310440}.Debug|x64.Build.0 = Debug|Any CPU
		{957BAADE-A364-4794-9659-B534B5310440}.Debug|x64.Deploy.0 = Debug|Any CPU
		{957BAADE-A364-4794-9659-B534B5310440}.Debug|x86.ActiveCfg = Debug|Any CPU
		{957BAADE-A364-4794-9659-B534B5310440}.Debug|x86.Build.0 = Debug|Any CPU
		{957BAADE-A364-4794-9659-B534B5310440}.Debug|x86.Deploy.0 = Debug|Any CPU
		{957BAADE-A364-4794-9659-B534B5310440}.Release|Any CPU.ActiveCfg = Release|Any CPU
		{957BAADE-A364-4794-9659-B534B5310440}.Release|Any CPU.Build.0 = Release|Any CPU
		{957BAADE-A364-4794-9659-B534B5310440}.Release|Any CPU.Deploy.0 = Release|Any CPU
		{957BAADE-A364-4794-9659-B534B5310440}.Release|ARM.ActiveCfg = Release|Any CPU
		{957BAADE-A364-4794-9659-B534B5310440}.Release|ARM.Build.0 = Release|Any CPU
		{957BAADE-A364-4794-9659-B534B5310440}.Release|ARM.Deploy.0 = Release|Any CPU
		{957BAADE-A364-4794-9659-B534B5310440}.Release|iPhone.ActiveCfg = Release|Any CPU
		{957BAADE-A364-4794-9659-B534B5310440}.Release|iPhone.Build.0 = Release|Any CPU
		{957BAADE-A364-4794-9659-B534B5310440}.Release|iPhone.Deploy.0 = Release|Any CPU
		{957BAADE-A364-4794-9659-B534B5310440}.Release|iPhoneSimulator.ActiveCfg = Release|Any CPU
		{957BAADE-A364-4794-9659-B534B5310440}.Release|iPhoneSimulator.Build.0 = Release|Any CPU
		{957BAADE-A364-4794-9659-B534B5310440}.Release|iPhoneSimulator.Deploy.0 = Release|Any CPU
		{957BAADE-A364-4794-9659-B534B5310440}.Release|x64.ActiveCfg = Release|Any CPU
		{957BAADE-A364-4794-9659-B534B5310440}.Release|x64.Build.0 = Release|Any CPU
		{957BAADE-A364-4794-9659-B534B5310440}.Release|x64.Deploy.0 = Release|Any CPU
		{957BAADE-A364-4794-9659-B534B5310440}.Release|x86.ActiveCfg = Release|Any CPU
		{957BAADE-A364-4794-9659-B534B5310440}.Release|x86.Build.0 = Release|Any CPU
		{957BAADE-A364-4794-9659-B534B5310440}.Release|x86.Deploy.0 = Release|Any CPU
		{47B018F3-5B2F-4081-90F0-04640D2740EE}.Ad-Hoc|Any CPU.ActiveCfg = Release|Any CPU
		{47B018F3-5B2F-4081-90F0-04640D2740EE}.Ad-Hoc|Any CPU.Build.0 = Release|Any CPU
		{47B018F3-5B2F-4081-90F0-04640D2740EE}.Ad-Hoc|ARM.ActiveCfg = Release|Any CPU
		{47B018F3-5B2F-4081-90F0-04640D2740EE}.Ad-Hoc|ARM.Build.0 = Release|Any CPU
		{47B018F3-5B2F-4081-90F0-04640D2740EE}.Ad-Hoc|iPhone.ActiveCfg = Release|Any CPU
		{47B018F3-5B2F-4081-90F0-04640D2740EE}.Ad-Hoc|iPhone.Build.0 = Release|Any CPU
		{47B018F3-5B2F-4081-90F0-04640D2740EE}.Ad-Hoc|iPhoneSimulator.ActiveCfg = Release|Any CPU
		{47B018F3-5B2F-4081-90F0-04640D2740EE}.Ad-Hoc|iPhoneSimulator.Build.0 = Release|Any CPU
		{47B018F3-5B2F-4081-90F0-04640D2740EE}.Ad-Hoc|x64.ActiveCfg = Release|Any CPU
		{47B018F3-5B2F-4081-90F0-04640D2740EE}.Ad-Hoc|x64.Build.0 = Release|Any CPU
		{47B018F3-5B2F-4081-90F0-04640D2740EE}.Ad-Hoc|x86.ActiveCfg = Release|Any CPU
		{47B018F3-5B2F-4081-90F0-04640D2740EE}.Ad-Hoc|x86.Build.0 = Release|Any CPU
		{47B018F3-5B2F-4081-90F0-04640D2740EE}.AppStore|Any CPU.ActiveCfg = Release|Any CPU
		{47B018F3-5B2F-4081-90F0-04640D2740EE}.AppStore|Any CPU.Build.0 = Release|Any CPU
		{47B018F3-5B2F-4081-90F0-04640D2740EE}.AppStore|ARM.ActiveCfg = Release|Any CPU
		{47B018F3-5B2F-4081-90F0-04640D2740EE}.AppStore|ARM.Build.0 = Release|Any CPU
		{47B018F3-5B2F-4081-90F0-04640D2740EE}.AppStore|iPhone.ActiveCfg = Release|Any CPU
		{47B018F3-5B2F-4081-90F0-04640D2740EE}.AppStore|iPhone.Build.0 = Release|Any CPU
		{47B018F3-5B2F-4081-90F0-04640D2740EE}.AppStore|iPhoneSimulator.ActiveCfg = Release|Any CPU
		{47B018F3-5B2F-4081-90F0-04640D2740EE}.AppStore|iPhoneSimulator.Build.0 = Release|Any CPU
		{47B018F3-5B2F-4081-90F0-04640D2740EE}.AppStore|x64.ActiveCfg = Release|Any CPU
		{47B018F3-5B2F-4081-90F0-04640D2740EE}.AppStore|x64.Build.0 = Release|Any CPU
		{47B018F3-5B2F-4081-90F0-04640D2740EE}.AppStore|x86.ActiveCfg = Release|Any CPU
		{47B018F3-5B2F-4081-90F0-04640D2740EE}.AppStore|x86.Build.0 = Release|Any CPU
		{47B018F3-5B2F-4081-90F0-04640D2740EE}.Debug|Any CPU.ActiveCfg = Debug|Any CPU
		{47B018F3-5B2F-4081-90F0-04640D2740EE}.Debug|Any CPU.Build.0 = Debug|Any CPU
		{47B018F3-5B2F-4081-90F0-04640D2740EE}.Debug|ARM.ActiveCfg = Debug|Any CPU
		{47B018F3-5B2F-4081-90F0-04640D2740EE}.Debug|ARM.Build.0 = Debug|Any CPU
		{47B018F3-5B2F-4081-90F0-04640D2740EE}.Debug|iPhone.ActiveCfg = Debug|Any CPU
		{47B018F3-5B2F-4081-90F0-04640D2740EE}.Debug|iPhone.Build.0 = Debug|Any CPU
		{47B018F3-5B2F-4081-90F0-04640D2740EE}.Debug|iPhoneSimulator.ActiveCfg = Debug|Any CPU
		{47B018F3-5B2F-4081-90F0-04640D2740EE}.Debug|iPhoneSimulator.Build.0 = Debug|Any CPU
		{47B018F3-5B2F-4081-90F0-04640D2740EE}.Debug|x64.ActiveCfg = Debug|Any CPU
		{47B018F3-5B2F-4081-90F0-04640D2740EE}.Debug|x64.Build.0 = Debug|Any CPU
		{47B018F3-5B2F-4081-90F0-04640D2740EE}.Debug|x86.ActiveCfg = Debug|Any CPU
		{47B018F3-5B2F-4081-90F0-04640D2740EE}.Debug|x86.Build.0 = Debug|Any CPU
		{47B018F3-5B2F-4081-90F0-04640D2740EE}.Release|Any CPU.ActiveCfg = Release|Any CPU
		{47B018F3-5B2F-4081-90F0-04640D2740EE}.Release|Any CPU.Build.0 = Release|Any CPU
		{47B018F3-5B2F-4081-90F0-04640D2740EE}.Release|ARM.ActiveCfg = Release|Any CPU
		{47B018F3-5B2F-4081-90F0-04640D2740EE}.Release|ARM.Build.0 = Release|Any CPU
		{47B018F3-5B2F-4081-90F0-04640D2740EE}.Release|iPhone.ActiveCfg = Release|Any CPU
		{47B018F3-5B2F-4081-90F0-04640D2740EE}.Release|iPhone.Build.0 = Release|Any CPU
		{47B018F3-5B2F-4081-90F0-04640D2740EE}.Release|iPhoneSimulator.ActiveCfg = Release|Any CPU
		{47B018F3-5B2F-4081-90F0-04640D2740EE}.Release|iPhoneSimulator.Build.0 = Release|Any CPU
		{47B018F3-5B2F-4081-90F0-04640D2740EE}.Release|x64.ActiveCfg = Release|Any CPU
		{47B018F3-5B2F-4081-90F0-04640D2740EE}.Release|x64.Build.0 = Release|Any CPU
		{47B018F3-5B2F-4081-90F0-04640D2740EE}.Release|x86.ActiveCfg = Release|Any CPU
		{47B018F3-5B2F-4081-90F0-04640D2740EE}.Release|x86.Build.0 = Release|Any CPU
		{A627A5CB-58D1-44AB-B00D-87CBAAC6607A}.Ad-Hoc|Any CPU.ActiveCfg = Release|Any CPU
		{A627A5CB-58D1-44AB-B00D-87CBAAC6607A}.Ad-Hoc|Any CPU.Build.0 = Release|Any CPU
		{A627A5CB-58D1-44AB-B00D-87CBAAC6607A}.Ad-Hoc|ARM.ActiveCfg = Release|Any CPU
		{A627A5CB-58D1-44AB-B00D-87CBAAC6607A}.Ad-Hoc|ARM.Build.0 = Release|Any CPU
		{A627A5CB-58D1-44AB-B00D-87CBAAC6607A}.Ad-Hoc|iPhone.ActiveCfg = Release|Any CPU
		{A627A5CB-58D1-44AB-B00D-87CBAAC6607A}.Ad-Hoc|iPhone.Build.0 = Release|Any CPU
		{A627A5CB-58D1-44AB-B00D-87CBAAC6607A}.Ad-Hoc|iPhoneSimulator.ActiveCfg = Release|Any CPU
		{A627A5CB-58D1-44AB-B00D-87CBAAC6607A}.Ad-Hoc|iPhoneSimulator.Build.0 = Release|Any CPU
		{A627A5CB-58D1-44AB-B00D-87CBAAC6607A}.Ad-Hoc|x64.ActiveCfg = Release|Any CPU
		{A627A5CB-58D1-44AB-B00D-87CBAAC6607A}.Ad-Hoc|x64.Build.0 = Release|Any CPU
		{A627A5CB-58D1-44AB-B00D-87CBAAC6607A}.Ad-Hoc|x86.ActiveCfg = Release|Any CPU
		{A627A5CB-58D1-44AB-B00D-87CBAAC6607A}.Ad-Hoc|x86.Build.0 = Release|Any CPU
		{A627A5CB-58D1-44AB-B00D-87CBAAC6607A}.AppStore|Any CPU.ActiveCfg = Release|Any CPU
		{A627A5CB-58D1-44AB-B00D-87CBAAC6607A}.AppStore|Any CPU.Build.0 = Release|Any CPU
		{A627A5CB-58D1-44AB-B00D-87CBAAC6607A}.AppStore|ARM.ActiveCfg = Release|Any CPU
		{A627A5CB-58D1-44AB-B00D-87CBAAC6607A}.AppStore|ARM.Build.0 = Release|Any CPU
		{A627A5CB-58D1-44AB-B00D-87CBAAC6607A}.AppStore|iPhone.ActiveCfg = Release|Any CPU
		{A627A5CB-58D1-44AB-B00D-87CBAAC6607A}.AppStore|iPhone.Build.0 = Release|Any CPU
		{A627A5CB-58D1-44AB-B00D-87CBAAC6607A}.AppStore|iPhoneSimulator.ActiveCfg = Release|Any CPU
		{A627A5CB-58D1-44AB-B00D-87CBAAC6607A}.AppStore|iPhoneSimulator.Build.0 = Release|Any CPU
		{A627A5CB-58D1-44AB-B00D-87CBAAC6607A}.AppStore|x64.ActiveCfg = Release|Any CPU
		{A627A5CB-58D1-44AB-B00D-87CBAAC6607A}.AppStore|x64.Build.0 = Release|Any CPU
		{A627A5CB-58D1-44AB-B00D-87CBAAC6607A}.AppStore|x86.ActiveCfg = Release|Any CPU
		{A627A5CB-58D1-44AB-B00D-87CBAAC6607A}.AppStore|x86.Build.0 = Release|Any CPU
		{A627A5CB-58D1-44AB-B00D-87CBAAC6607A}.Debug|Any CPU.ActiveCfg = Debug|Any CPU
		{A627A5CB-58D1-44AB-B00D-87CBAAC6607A}.Debug|Any CPU.Build.0 = Debug|Any CPU
		{A627A5CB-58D1-44AB-B00D-87CBAAC6607A}.Debug|ARM.ActiveCfg = Debug|Any CPU
		{A627A5CB-58D1-44AB-B00D-87CBAAC6607A}.Debug|ARM.Build.0 = Debug|Any CPU
		{A627A5CB-58D1-44AB-B00D-87CBAAC6607A}.Debug|iPhone.ActiveCfg = Debug|Any CPU
		{A627A5CB-58D1-44AB-B00D-87CBAAC6607A}.Debug|iPhone.Build.0 = Debug|Any CPU
		{A627A5CB-58D1-44AB-B00D-87CBAAC6607A}.Debug|iPhoneSimulator.ActiveCfg = Debug|Any CPU
		{A627A5CB-58D1-44AB-B00D-87CBAAC6607A}.Debug|iPhoneSimulator.Build.0 = Debug|Any CPU
		{A627A5CB-58D1-44AB-B00D-87CBAAC6607A}.Debug|x64.ActiveCfg = Debug|Any CPU
		{A627A5CB-58D1-44AB-B00D-87CBAAC6607A}.Debug|x64.Build.0 = Debug|Any CPU
		{A627A5CB-58D1-44AB-B00D-87CBAAC6607A}.Debug|x86.ActiveCfg = Debug|Any CPU
		{A627A5CB-58D1-44AB-B00D-87CBAAC6607A}.Debug|x86.Build.0 = Debug|Any CPU
		{A627A5CB-58D1-44AB-B00D-87CBAAC6607A}.Release|Any CPU.ActiveCfg = Release|Any CPU
		{A627A5CB-58D1-44AB-B00D-87CBAAC6607A}.Release|Any CPU.Build.0 = Release|Any CPU
		{A627A5CB-58D1-44AB-B00D-87CBAAC6607A}.Release|ARM.ActiveCfg = Release|Any CPU
		{A627A5CB-58D1-44AB-B00D-87CBAAC6607A}.Release|ARM.Build.0 = Release|Any CPU
		{A627A5CB-58D1-44AB-B00D-87CBAAC6607A}.Release|iPhone.ActiveCfg = Release|Any CPU
		{A627A5CB-58D1-44AB-B00D-87CBAAC6607A}.Release|iPhone.Build.0 = Release|Any CPU
		{A627A5CB-58D1-44AB-B00D-87CBAAC6607A}.Release|iPhoneSimulator.ActiveCfg = Release|Any CPU
		{A627A5CB-58D1-44AB-B00D-87CBAAC6607A}.Release|iPhoneSimulator.Build.0 = Release|Any CPU
		{A627A5CB-58D1-44AB-B00D-87CBAAC6607A}.Release|x64.ActiveCfg = Release|Any CPU
		{A627A5CB-58D1-44AB-B00D-87CBAAC6607A}.Release|x64.Build.0 = Release|Any CPU
		{A627A5CB-58D1-44AB-B00D-87CBAAC6607A}.Release|x86.ActiveCfg = Release|Any CPU
		{A627A5CB-58D1-44AB-B00D-87CBAAC6607A}.Release|x86.Build.0 = Release|Any CPU
		{38EC777F-3CB0-400E-B959-10A42F723826}.Ad-Hoc|Any CPU.ActiveCfg = Release|Any CPU
		{38EC777F-3CB0-400E-B959-10A42F723826}.Ad-Hoc|Any CPU.Build.0 = Release|Any CPU
		{38EC777F-3CB0-400E-B959-10A42F723826}.Ad-Hoc|ARM.ActiveCfg = Release|Any CPU
		{38EC777F-3CB0-400E-B959-10A42F723826}.Ad-Hoc|ARM.Build.0 = Release|Any CPU
		{38EC777F-3CB0-400E-B959-10A42F723826}.Ad-Hoc|iPhone.ActiveCfg = Release|Any CPU
		{38EC777F-3CB0-400E-B959-10A42F723826}.Ad-Hoc|iPhone.Build.0 = Release|Any CPU
		{38EC777F-3CB0-400E-B959-10A42F723826}.Ad-Hoc|iPhoneSimulator.ActiveCfg = Release|Any CPU
		{38EC777F-3CB0-400E-B959-10A42F723826}.Ad-Hoc|iPhoneSimulator.Build.0 = Release|Any CPU
		{38EC777F-3CB0-400E-B959-10A42F723826}.Ad-Hoc|x64.ActiveCfg = Release|Any CPU
		{38EC777F-3CB0-400E-B959-10A42F723826}.Ad-Hoc|x64.Build.0 = Release|Any CPU
		{38EC777F-3CB0-400E-B959-10A42F723826}.Ad-Hoc|x86.ActiveCfg = Release|Any CPU
		{38EC777F-3CB0-400E-B959-10A42F723826}.Ad-Hoc|x86.Build.0 = Release|Any CPU
		{38EC777F-3CB0-400E-B959-10A42F723826}.AppStore|Any CPU.ActiveCfg = Release|Any CPU
		{38EC777F-3CB0-400E-B959-10A42F723826}.AppStore|Any CPU.Build.0 = Release|Any CPU
		{38EC777F-3CB0-400E-B959-10A42F723826}.AppStore|ARM.ActiveCfg = Release|Any CPU
		{38EC777F-3CB0-400E-B959-10A42F723826}.AppStore|ARM.Build.0 = Release|Any CPU
		{38EC777F-3CB0-400E-B959-10A42F723826}.AppStore|iPhone.ActiveCfg = Release|Any CPU
		{38EC777F-3CB0-400E-B959-10A42F723826}.AppStore|iPhone.Build.0 = Release|Any CPU
		{38EC777F-3CB0-400E-B959-10A42F723826}.AppStore|iPhoneSimulator.ActiveCfg = Release|Any CPU
		{38EC777F-3CB0-400E-B959-10A42F723826}.AppStore|iPhoneSimulator.Build.0 = Release|Any CPU
		{38EC777F-3CB0-400E-B959-10A42F723826}.AppStore|x64.ActiveCfg = Release|Any CPU
		{38EC777F-3CB0-400E-B959-10A42F723826}.AppStore|x64.Build.0 = Release|Any CPU
		{38EC777F-3CB0-400E-B959-10A42F723826}.AppStore|x86.ActiveCfg = Release|Any CPU
		{38EC777F-3CB0-400E-B959-10A42F723826}.AppStore|x86.Build.0 = Release|Any CPU
		{38EC777F-3CB0-400E-B959-10A42F723826}.Debug|Any CPU.ActiveCfg = Debug|Any CPU
		{38EC777F-3CB0-400E-B959-10A42F723826}.Debug|Any CPU.Build.0 = Debug|Any CPU
		{38EC777F-3CB0-400E-B959-10A42F723826}.Debug|ARM.ActiveCfg = Debug|Any CPU
		{38EC777F-3CB0-400E-B959-10A42F723826}.Debug|ARM.Build.0 = Debug|Any CPU
		{38EC777F-3CB0-400E-B959-10A42F723826}.Debug|iPhone.ActiveCfg = Debug|Any CPU
		{38EC777F-3CB0-400E-B959-10A42F723826}.Debug|iPhone.Build.0 = Debug|Any CPU
		{38EC777F-3CB0-400E-B959-10A42F723826}.Debug|iPhoneSimulator.ActiveCfg = Debug|Any CPU
		{38EC777F-3CB0-400E-B959-10A42F723826}.Debug|iPhoneSimulator.Build.0 = Debug|Any CPU
		{38EC777F-3CB0-400E-B959-10A42F723826}.Debug|x64.ActiveCfg = Debug|Any CPU
		{38EC777F-3CB0-400E-B959-10A42F723826}.Debug|x64.Build.0 = Debug|Any CPU
		{38EC777F-3CB0-400E-B959-10A42F723826}.Debug|x86.ActiveCfg = Debug|Any CPU
		{38EC777F-3CB0-400E-B959-10A42F723826}.Debug|x86.Build.0 = Debug|Any CPU
		{38EC777F-3CB0-400E-B959-10A42F723826}.Release|Any CPU.ActiveCfg = Release|Any CPU
		{38EC777F-3CB0-400E-B959-10A42F723826}.Release|Any CPU.Build.0 = Release|Any CPU
		{38EC777F-3CB0-400E-B959-10A42F723826}.Release|ARM.ActiveCfg = Release|Any CPU
		{38EC777F-3CB0-400E-B959-10A42F723826}.Release|ARM.Build.0 = Release|Any CPU
		{38EC777F-3CB0-400E-B959-10A42F723826}.Release|iPhone.ActiveCfg = Release|Any CPU
		{38EC777F-3CB0-400E-B959-10A42F723826}.Release|iPhone.Build.0 = Release|Any CPU
		{38EC777F-3CB0-400E-B959-10A42F723826}.Release|iPhoneSimulator.ActiveCfg = Release|Any CPU
		{38EC777F-3CB0-400E-B959-10A42F723826}.Release|iPhoneSimulator.Build.0 = Release|Any CPU
		{38EC777F-3CB0-400E-B959-10A42F723826}.Release|x64.ActiveCfg = Release|Any CPU
		{38EC777F-3CB0-400E-B959-10A42F723826}.Release|x64.Build.0 = Release|Any CPU
		{38EC777F-3CB0-400E-B959-10A42F723826}.Release|x86.ActiveCfg = Release|Any CPU
		{38EC777F-3CB0-400E-B959-10A42F723826}.Release|x86.Build.0 = Release|Any CPU
	EndGlobalSection
	GlobalSection(SolutionProperties) = preSolution
		HideSolutionNode = FALSE
	EndGlobalSection
	GlobalSection(ExtensibilityGlobals) = postSolution
		SolutionGuid = {B1F3901F-7C1E-47DB-A1A3-D77DD5443CB0}
	EndGlobalSection
EndGlobal
