
Microsoft Visual Studio Solution File, Format Version 12.00
# Visual Studio 15
VisualStudioVersion = 15.0.28307.1022
MinimumVisualStudioVersion = 10.0.40219.1
Project("{FAE04EC0-301F-11D3-BF4B-00C04F79EFBC}") = "Camellos_UI", "Camellos_UI\Camellos_UI.csproj", "{5511340D-F409-4C89-B52E-43B52BC6AB80}"
EndProject
Project("{FAE04EC0-301F-11D3-BF4B-00C04F79EFBC}") = "Camellos_Entities", "Camellos_Entities\Camellos_Entities.csproj", "{EA8199AF-79B1-48D3-8754-7113242DD853}"
EndProject
Project("{FAE04EC0-301F-11D3-BF4B-00C04F79EFBC}") = "Camellos_DAL", "Camellos_DAL\Camellos_DAL.csproj", "{41600775-FD84-4B67-9F6D-84E14BA8C12E}"
EndProject
Project("{FAE04EC0-301F-11D3-BF4B-00C04F79EFBC}") = "Camellos_BL", "Camellos_BL\Camellos_BL.csproj", "{8AC59652-ACF9-4825-85AE-B181BFF486EF}"
EndProject
Global
	GlobalSection(SolutionConfigurationPlatforms) = preSolution
		Debug|Any CPU = Debug|Any CPU
		Debug|ARM = Debug|ARM
		Debug|ARM64 = Debug|ARM64
		Debug|x64 = Debug|x64
		Debug|x86 = Debug|x86
		Release|Any CPU = Release|Any CPU
		Release|ARM = Release|ARM
		Release|ARM64 = Release|ARM64
		Release|x64 = Release|x64
		Release|x86 = Release|x86
	EndGlobalSection
	GlobalSection(ProjectConfigurationPlatforms) = postSolution
		{5511340D-F409-4C89-B52E-43B52BC6AB80}.Debug|Any CPU.ActiveCfg = Debug|x86
		{5511340D-F409-4C89-B52E-43B52BC6AB80}.Debug|ARM.ActiveCfg = Debug|ARM
		{5511340D-F409-4C89-B52E-43B52BC6AB80}.Debug|ARM.Build.0 = Debug|ARM
		{5511340D-F409-4C89-B52E-43B52BC6AB80}.Debug|ARM.Deploy.0 = Debug|ARM
		{5511340D-F409-4C89-B52E-43B52BC6AB80}.Debug|ARM64.ActiveCfg = Debug|ARM64
		{5511340D-F409-4C89-B52E-43B52BC6AB80}.Debug|ARM64.Build.0 = Debug|ARM64
		{5511340D-F409-4C89-B52E-43B52BC6AB80}.Debug|ARM64.Deploy.0 = Debug|ARM64
		{5511340D-F409-4C89-B52E-43B52BC6AB80}.Debug|x64.ActiveCfg = Debug|x64
		{5511340D-F409-4C89-B52E-43B52BC6AB80}.Debug|x64.Build.0 = Debug|x64
		{5511340D-F409-4C89-B52E-43B52BC6AB80}.Debug|x64.Deploy.0 = Debug|x64
		{5511340D-F409-4C89-B52E-43B52BC6AB80}.Debug|x86.ActiveCfg = Debug|x86
		{5511340D-F409-4C89-B52E-43B52BC6AB80}.Debug|x86.Build.0 = Debug|x86
		{5511340D-F409-4C89-B52E-43B52BC6AB80}.Debug|x86.Deploy.0 = Debug|x86
		{5511340D-F409-4C89-B52E-43B52BC6AB80}.Release|Any CPU.ActiveCfg = Release|x86
		{5511340D-F409-4C89-B52E-43B52BC6AB80}.Release|ARM.ActiveCfg = Release|ARM
		{5511340D-F409-4C89-B52E-43B52BC6AB80}.Release|ARM.Build.0 = Release|ARM
		{5511340D-F409-4C89-B52E-43B52BC6AB80}.Release|ARM.Deploy.0 = Release|ARM
		{5511340D-F409-4C89-B52E-43B52BC6AB80}.Release|ARM64.ActiveCfg = Release|ARM64
		{5511340D-F409-4C89-B52E-43B52BC6AB80}.Release|ARM64.Build.0 = Release|ARM64
		{5511340D-F409-4C89-B52E-43B52BC6AB80}.Release|ARM64.Deploy.0 = Release|ARM64
		{5511340D-F409-4C89-B52E-43B52BC6AB80}.Release|x64.ActiveCfg = Release|x64
		{5511340D-F409-4C89-B52E-43B52BC6AB80}.Release|x64.Build.0 = Release|x64
		{5511340D-F409-4C89-B52E-43B52BC6AB80}.Release|x64.Deploy.0 = Release|x64
		{5511340D-F409-4C89-B52E-43B52BC6AB80}.Release|x86.ActiveCfg = Release|x86
		{5511340D-F409-4C89-B52E-43B52BC6AB80}.Release|x86.Build.0 = Release|x86
		{5511340D-F409-4C89-B52E-43B52BC6AB80}.Release|x86.Deploy.0 = Release|x86
		{EA8199AF-79B1-48D3-8754-7113242DD853}.Debug|Any CPU.ActiveCfg = Debug|Any CPU
		{EA8199AF-79B1-48D3-8754-7113242DD853}.Debug|Any CPU.Build.0 = Debug|Any CPU
		{EA8199AF-79B1-48D3-8754-7113242DD853}.Debug|ARM.ActiveCfg = Debug|ARM
		{EA8199AF-79B1-48D3-8754-7113242DD853}.Debug|ARM.Build.0 = Debug|ARM
		{EA8199AF-79B1-48D3-8754-7113242DD853}.Debug|ARM64.ActiveCfg = Debug|ARM64
		{EA8199AF-79B1-48D3-8754-7113242DD853}.Debug|ARM64.Build.0 = Debug|ARM64
		{EA8199AF-79B1-48D3-8754-7113242DD853}.Debug|x64.ActiveCfg = Debug|x64
		{EA8199AF-79B1-48D3-8754-7113242DD853}.Debug|x64.Build.0 = Debug|x64
		{EA8199AF-79B1-48D3-8754-7113242DD853}.Debug|x86.ActiveCfg = Debug|x86
		{EA8199AF-79B1-48D3-8754-7113242DD853}.Debug|x86.Build.0 = Debug|x86
		{EA8199AF-79B1-48D3-8754-7113242DD853}.Release|Any CPU.ActiveCfg = Release|Any CPU
		{EA8199AF-79B1-48D3-8754-7113242DD853}.Release|Any CPU.Build.0 = Release|Any CPU
		{EA8199AF-79B1-48D3-8754-7113242DD853}.Release|ARM.ActiveCfg = Release|ARM
		{EA8199AF-79B1-48D3-8754-7113242DD853}.Release|ARM.Build.0 = Release|ARM
		{EA8199AF-79B1-48D3-8754-7113242DD853}.Release|ARM64.ActiveCfg = Release|ARM64
		{EA8199AF-79B1-48D3-8754-7113242DD853}.Release|ARM64.Build.0 = Release|ARM64
		{EA8199AF-79B1-48D3-8754-7113242DD853}.Release|x64.ActiveCfg = Release|x64
		{EA8199AF-79B1-48D3-8754-7113242DD853}.Release|x64.Build.0 = Release|x64
		{EA8199AF-79B1-48D3-8754-7113242DD853}.Release|x86.ActiveCfg = Release|x86
		{EA8199AF-79B1-48D3-8754-7113242DD853}.Release|x86.Build.0 = Release|x86
		{41600775-FD84-4B67-9F6D-84E14BA8C12E}.Debug|Any CPU.ActiveCfg = Debug|Any CPU
		{41600775-FD84-4B67-9F6D-84E14BA8C12E}.Debug|Any CPU.Build.0 = Debug|Any CPU
		{41600775-FD84-4B67-9F6D-84E14BA8C12E}.Debug|ARM.ActiveCfg = Debug|ARM
		{41600775-FD84-4B67-9F6D-84E14BA8C12E}.Debug|ARM.Build.0 = Debug|ARM
		{41600775-FD84-4B67-9F6D-84E14BA8C12E}.Debug|ARM64.ActiveCfg = Debug|ARM64
		{41600775-FD84-4B67-9F6D-84E14BA8C12E}.Debug|ARM64.Build.0 = Debug|ARM64
		{41600775-FD84-4B67-9F6D-84E14BA8C12E}.Debug|x64.ActiveCfg = Debug|x64
		{41600775-FD84-4B67-9F6D-84E14BA8C12E}.Debug|x64.Build.0 = Debug|x64
		{41600775-FD84-4B67-9F6D-84E14BA8C12E}.Debug|x86.ActiveCfg = Debug|x86
		{41600775-FD84-4B67-9F6D-84E14BA8C12E}.Debug|x86.Build.0 = Debug|x86
		{41600775-FD84-4B67-9F6D-84E14BA8C12E}.Release|Any CPU.ActiveCfg = Release|Any CPU
		{41600775-FD84-4B67-9F6D-84E14BA8C12E}.Release|Any CPU.Build.0 = Release|Any CPU
		{41600775-FD84-4B67-9F6D-84E14BA8C12E}.Release|ARM.ActiveCfg = Release|ARM
		{41600775-FD84-4B67-9F6D-84E14BA8C12E}.Release|ARM.Build.0 = Release|ARM
		{41600775-FD84-4B67-9F6D-84E14BA8C12E}.Release|ARM64.ActiveCfg = Release|ARM64
		{41600775-FD84-4B67-9F6D-84E14BA8C12E}.Release|ARM64.Build.0 = Release|ARM64
		{41600775-FD84-4B67-9F6D-84E14BA8C12E}.Release|x64.ActiveCfg = Release|x64
		{41600775-FD84-4B67-9F6D-84E14BA8C12E}.Release|x64.Build.0 = Release|x64
		{41600775-FD84-4B67-9F6D-84E14BA8C12E}.Release|x86.ActiveCfg = Release|x86
		{41600775-FD84-4B67-9F6D-84E14BA8C12E}.Release|x86.Build.0 = Release|x86
		{8AC59652-ACF9-4825-85AE-B181BFF486EF}.Debug|Any CPU.ActiveCfg = Debug|Any CPU
		{8AC59652-ACF9-4825-85AE-B181BFF486EF}.Debug|Any CPU.Build.0 = Debug|Any CPU
		{8AC59652-ACF9-4825-85AE-B181BFF486EF}.Debug|ARM.ActiveCfg = Debug|ARM
		{8AC59652-ACF9-4825-85AE-B181BFF486EF}.Debug|ARM.Build.0 = Debug|ARM
		{8AC59652-ACF9-4825-85AE-B181BFF486EF}.Debug|ARM64.ActiveCfg = Debug|ARM64
		{8AC59652-ACF9-4825-85AE-B181BFF486EF}.Debug|ARM64.Build.0 = Debug|ARM64
		{8AC59652-ACF9-4825-85AE-B181BFF486EF}.Debug|x64.ActiveCfg = Debug|x64
		{8AC59652-ACF9-4825-85AE-B181BFF486EF}.Debug|x64.Build.0 = Debug|x64
		{8AC59652-ACF9-4825-85AE-B181BFF486EF}.Debug|x86.ActiveCfg = Debug|x86
		{8AC59652-ACF9-4825-85AE-B181BFF486EF}.Debug|x86.Build.0 = Debug|x86
		{8AC59652-ACF9-4825-85AE-B181BFF486EF}.Release|Any CPU.ActiveCfg = Release|Any CPU
		{8AC59652-ACF9-4825-85AE-B181BFF486EF}.Release|Any CPU.Build.0 = Release|Any CPU
		{8AC59652-ACF9-4825-85AE-B181BFF486EF}.Release|ARM.ActiveCfg = Release|ARM
		{8AC59652-ACF9-4825-85AE-B181BFF486EF}.Release|ARM.Build.0 = Release|ARM
		{8AC59652-ACF9-4825-85AE-B181BFF486EF}.Release|ARM64.ActiveCfg = Release|ARM64
		{8AC59652-ACF9-4825-85AE-B181BFF486EF}.Release|ARM64.Build.0 = Release|ARM64
		{8AC59652-ACF9-4825-85AE-B181BFF486EF}.Release|x64.ActiveCfg = Release|x64
		{8AC59652-ACF9-4825-85AE-B181BFF486EF}.Release|x64.Build.0 = Release|x64
		{8AC59652-ACF9-4825-85AE-B181BFF486EF}.Release|x86.ActiveCfg = Release|x86
		{8AC59652-ACF9-4825-85AE-B181BFF486EF}.Release|x86.Build.0 = Release|x86
	EndGlobalSection
	GlobalSection(SolutionProperties) = preSolution
		HideSolutionNode = FALSE
	EndGlobalSection
	GlobalSection(ExtensibilityGlobals) = postSolution
		SolutionGuid = {D233E6BE-D1F3-430D-8ECE-BECBE41844FB}
	EndGlobalSection
EndGlobal
