
Microsoft Visual Studio Solution File, Format Version 12.00
# Visual Studio 15
VisualStudioVersion = 15.0.28307.852
MinimumVisualStudioVersion = 10.0.40219.1
Project("{FAE04EC0-301F-11D3-BF4B-00C04F79EFBC}") = "13-Ej2Binding", "13-Ej2Binding\13-Ej2Binding.csproj", "{CE46F065-434D-4971-910A-3ECA243F360D}"
EndProject
Global
	GlobalSection(SolutionConfigurationPlatforms) = preSolution
		Debug|ARM = Debug|ARM
		Debug|ARM64 = Debug|ARM64
		Debug|x64 = Debug|x64
		Debug|x86 = Debug|x86
		Release|ARM = Release|ARM
		Release|ARM64 = Release|ARM64
		Release|x64 = Release|x64
		Release|x86 = Release|x86
	EndGlobalSection
	GlobalSection(ProjectConfigurationPlatforms) = postSolution
		{CE46F065-434D-4971-910A-3ECA243F360D}.Debug|ARM.ActiveCfg = Debug|ARM
		{CE46F065-434D-4971-910A-3ECA243F360D}.Debug|ARM.Build.0 = Debug|ARM
		{CE46F065-434D-4971-910A-3ECA243F360D}.Debug|ARM.Deploy.0 = Debug|ARM
		{CE46F065-434D-4971-910A-3ECA243F360D}.Debug|ARM64.ActiveCfg = Debug|ARM64
		{CE46F065-434D-4971-910A-3ECA243F360D}.Debug|ARM64.Build.0 = Debug|ARM64
		{CE46F065-434D-4971-910A-3ECA243F360D}.Debug|ARM64.Deploy.0 = Debug|ARM64
		{CE46F065-434D-4971-910A-3ECA243F360D}.Debug|x64.ActiveCfg = Debug|x64
		{CE46F065-434D-4971-910A-3ECA243F360D}.Debug|x64.Build.0 = Debug|x64
		{CE46F065-434D-4971-910A-3ECA243F360D}.Debug|x64.Deploy.0 = Debug|x64
		{CE46F065-434D-4971-910A-3ECA243F360D}.Debug|x86.ActiveCfg = Debug|x86
		{CE46F065-434D-4971-910A-3ECA243F360D}.Debug|x86.Build.0 = Debug|x86
		{CE46F065-434D-4971-910A-3ECA243F360D}.Debug|x86.Deploy.0 = Debug|x86
		{CE46F065-434D-4971-910A-3ECA243F360D}.Release|ARM.ActiveCfg = Release|ARM
		{CE46F065-434D-4971-910A-3ECA243F360D}.Release|ARM.Build.0 = Release|ARM
		{CE46F065-434D-4971-910A-3ECA243F360D}.Release|ARM.Deploy.0 = Release|ARM
		{CE46F065-434D-4971-910A-3ECA243F360D}.Release|ARM64.ActiveCfg = Release|ARM64
		{CE46F065-434D-4971-910A-3ECA243F360D}.Release|ARM64.Build.0 = Release|ARM64
		{CE46F065-434D-4971-910A-3ECA243F360D}.Release|ARM64.Deploy.0 = Release|ARM64
		{CE46F065-434D-4971-910A-3ECA243F360D}.Release|x64.ActiveCfg = Release|x64
		{CE46F065-434D-4971-910A-3ECA243F360D}.Release|x64.Build.0 = Release|x64
		{CE46F065-434D-4971-910A-3ECA243F360D}.Release|x64.Deploy.0 = Release|x64
		{CE46F065-434D-4971-910A-3ECA243F360D}.Release|x86.ActiveCfg = Release|x86
		{CE46F065-434D-4971-910A-3ECA243F360D}.Release|x86.Build.0 = Release|x86
		{CE46F065-434D-4971-910A-3ECA243F360D}.Release|x86.Deploy.0 = Release|x86
	EndGlobalSection
	GlobalSection(SolutionProperties) = preSolution
		HideSolutionNode = FALSE
	EndGlobalSection
	GlobalSection(ExtensibilityGlobals) = postSolution
		SolutionGuid = {EBF16DA9-83E5-49BF-8C6E-D8396A8F6322}
	EndGlobalSection
EndGlobal
