
Microsoft Visual Studio Solution File, Format Version 12.00
# Visual Studio 15
VisualStudioVersion = 15.0.28307.852
MinimumVisualStudioVersion = 10.0.40219.1
Project("{FAE04EC0-301F-11D3-BF4B-00C04F79EFBC}") = "TextoNarrador", "TextoNarrador\TextoNarrador.csproj", "{498BC45B-93A0-483F-A48C-193A59A5E47A}"
EndProject
Global
	GlobalSection(SolutionConfigurationPlatforms) = preSolution
		Debug|Any CPU = Debug|Any CPU
		Release|Any CPU = Release|Any CPU
	EndGlobalSection
	GlobalSection(ProjectConfigurationPlatforms) = postSolution
		{498BC45B-93A0-483F-A48C-193A59A5E47A}.Debug|Any CPU.ActiveCfg = Debug|Any CPU
		{498BC45B-93A0-483F-A48C-193A59A5E47A}.Debug|Any CPU.Build.0 = Debug|Any CPU
		{498BC45B-93A0-483F-A48C-193A59A5E47A}.Release|Any CPU.ActiveCfg = Release|Any CPU
		{498BC45B-93A0-483F-A48C-193A59A5E47A}.Release|Any CPU.Build.0 = Release|Any CPU
	EndGlobalSection
	GlobalSection(SolutionProperties) = preSolution
		HideSolutionNode = FALSE
	EndGlobalSection
	GlobalSection(ExtensibilityGlobals) = postSolution
		SolutionGuid = {0CA636CE-A258-4E28-8104-72A91371047C}
	EndGlobalSection
EndGlobal
